// !$*UTF8*$!
{
	archiveVersion = 1;
	classes = {
	};
	objectVersion = 46;
	objects = {

/* Begin PBXBuildFile section */
		227F2DF413CEB99400E2805E /* AGOrientedTableView.m in Sources */ = {isa = PBXBuildFile; fileRef = 227F2DF313CEB99400E2805E /* AGOrientedTableView.m */; };
		A90DE57C13A1B62F0005FE6A /* NMAVQueuePlayer.m in Sources */ = {isa = PBXBuildFile; fileRef = A90DE57B13A1B62F0005FE6A /* NMAVQueuePlayer.m */; };
		A91BC92013AEE87D0039C0F4 /* user_placeholder_image.png in Resources */ = {isa = PBXBuildFile; fileRef = A91BC91F13AEE87D0039C0F4 /* user_placeholder_image.png */; };
		A91BC93213AFEAEA0039C0F4 /* PanelVideoContainerView.m in Sources */ = {isa = PBXBuildFile; fileRef = A91BC93113AFEAEA0039C0F4 /* PanelVideoContainerView.m */; };
		A9250141134385BF001759F5 /* UIKit.framework in Frameworks */ = {isa = PBXBuildFile; fileRef = A9250140134385BF001759F5 /* UIKit.framework */; };
		A9250143134385BF001759F5 /* Foundation.framework in Frameworks */ = {isa = PBXBuildFile; fileRef = A9250142134385BF001759F5 /* Foundation.framework */; };
		A9250145134385BF001759F5 /* CoreGraphics.framework in Frameworks */ = {isa = PBXBuildFile; fileRef = A9250144134385BF001759F5 /* CoreGraphics.framework */; };
		A925014B134385BF001759F5 /* InfoPlist.strings in Resources */ = {isa = PBXBuildFile; fileRef = A9250149134385BF001759F5 /* InfoPlist.strings */; };
		A925014E134385BF001759F5 /* main.m in Sources */ = {isa = PBXBuildFile; fileRef = A925014D134385BF001759F5 /* main.m */; };
		A9250151134385BF001759F5 /* ipadAppDelegate.m in Sources */ = {isa = PBXBuildFile; fileRef = A9250150134385BF001759F5 /* ipadAppDelegate.m */; };
		A9250154134385BF001759F5 /* MainWindow.xib in Resources */ = {isa = PBXBuildFile; fileRef = A9250152134385BF001759F5 /* MainWindow.xib */; };
		A9250161134385BF001759F5 /* UIKit.framework in Frameworks */ = {isa = PBXBuildFile; fileRef = A9250140134385BF001759F5 /* UIKit.framework */; };
		A9250162134385BF001759F5 /* Foundation.framework in Frameworks */ = {isa = PBXBuildFile; fileRef = A9250142134385BF001759F5 /* Foundation.framework */; };
		A9250163134385BF001759F5 /* CoreGraphics.framework in Frameworks */ = {isa = PBXBuildFile; fileRef = A9250144134385BF001759F5 /* CoreGraphics.framework */; };
		A925016B134385BF001759F5 /* InfoPlist.strings in Resources */ = {isa = PBXBuildFile; fileRef = A9250169134385BF001759F5 /* InfoPlist.strings */; };
		A925016E134385BF001759F5 /* ipadTests.h in Resources */ = {isa = PBXBuildFile; fileRef = A925016D134385BF001759F5 /* ipadTests.h */; };
		A9250170134385BF001759F5 /* ipadTests.m in Sources */ = {isa = PBXBuildFile; fileRef = A925016F134385BF001759F5 /* ipadTests.m */; };
		A92B4DC913B5DD4D0008D8D0 /* ChannelContainerView.m in Sources */ = {isa = PBXBuildFile; fileRef = A92B4DC813B5DD4D0008D8D0 /* ChannelContainerView.m */; };
		A92BDA2513B431C500B846DF /* youtube_logo_36.png in Resources */ = {isa = PBXBuildFile; fileRef = A92BDA2413B431C500B846DF /* youtube_logo_36.png */; };
		A93584CF139EE96D0009A264 /* ChannelPanelView.xib in Resources */ = {isa = PBXBuildFile; fileRef = A93584CE139EE96D0009A264 /* ChannelPanelView.xib */; };
		A9398C1D13D41B31005E3CB0 /* social-facebook.png in Resources */ = {isa = PBXBuildFile; fileRef = A9398C1913D41B31005E3CB0 /* social-facebook.png */; };
		A9398C1E13D41B31005E3CB0 /* social-twitter.png in Resources */ = {isa = PBXBuildFile; fileRef = A9398C1A13D41B31005E3CB0 /* social-twitter.png */; };
		A9398C1F13D41B31005E3CB0 /* social-vimeo.png in Resources */ = {isa = PBXBuildFile; fileRef = A9398C1B13D41B31005E3CB0 /* social-vimeo.png */; };
		A9398C2013D41B31005E3CB0 /* social-youtube.png in Resources */ = {isa = PBXBuildFile; fileRef = A9398C1C13D41B31005E3CB0 /* social-youtube.png */; };
		A9398C2713D4290D005E3CB0 /* toolbar-expand-active.png in Resources */ = {isa = PBXBuildFile; fileRef = A9398C2613D4290D005E3CB0 /* toolbar-expand-active.png */; };
		A941BD9413A41EA800BB3BE0 /* NMAVPlayerItem.m in Sources */ = {isa = PBXBuildFile; fileRef = A941BD9313A41EA800BB3BE0 /* NMAVPlayerItem.m */; };
		A941BD9613A47E7300BB3BE0 /* AVFoundation.framework in Frameworks */ = {isa = PBXBuildFile; fileRef = A97050CF134398DD0022BF2C /* AVFoundation.framework */; };
		A941BD9713A47E7900BB3BE0 /* CoreMedia.framework in Frameworks */ = {isa = PBXBuildFile; fileRef = A97050D313439B540022BF2C /* CoreMedia.framework */; };
		A94D67F813A2A768003FC68F /* VideoPlaybackModelController.m in Sources */ = {isa = PBXBuildFile; fileRef = A94D67F713A2A768003FC68F /* VideoPlaybackModelController.m */; };
		A94D680013A2ED33003FC68F /* UIKit.framework in Frameworks */ = {isa = PBXBuildFile; fileRef = A9250140134385BF001759F5 /* UIKit.framework */; };
		A94D680113A2ED33003FC68F /* Foundation.framework in Frameworks */ = {isa = PBXBuildFile; fileRef = A9250142134385BF001759F5 /* Foundation.framework */; };
		A94D680213A2ED33003FC68F /* CoreGraphics.framework in Frameworks */ = {isa = PBXBuildFile; fileRef = A9250144134385BF001759F5 /* CoreGraphics.framework */; };
		A94D680813A2ED33003FC68F /* InfoPlist.strings in Resources */ = {isa = PBXBuildFile; fileRef = A94D680613A2ED33003FC68F /* InfoPlist.strings */; };
		A94D680B13A2ED33003FC68F /* TestVideoPlaybackModelController.h in Resources */ = {isa = PBXBuildFile; fileRef = A94D680A13A2ED33003FC68F /* TestVideoPlaybackModelController.h */; };
		A94D680D13A2ED33003FC68F /* TestVideoPlaybackModelController.m in Sources */ = {isa = PBXBuildFile; fileRef = A94D680C13A2ED33003FC68F /* TestVideoPlaybackModelController.m */; };
		A94D681313A2EEF4003FC68F /* NMAVQueuePlayer.m in Sources */ = {isa = PBXBuildFile; fileRef = A90DE57B13A1B62F0005FE6A /* NMAVQueuePlayer.m */; };
		A94D681713A2EEF4003FC68F /* VideoPlaybackModelController.m in Sources */ = {isa = PBXBuildFile; fileRef = A94D67F713A2A768003FC68F /* VideoPlaybackModelController.m */; };
		A94D681913A2EEFF003FC68F /* NMGetChannelsTask.m in Sources */ = {isa = PBXBuildFile; fileRef = A970504C13438F860022BF2C /* NMGetChannelsTask.m */; };
		A94D681B13A2EEFF003FC68F /* NMGetChannelVideoListTask.m in Sources */ = {isa = PBXBuildFile; fileRef = A970504E13438F860022BF2C /* NMGetChannelVideoListTask.m */; };
		A94D681D13A2EEFF003FC68F /* NMRefreshChannelVideoListTask.m in Sources */ = {isa = PBXBuildFile; fileRef = A98154A7137E1607001FADB4 /* NMRefreshChannelVideoListTask.m */; };
		A94D682313A2EF00003FC68F /* NMGetVimeoDirectURLTask.m in Sources */ = {isa = PBXBuildFile; fileRef = A970505613438F860022BF2C /* NMGetVimeoDirectURLTask.m */; };
		A94D682513A2EF00003FC68F /* NMGetYouTubeDirectURLTask.m in Sources */ = {isa = PBXBuildFile; fileRef = A970505813438F860022BF2C /* NMGetYouTubeDirectURLTask.m */; };
		A94D682713A2EF00003FC68F /* NMTask.m in Sources */ = {isa = PBXBuildFile; fileRef = A970505A13438F860022BF2C /* NMTask.m */; };
		A94D682A13A2EF00003FC68F /* NMEventTask.m in Sources */ = {isa = PBXBuildFile; fileRef = A9B19640134C6B0B00CA17A0 /* NMEventTask.m */; };
		A94D682C13A2EF00003FC68F /* NMImageDownloadTask.m in Sources */ = {isa = PBXBuildFile; fileRef = A9ECD613135E9703004B7F78 /* NMImageDownloadTask.m */; };
		A94D682D13A2EF2E003FC68F /* JSONKit.m in Sources */ = {isa = PBXBuildFile; fileRef = A970504113438F860022BF2C /* JSONKit.m */; };
		A94D682E13A2EF2E003FC68F /* NMDataController.m in Sources */ = {isa = PBXBuildFile; fileRef = A970504313438F860022BF2C /* NMDataController.m */; };
		A94D682F13A2EF2E003FC68F /* NMCacheController.m in Sources */ = {isa = PBXBuildFile; fileRef = A9ECD60F135E9611004B7F78 /* NMCacheController.m */; };
		A94D683013A2EF2E003FC68F /* NMNetworkController.m in Sources */ = {isa = PBXBuildFile; fileRef = A970504713438F860022BF2C /* NMNetworkController.m */; };
		A94D683113A2EF2E003FC68F /* NMTaskQueueController.m in Sources */ = {isa = PBXBuildFile; fileRef = A970504913438F860022BF2C /* NMTaskQueueController.m */; };
		A94D683F13A2F63E003FC68F /* TestData.sqlite in Resources */ = {isa = PBXBuildFile; fileRef = A94D683E13A2F63E003FC68F /* TestData.sqlite */; };
		A951453413AB014900327288 /* play.png in Resources */ = {isa = PBXBuildFile; fileRef = A951453313AB014900327288 /* play.png */; };
		A951453F13AB07D600327288 /* demo_progress_bright_side.png in Resources */ = {isa = PBXBuildFile; fileRef = A951453C13AB07D500327288 /* demo_progress_bright_side.png */; };
		A951454013AB07D600327288 /* demo_progress_dark_side.png in Resources */ = {isa = PBXBuildFile; fileRef = A951453D13AB07D500327288 /* demo_progress_dark_side.png */; };
		A951454113AB07D600327288 /* demo_progress_nub.png in Resources */ = {isa = PBXBuildFile; fileRef = A951453E13AB07D500327288 /* demo_progress_nub.png */; };
		A951454313AB1E0500327288 /* nowmov-eye-transparent.png in Resources */ = {isa = PBXBuildFile; fileRef = A951454213AB1E0500327288 /* nowmov-eye-transparent.png */; };
		A953ED4E134CB9F100372F48 /* VideoControlView.xib in Resources */ = {isa = PBXBuildFile; fileRef = A953ED4D134CB9F100372F48 /* VideoControlView.xib */; };
		A962DD5E13A82552004CC111 /* MovieDetailInfoView.xib in Resources */ = {isa = PBXBuildFile; fileRef = A962DD5D13A82552004CC111 /* MovieDetailInfoView.xib */; };
		A962DD7213A82D3A004CC111 /* NMMovieDetailView.m in Sources */ = {isa = PBXBuildFile; fileRef = A962DD7113A82D3A004CC111 /* NMMovieDetailView.m */; };
		A970506A13438F860022BF2C /* SocialSignInViewController.m in Sources */ = {isa = PBXBuildFile; fileRef = A970501513438F860022BF2C /* SocialSignInViewController.m */; };
		A970506B13438F860022BF2C /* VideoPlaybackViewController.m in Sources */ = {isa = PBXBuildFile; fileRef = A970501713438F860022BF2C /* VideoPlaybackViewController.m */; };
		A970508513438F860022BF2C /* Icon.png in Resources */ = {isa = PBXBuildFile; fileRef = A970503213438F860022BF2C /* Icon.png */; };
		A970508C13438F860022BF2C /* NMChannel.m in Sources */ = {isa = PBXBuildFile; fileRef = A970503B13438F860022BF2C /* NMChannel.m */; };
		A970508D13438F860022BF2C /* NMVideo.m in Sources */ = {isa = PBXBuildFile; fileRef = A970503D13438F860022BF2C /* NMVideo.m */; };
		A970508E13438F860022BF2C /* Nowmov.xcdatamodel in Sources */ = {isa = PBXBuildFile; fileRef = A970503E13438F860022BF2C /* Nowmov.xcdatamodel */; };
		A970509B13438F860022BF2C /* SocialSignInView.xib in Resources */ = {isa = PBXBuildFile; fileRef = A970505C13438F860022BF2C /* SocialSignInView.xib */; };
		A970509C13438F860022BF2C /* VideoPlaybackView.xib in Resources */ = {isa = PBXBuildFile; fileRef = A970505D13438F860022BF2C /* VideoPlaybackView.xib */; };
		A97050A4134392FA0022BF2C /* CoreData.framework in Frameworks */ = {isa = PBXBuildFile; fileRef = A97050A3134392FA0022BF2C /* CoreData.framework */; };
		A97050D0134398DD0022BF2C /* AVFoundation.framework in Frameworks */ = {isa = PBXBuildFile; fileRef = A97050CF134398DD0022BF2C /* AVFoundation.framework */; };
		A97050D2134399050022BF2C /* QuartzCore.framework in Frameworks */ = {isa = PBXBuildFile; fileRef = A97050D1134399050022BF2C /* QuartzCore.framework */; };
		A97050D413439B540022BF2C /* CoreMedia.framework in Frameworks */ = {isa = PBXBuildFile; fileRef = A97050D313439B540022BF2C /* CoreMedia.framework */; };
		A973AC2713AAFAD90050025B /* NMChannelPanelView.m in Sources */ = {isa = PBXBuildFile; fileRef = A973AC2613AAFAD90050025B /* NMChannelPanelView.m */; };
		A9758C4D13BD4FBC000503A5 /* NMMovieBackgroundView.m in Sources */ = {isa = PBXBuildFile; fileRef = A9758C4C13BD4FBC000503A5 /* NMMovieBackgroundView.m */; };
		A9776A4113AAEBDC004FA2F3 /* channel-expand.png in Resources */ = {isa = PBXBuildFile; fileRef = A9776A3F13AAEBDC004FA2F3 /* channel-expand.png */; };
		A9776A4213AAEBDC004FA2F3 /* channel-search-button.png in Resources */ = {isa = PBXBuildFile; fileRef = A9776A4013AAEBDC004FA2F3 /* channel-search-button.png */; };
		A9776A4913AAF0AF004FA2F3 /* fullscreen.png in Resources */ = {isa = PBXBuildFile; fileRef = A9776A4413AAF0AF004FA2F3 /* fullscreen.png */; };
		A9776A4A13AAF0AF004FA2F3 /* heart.png in Resources */ = {isa = PBXBuildFile; fileRef = A9776A4513AAF0AF004FA2F3 /* heart.png */; };
		A9776A4B13AAF0AF004FA2F3 /* pause.png in Resources */ = {isa = PBXBuildFile; fileRef = A9776A4613AAF0AF004FA2F3 /* pause.png */; };
		A9776A4C13AAF0AF004FA2F3 /* twitter-icon.png in Resources */ = {isa = PBXBuildFile; fileRef = A9776A4713AAF0AF004FA2F3 /* twitter-icon.png */; };
		A97E238013A6E8F400EBA5EE /* ChannelPanelController.m in Sources */ = {isa = PBXBuildFile; fileRef = A97E237F13A6E8F400EBA5EE /* ChannelPanelController.m */; };
		A98C241513D38C040061A594 /* button-like-active.png in Resources */ = {isa = PBXBuildFile; fileRef = A98C241113D38C030061A594 /* button-like-active.png */; };
		A98C241613D38C040061A594 /* button-like.png in Resources */ = {isa = PBXBuildFile; fileRef = A98C241213D38C030061A594 /* button-like.png */; };
		A98C241713D38C040061A594 /* button-watch-later-active.png in Resources */ = {isa = PBXBuildFile; fileRef = A98C241313D38C030061A594 /* button-watch-later-active.png */; };
		A98C241813D38C040061A594 /* button-watch-later.png in Resources */ = {isa = PBXBuildFile; fileRef = A98C241413D38C030061A594 /* button-watch-later.png */; };
		A98C241B13D38C3C0061A594 /* channel-toolbar-background.png in Resources */ = {isa = PBXBuildFile; fileRef = A98C241A13D38C3C0061A594 /* channel-toolbar-background.png */; };
		A98C241D13D399D70061A594 /* ribbon.png in Resources */ = {isa = PBXBuildFile; fileRef = A98C241C13D399D70061A594 /* ribbon.png */; };
		A994523913A734B600B117E2 /* LaunchViewController.m in Sources */ = {isa = PBXBuildFile; fileRef = A994523813A734B600B117E2 /* LaunchViewController.m */; };
		A9976EFD13BB355200B06DFF /* Foundation.framework in Frameworks */ = {isa = PBXBuildFile; fileRef = A9250142134385BF001759F5 /* Foundation.framework */; };
		A9976F0613BB35AD00B06DFF /* JSONKit.m in Sources */ = {isa = PBXBuildFile; fileRef = A970504113438F860022BF2C /* JSONKit.m */; };
		A9976F0713BB35AD00B06DFF /* NMDataController.m in Sources */ = {isa = PBXBuildFile; fileRef = A970504313438F860022BF2C /* NMDataController.m */; };
		A9976F0813BB35AD00B06DFF /* NMCacheController.m in Sources */ = {isa = PBXBuildFile; fileRef = A9ECD60F135E9611004B7F78 /* NMCacheController.m */; };
		A9976F0913BB35AD00B06DFF /* NMNetworkController.m in Sources */ = {isa = PBXBuildFile; fileRef = A970504713438F860022BF2C /* NMNetworkController.m */; };
		A9976F0A13BB35AD00B06DFF /* NMTaskQueueController.m in Sources */ = {isa = PBXBuildFile; fileRef = A970504913438F860022BF2C /* NMTaskQueueController.m */; };
		A9976F0B13BB35AD00B06DFF /* NMGetChannelsTask.m in Sources */ = {isa = PBXBuildFile; fileRef = A970504C13438F860022BF2C /* NMGetChannelsTask.m */; };
		A9976F0C13BB35AD00B06DFF /* NMGetChannelVideoListTask.m in Sources */ = {isa = PBXBuildFile; fileRef = A970504E13438F860022BF2C /* NMGetChannelVideoListTask.m */; };
		A9976F0D13BB35AD00B06DFF /* NMRefreshChannelVideoListTask.m in Sources */ = {isa = PBXBuildFile; fileRef = A98154A7137E1607001FADB4 /* NMRefreshChannelVideoListTask.m */; };
		A9976F0E13BB35AD00B06DFF /* NMGetVimeoDirectURLTask.m in Sources */ = {isa = PBXBuildFile; fileRef = A970505613438F860022BF2C /* NMGetVimeoDirectURLTask.m */; };
		A9976F0F13BB35AD00B06DFF /* NMGetYouTubeDirectURLTask.m in Sources */ = {isa = PBXBuildFile; fileRef = A970505813438F860022BF2C /* NMGetYouTubeDirectURLTask.m */; };
		A9976F1013BB35AD00B06DFF /* NMTask.m in Sources */ = {isa = PBXBuildFile; fileRef = A970505A13438F860022BF2C /* NMTask.m */; };
		A9976F1113BB35AD00B06DFF /* NMEventTask.m in Sources */ = {isa = PBXBuildFile; fileRef = A9B19640134C6B0B00CA17A0 /* NMEventTask.m */; };
		A9976F1213BB35AD00B06DFF /* NMImageDownloadTask.m in Sources */ = {isa = PBXBuildFile; fileRef = A9ECD613135E9703004B7F78 /* NMImageDownloadTask.m */; };
		A9976F1E13BB360200B06DFF /* CoreData.framework in Frameworks */ = {isa = PBXBuildFile; fileRef = A97050A3134392FA0022BF2C /* CoreData.framework */; };
		A9976F1F13BB366300B06DFF /* CoreGraphics.framework in Frameworks */ = {isa = PBXBuildFile; fileRef = A9250144134385BF001759F5 /* CoreGraphics.framework */; };
		A9976F2213BB388000B06DFF /* NMMovieView.m in Sources */ = {isa = PBXBuildFile; fileRef = A970506413438F860022BF2C /* NMMovieView.m */; };
		A9976F2313BB38BE00B06DFF /* libNMLibrary.a in Frameworks */ = {isa = PBXBuildFile; fileRef = A9976EFC13BB355200B06DFF /* libNMLibrary.a */; };
		A9976F2413BB3A2800B06DFF /* NMControlsView.m in Sources */ = {isa = PBXBuildFile; fileRef = A970506213438F860022BF2C /* NMControlsView.m */; };
		A99BA0AA13A7540B0010F202 /* VideoRowController.m in Sources */ = {isa = PBXBuildFile; fileRef = A99BA0A913A7540B0010F202 /* VideoRowController.m */; };
		A9A73FA513A73A3D005D9013 /* LaunchView.xib in Resources */ = {isa = PBXBuildFile; fileRef = A9A73FA413A73A3D005D9013 /* LaunchView.xib */; };
		A9B3EE6F13B91C340058E114 /* NMVideoDetail.m in Sources */ = {isa = PBXBuildFile; fileRef = A9B3EE6E13B91C330058E114 /* NMVideoDetail.m */; };
		A9C2788B13BABC920024DCB2 /* channel-shadow-background.png in Resources */ = {isa = PBXBuildFile; fileRef = A9C2788A13BABC920024DCB2 /* channel-shadow-background.png */; };
		A9C2788E13BAC1700024DCB2 /* channel-background.png in Resources */ = {isa = PBXBuildFile; fileRef = A9C2788D13BAC1700024DCB2 /* channel-background.png */; };
		A9D9EE1E13AABEB0009ABBEA /* NMStyleUtility.m in Sources */ = {isa = PBXBuildFile; fileRef = A9D9EE1D13AABEB0009ABBEA /* NMStyleUtility.m */; };
		A9DB20C91348B8830018AA4A /* SystemConfiguration.framework in Frameworks */ = {isa = PBXBuildFile; fileRef = A9DB20C81348B8830018AA4A /* SystemConfiguration.framework */; };
		A9DB20CC1348B8990018AA4A /* MessageUI.framework in Frameworks */ = {isa = PBXBuildFile; fileRef = A9DB20CA1348B8980018AA4A /* MessageUI.framework */; };
		A9DB20CD1348B8990018AA4A /* Security.framework in Frameworks */ = {isa = PBXBuildFile; fileRef = A9DB20CB1348B8990018AA4A /* Security.framework */; };
		A9F4966113D2E83400A56F50 /* playback_background_pattern.png in Resources */ = {isa = PBXBuildFile; fileRef = A9F4966013D2E83400A56F50 /* playback_background_pattern.png */; };
		A9F4966313D2EE5900A56F50 /* playback_video_shadow.png in Resources */ = {isa = PBXBuildFile; fileRef = A9F4966213D2EE5900A56F50 /* playback_video_shadow.png */; };
		A9FEF57B13D3D8C50094514C /* channel-video-background.png in Resources */ = {isa = PBXBuildFile; fileRef = A9FEF57A13D3D8C50094514C /* channel-video-background.png */; };
		A9FEF58213D411E50094514C /* toolbar-channel-management-active.png in Resources */ = {isa = PBXBuildFile; fileRef = A9FEF57C13D411E50094514C /* toolbar-channel-management-active.png */; };
		A9FEF58313D411E50094514C /* toolbar-channel-management.png in Resources */ = {isa = PBXBuildFile; fileRef = A9FEF57D13D411E50094514C /* toolbar-channel-management.png */; };
		A9FEF58413D411E50094514C /* toolbar-filter-active.png in Resources */ = {isa = PBXBuildFile; fileRef = A9FEF57E13D411E50094514C /* toolbar-filter-active.png */; };
		A9FEF58513D411E50094514C /* toolbar-filter.png in Resources */ = {isa = PBXBuildFile; fileRef = A9FEF57F13D411E50094514C /* toolbar-filter.png */; };
		A9FEF58613D411E50094514C /* toolbar-settings-active.png in Resources */ = {isa = PBXBuildFile; fileRef = A9FEF58013D411E50094514C /* toolbar-settings-active.png */; };
		A9FEF58713D411E50094514C /* toolbar-settings.png in Resources */ = {isa = PBXBuildFile; fileRef = A9FEF58113D411E50094514C /* toolbar-settings.png */; };
		A9FEF58913D413CC0094514C /* toolbar-vertical-separator.png in Resources */ = {isa = PBXBuildFile; fileRef = A9FEF58813D413CC0094514C /* toolbar-vertical-separator.png */; };
		A9FEF58B13D416C40094514C /* toolbar-expand.png in Resources */ = {isa = PBXBuildFile; fileRef = A9FEF58A13D416C40094514C /* toolbar-expand.png */; };
/* End PBXBuildFile section */

/* Begin PBXContainerItemProxy section */
		A9250164134385BF001759F5 /* PBXContainerItemProxy */ = {
			isa = PBXContainerItemProxy;
			containerPortal = A9250133134385BF001759F5 /* Project object */;
			proxyType = 1;
			remoteGlobalIDString = A925013B134385BF001759F5;
			remoteInfo = ipad;
		};
		A9976F2013BB380600B06DFF /* PBXContainerItemProxy */ = {
			isa = PBXContainerItemProxy;
			containerPortal = A9250133134385BF001759F5 /* Project object */;
			proxyType = 1;
			remoteGlobalIDString = A9976EFB13BB355200B06DFF;
			remoteInfo = NMLibrary;
		};
/* End PBXContainerItemProxy section */

/* Begin PBXFileReference section */
		227F2DF213CEB99400E2805E /* AGOrientedTableView.h */ = {isa = PBXFileReference; fileEncoding = 4; lastKnownFileType = sourcecode.c.h; path = AGOrientedTableView.h; sourceTree = "<group>"; };
		227F2DF313CEB99400E2805E /* AGOrientedTableView.m */ = {isa = PBXFileReference; fileEncoding = 4; lastKnownFileType = sourcecode.c.objc; path = AGOrientedTableView.m; sourceTree = "<group>"; };
		A90DE57A13A1B62F0005FE6A /* NMAVQueuePlayer.h */ = {isa = PBXFileReference; fileEncoding = 4; lastKnownFileType = sourcecode.c.h; path = NMAVQueuePlayer.h; sourceTree = "<group>"; };
		A90DE57B13A1B62F0005FE6A /* NMAVQueuePlayer.m */ = {isa = PBXFileReference; fileEncoding = 4; lastKnownFileType = sourcecode.c.objc; path = NMAVQueuePlayer.m; sourceTree = "<group>"; };
		A91BC91F13AEE87D0039C0F4 /* user_placeholder_image.png */ = {isa = PBXFileReference; lastKnownFileType = image.png; path = user_placeholder_image.png; sourceTree = "<group>"; };
		A91BC93013AFEAEA0039C0F4 /* PanelVideoContainerView.h */ = {isa = PBXFileReference; fileEncoding = 4; lastKnownFileType = sourcecode.c.h; path = PanelVideoContainerView.h; sourceTree = "<group>"; };
		A91BC93113AFEAEA0039C0F4 /* PanelVideoContainerView.m */ = {isa = PBXFileReference; fileEncoding = 4; lastKnownFileType = sourcecode.c.objc; path = PanelVideoContainerView.m; sourceTree = "<group>"; };
		A925013C134385BF001759F5 /* ipad.app */ = {isa = PBXFileReference; explicitFileType = wrapper.application; includeInIndex = 0; path = ipad.app; sourceTree = BUILT_PRODUCTS_DIR; };
		A9250140134385BF001759F5 /* UIKit.framework */ = {isa = PBXFileReference; lastKnownFileType = wrapper.framework; name = UIKit.framework; path = System/Library/Frameworks/UIKit.framework; sourceTree = SDKROOT; };
		A9250142134385BF001759F5 /* Foundation.framework */ = {isa = PBXFileReference; lastKnownFileType = wrapper.framework; name = Foundation.framework; path = System/Library/Frameworks/Foundation.framework; sourceTree = SDKROOT; };
		A9250144134385BF001759F5 /* CoreGraphics.framework */ = {isa = PBXFileReference; lastKnownFileType = wrapper.framework; name = CoreGraphics.framework; path = System/Library/Frameworks/CoreGraphics.framework; sourceTree = SDKROOT; };
		A9250148134385BF001759F5 /* ipad-Info.plist */ = {isa = PBXFileReference; lastKnownFileType = text.plist.xml; path = "ipad-Info.plist"; sourceTree = "<group>"; };
		A925014A134385BF001759F5 /* en */ = {isa = PBXFileReference; lastKnownFileType = text.plist.strings; name = en; path = en.lproj/InfoPlist.strings; sourceTree = "<group>"; };
		A925014C134385BF001759F5 /* ipad-Prefix.pch */ = {isa = PBXFileReference; lastKnownFileType = sourcecode.c.h; path = "ipad-Prefix.pch"; sourceTree = "<group>"; };
		A925014D134385BF001759F5 /* main.m */ = {isa = PBXFileReference; lastKnownFileType = sourcecode.c.objc; path = main.m; sourceTree = "<group>"; };
		A925014F134385BF001759F5 /* ipadAppDelegate.h */ = {isa = PBXFileReference; lastKnownFileType = sourcecode.c.h; path = ipadAppDelegate.h; sourceTree = "<group>"; };
		A9250150134385BF001759F5 /* ipadAppDelegate.m */ = {isa = PBXFileReference; lastKnownFileType = sourcecode.c.objc; path = ipadAppDelegate.m; sourceTree = "<group>"; };
		A9250153134385BF001759F5 /* en */ = {isa = PBXFileReference; lastKnownFileType = file.xib; name = en; path = en.lproj/MainWindow.xib; sourceTree = "<group>"; };
		A9250160134385BF001759F5 /* ipadTests.octest */ = {isa = PBXFileReference; explicitFileType = wrapper.cfbundle; includeInIndex = 0; path = ipadTests.octest; sourceTree = BUILT_PRODUCTS_DIR; };
		A9250168134385BF001759F5 /* ipadTests-Info.plist */ = {isa = PBXFileReference; lastKnownFileType = text.plist.xml; path = "ipadTests-Info.plist"; sourceTree = "<group>"; };
		A925016A134385BF001759F5 /* en */ = {isa = PBXFileReference; lastKnownFileType = text.plist.strings; name = en; path = en.lproj/InfoPlist.strings; sourceTree = "<group>"; };
		A925016C134385BF001759F5 /* ipadTests-Prefix.pch */ = {isa = PBXFileReference; lastKnownFileType = sourcecode.c.h; path = "ipadTests-Prefix.pch"; sourceTree = "<group>"; };
		A925016D134385BF001759F5 /* ipadTests.h */ = {isa = PBXFileReference; lastKnownFileType = sourcecode.c.h; path = ipadTests.h; sourceTree = "<group>"; };
		A925016F134385BF001759F5 /* ipadTests.m */ = {isa = PBXFileReference; lastKnownFileType = sourcecode.c.objc; path = ipadTests.m; sourceTree = "<group>"; };
		A92B4DC713B5DD4D0008D8D0 /* ChannelContainerView.h */ = {isa = PBXFileReference; fileEncoding = 4; lastKnownFileType = sourcecode.c.h; path = ChannelContainerView.h; sourceTree = "<group>"; };
		A92B4DC813B5DD4D0008D8D0 /* ChannelContainerView.m */ = {isa = PBXFileReference; fileEncoding = 4; lastKnownFileType = sourcecode.c.objc; path = ChannelContainerView.m; sourceTree = "<group>"; };
		A92BDA2413B431C500B846DF /* youtube_logo_36.png */ = {isa = PBXFileReference; lastKnownFileType = image.png; path = youtube_logo_36.png; sourceTree = "<group>"; };
		A93584CE139EE96D0009A264 /* ChannelPanelView.xib */ = {isa = PBXFileReference; fileEncoding = 4; lastKnownFileType = file.xib; path = ChannelPanelView.xib; sourceTree = "<group>"; };
		A9398C1913D41B31005E3CB0 /* social-facebook.png */ = {isa = PBXFileReference; lastKnownFileType = image.png; path = "social-facebook.png"; sourceTree = "<group>"; };
		A9398C1A13D41B31005E3CB0 /* social-twitter.png */ = {isa = PBXFileReference; lastKnownFileType = image.png; path = "social-twitter.png"; sourceTree = "<group>"; };
		A9398C1B13D41B31005E3CB0 /* social-vimeo.png */ = {isa = PBXFileReference; lastKnownFileType = image.png; path = "social-vimeo.png"; sourceTree = "<group>"; };
		A9398C1C13D41B31005E3CB0 /* social-youtube.png */ = {isa = PBXFileReference; lastKnownFileType = image.png; path = "social-youtube.png"; sourceTree = "<group>"; };
		A9398C2613D4290D005E3CB0 /* toolbar-expand-active.png */ = {isa = PBXFileReference; lastKnownFileType = image.png; path = "toolbar-expand-active.png"; sourceTree = "<group>"; };
		A941BD9213A41EA800BB3BE0 /* NMAVPlayerItem.h */ = {isa = PBXFileReference; fileEncoding = 4; lastKnownFileType = sourcecode.c.h; path = NMAVPlayerItem.h; sourceTree = "<group>"; };
		A941BD9313A41EA800BB3BE0 /* NMAVPlayerItem.m */ = {isa = PBXFileReference; fileEncoding = 4; lastKnownFileType = sourcecode.c.objc; path = NMAVPlayerItem.m; sourceTree = "<group>"; };
		A94D67F613A2A768003FC68F /* VideoPlaybackModelController.h */ = {isa = PBXFileReference; fileEncoding = 4; lastKnownFileType = sourcecode.c.h; path = VideoPlaybackModelController.h; sourceTree = "<group>"; };
		A94D67F713A2A768003FC68F /* VideoPlaybackModelController.m */ = {isa = PBXFileReference; fileEncoding = 4; lastKnownFileType = sourcecode.c.objc; path = VideoPlaybackModelController.m; sourceTree = "<group>"; };
		A94D67FF13A2ED33003FC68F /* TestVideoPlaybackModelController.octest */ = {isa = PBXFileReference; explicitFileType = wrapper.cfbundle; includeInIndex = 0; path = TestVideoPlaybackModelController.octest; sourceTree = BUILT_PRODUCTS_DIR; };
		A94D680513A2ED33003FC68F /* TestVideoPlaybackModelController-Info.plist */ = {isa = PBXFileReference; lastKnownFileType = text.plist.xml; path = "TestVideoPlaybackModelController-Info.plist"; sourceTree = "<group>"; };
		A94D680713A2ED33003FC68F /* en */ = {isa = PBXFileReference; lastKnownFileType = text.plist.strings; name = en; path = en.lproj/InfoPlist.strings; sourceTree = "<group>"; };
		A94D680913A2ED33003FC68F /* TestVideoPlaybackModelController-Prefix.pch */ = {isa = PBXFileReference; lastKnownFileType = sourcecode.c.h; path = "TestVideoPlaybackModelController-Prefix.pch"; sourceTree = "<group>"; };
		A94D680A13A2ED33003FC68F /* TestVideoPlaybackModelController.h */ = {isa = PBXFileReference; lastKnownFileType = sourcecode.c.h; path = TestVideoPlaybackModelController.h; sourceTree = "<group>"; };
		A94D680C13A2ED33003FC68F /* TestVideoPlaybackModelController.m */ = {isa = PBXFileReference; lastKnownFileType = sourcecode.c.objc; path = TestVideoPlaybackModelController.m; sourceTree = "<group>"; };
		A94D683E13A2F63E003FC68F /* TestData.sqlite */ = {isa = PBXFileReference; lastKnownFileType = file; path = TestData.sqlite; sourceTree = "<group>"; };
		A951453313AB014900327288 /* play.png */ = {isa = PBXFileReference; lastKnownFileType = image.png; path = play.png; sourceTree = "<group>"; };
		A951453C13AB07D500327288 /* demo_progress_bright_side.png */ = {isa = PBXFileReference; lastKnownFileType = image.png; path = demo_progress_bright_side.png; sourceTree = "<group>"; };
		A951453D13AB07D500327288 /* demo_progress_dark_side.png */ = {isa = PBXFileReference; lastKnownFileType = image.png; path = demo_progress_dark_side.png; sourceTree = "<group>"; };
		A951453E13AB07D500327288 /* demo_progress_nub.png */ = {isa = PBXFileReference; lastKnownFileType = image.png; path = demo_progress_nub.png; sourceTree = "<group>"; };
		A951454213AB1E0500327288 /* nowmov-eye-transparent.png */ = {isa = PBXFileReference; lastKnownFileType = image.png; path = "nowmov-eye-transparent.png"; sourceTree = "<group>"; };
		A953ED4D134CB9F100372F48 /* VideoControlView.xib */ = {isa = PBXFileReference; fileEncoding = 4; lastKnownFileType = file.xib; path = VideoControlView.xib; sourceTree = "<group>"; };
		A962DD5D13A82552004CC111 /* MovieDetailInfoView.xib */ = {isa = PBXFileReference; fileEncoding = 4; lastKnownFileType = file.xib; path = MovieDetailInfoView.xib; sourceTree = "<group>"; };
		A962DD7013A82D3A004CC111 /* NMMovieDetailView.h */ = {isa = PBXFileReference; fileEncoding = 4; lastKnownFileType = sourcecode.c.h; path = NMMovieDetailView.h; sourceTree = "<group>"; };
		A962DD7113A82D3A004CC111 /* NMMovieDetailView.m */ = {isa = PBXFileReference; fileEncoding = 4; lastKnownFileType = sourcecode.c.objc; path = NMMovieDetailView.m; sourceTree = "<group>"; };
		A970501413438F860022BF2C /* SocialSignInViewController.h */ = {isa = PBXFileReference; fileEncoding = 4; lastKnownFileType = sourcecode.c.h; path = SocialSignInViewController.h; sourceTree = "<group>"; };
		A970501513438F860022BF2C /* SocialSignInViewController.m */ = {isa = PBXFileReference; fileEncoding = 4; lastKnownFileType = sourcecode.c.objc; path = SocialSignInViewController.m; sourceTree = "<group>"; };
		A970501613438F860022BF2C /* VideoPlaybackViewController.h */ = {isa = PBXFileReference; fileEncoding = 4; lastKnownFileType = sourcecode.c.h; path = VideoPlaybackViewController.h; sourceTree = "<group>"; };
		A970501713438F860022BF2C /* VideoPlaybackViewController.m */ = {isa = PBXFileReference; fileEncoding = 4; lastKnownFileType = sourcecode.c.objc; path = VideoPlaybackViewController.m; sourceTree = "<group>"; };
		A970503213438F860022BF2C /* Icon.png */ = {isa = PBXFileReference; lastKnownFileType = image.png; path = Icon.png; sourceTree = "<group>"; };
		A970503A13438F860022BF2C /* NMChannel.h */ = {isa = PBXFileReference; fileEncoding = 4; lastKnownFileType = sourcecode.c.h; path = NMChannel.h; sourceTree = "<group>"; };
		A970503B13438F860022BF2C /* NMChannel.m */ = {isa = PBXFileReference; fileEncoding = 4; lastKnownFileType = sourcecode.c.objc; path = NMChannel.m; sourceTree = "<group>"; };
		A970503C13438F860022BF2C /* NMVideo.h */ = {isa = PBXFileReference; fileEncoding = 4; lastKnownFileType = sourcecode.c.h; path = NMVideo.h; sourceTree = "<group>"; };
		A970503D13438F860022BF2C /* NMVideo.m */ = {isa = PBXFileReference; fileEncoding = 4; lastKnownFileType = sourcecode.c.objc; path = NMVideo.m; sourceTree = "<group>"; };
		A970503E13438F860022BF2C /* Nowmov.xcdatamodel */ = {isa = PBXFileReference; lastKnownFileType = wrapper.xcdatamodel; path = Nowmov.xcdatamodel; sourceTree = "<group>"; };
		A970504013438F860022BF2C /* JSONKit.h */ = {isa = PBXFileReference; fileEncoding = 4; lastKnownFileType = sourcecode.c.h; path = JSONKit.h; sourceTree = "<group>"; };
		A970504113438F860022BF2C /* JSONKit.m */ = {isa = PBXFileReference; fileEncoding = 4; lastKnownFileType = sourcecode.c.objc; path = JSONKit.m; sourceTree = "<group>"; };
		A970504213438F860022BF2C /* NMDataController.h */ = {isa = PBXFileReference; fileEncoding = 4; lastKnownFileType = sourcecode.c.h; path = NMDataController.h; sourceTree = "<group>"; };
		A970504313438F860022BF2C /* NMDataController.m */ = {isa = PBXFileReference; fileEncoding = 4; lastKnownFileType = sourcecode.c.objc; path = NMDataController.m; sourceTree = "<group>"; };
		A970504413438F860022BF2C /* NMDataType.h */ = {isa = PBXFileReference; fileEncoding = 4; lastKnownFileType = sourcecode.c.h; path = NMDataType.h; sourceTree = "<group>"; };
		A970504513438F860022BF2C /* NMLibrary.h */ = {isa = PBXFileReference; fileEncoding = 4; lastKnownFileType = sourcecode.c.h; path = NMLibrary.h; sourceTree = "<group>"; };
		A970504613438F860022BF2C /* NMNetworkController.h */ = {isa = PBXFileReference; fileEncoding = 4; lastKnownFileType = sourcecode.c.h; path = NMNetworkController.h; sourceTree = "<group>"; };
		A970504713438F860022BF2C /* NMNetworkController.m */ = {isa = PBXFileReference; fileEncoding = 4; lastKnownFileType = sourcecode.c.objc; path = NMNetworkController.m; sourceTree = "<group>"; };
		A970504813438F860022BF2C /* NMTaskQueueController.h */ = {isa = PBXFileReference; fileEncoding = 4; lastKnownFileType = sourcecode.c.h; path = NMTaskQueueController.h; sourceTree = "<group>"; };
		A970504913438F860022BF2C /* NMTaskQueueController.m */ = {isa = PBXFileReference; fileEncoding = 4; lastKnownFileType = sourcecode.c.objc; path = NMTaskQueueController.m; sourceTree = "<group>"; };
		A970504B13438F860022BF2C /* NMGetChannelsTask.h */ = {isa = PBXFileReference; fileEncoding = 4; lastKnownFileType = sourcecode.c.h; path = NMGetChannelsTask.h; sourceTree = "<group>"; };
		A970504C13438F860022BF2C /* NMGetChannelsTask.m */ = {isa = PBXFileReference; fileEncoding = 4; lastKnownFileType = sourcecode.c.objc; path = NMGetChannelsTask.m; sourceTree = "<group>"; };
		A970504D13438F860022BF2C /* NMGetChannelVideoListTask.h */ = {isa = PBXFileReference; fileEncoding = 4; lastKnownFileType = sourcecode.c.h; path = NMGetChannelVideoListTask.h; sourceTree = "<group>"; };
		A970504E13438F860022BF2C /* NMGetChannelVideoListTask.m */ = {isa = PBXFileReference; fileEncoding = 4; lastKnownFileType = sourcecode.c.objc; path = NMGetChannelVideoListTask.m; sourceTree = "<group>"; };
		A970505513438F860022BF2C /* NMGetVimeoDirectURLTask.h */ = {isa = PBXFileReference; fileEncoding = 4; lastKnownFileType = sourcecode.c.h; path = NMGetVimeoDirectURLTask.h; sourceTree = "<group>"; };
		A970505613438F860022BF2C /* NMGetVimeoDirectURLTask.m */ = {isa = PBXFileReference; fileEncoding = 4; lastKnownFileType = sourcecode.c.objc; path = NMGetVimeoDirectURLTask.m; sourceTree = "<group>"; };
		A970505713438F860022BF2C /* NMGetYouTubeDirectURLTask.h */ = {isa = PBXFileReference; fileEncoding = 4; lastKnownFileType = sourcecode.c.h; path = NMGetYouTubeDirectURLTask.h; sourceTree = "<group>"; };
		A970505813438F860022BF2C /* NMGetYouTubeDirectURLTask.m */ = {isa = PBXFileReference; fileEncoding = 4; lastKnownFileType = sourcecode.c.objc; path = NMGetYouTubeDirectURLTask.m; sourceTree = "<group>"; };
		A970505913438F860022BF2C /* NMTask.h */ = {isa = PBXFileReference; fileEncoding = 4; lastKnownFileType = sourcecode.c.h; path = NMTask.h; sourceTree = "<group>"; };
		A970505A13438F860022BF2C /* NMTask.m */ = {isa = PBXFileReference; fileEncoding = 4; lastKnownFileType = sourcecode.c.objc; path = NMTask.m; sourceTree = "<group>"; };
		A970505B13438F860022BF2C /* NMTaskType.h */ = {isa = PBXFileReference; fileEncoding = 4; lastKnownFileType = sourcecode.c.h; path = NMTaskType.h; sourceTree = "<group>"; };
		A970505C13438F860022BF2C /* SocialSignInView.xib */ = {isa = PBXFileReference; fileEncoding = 4; lastKnownFileType = file.xib; path = SocialSignInView.xib; sourceTree = "<group>"; };
		A970505D13438F860022BF2C /* VideoPlaybackView.xib */ = {isa = PBXFileReference; fileEncoding = 4; lastKnownFileType = file.xib; path = VideoPlaybackView.xib; sourceTree = "<group>"; };
		A970506113438F860022BF2C /* NMControlsView.h */ = {isa = PBXFileReference; fileEncoding = 4; lastKnownFileType = sourcecode.c.h; path = NMControlsView.h; sourceTree = "<group>"; };
		A970506213438F860022BF2C /* NMControlsView.m */ = {isa = PBXFileReference; fileEncoding = 4; lastKnownFileType = sourcecode.c.objc; path = NMControlsView.m; sourceTree = "<group>"; };
		A970506313438F860022BF2C /* NMMovieView.h */ = {isa = PBXFileReference; fileEncoding = 4; lastKnownFileType = sourcecode.c.h; path = NMMovieView.h; sourceTree = "<group>"; };
		A970506413438F860022BF2C /* NMMovieView.m */ = {isa = PBXFileReference; fileEncoding = 4; lastKnownFileType = sourcecode.c.objc; path = NMMovieView.m; sourceTree = "<group>"; };
		A970506513438F860022BF2C /* NMTouchImageView.h */ = {isa = PBXFileReference; fileEncoding = 4; lastKnownFileType = sourcecode.c.h; path = NMTouchImageView.h; sourceTree = "<group>"; };
		A970506613438F860022BF2C /* NMTouchImageView.m */ = {isa = PBXFileReference; fileEncoding = 4; lastKnownFileType = sourcecode.c.objc; path = NMTouchImageView.m; sourceTree = "<group>"; };
		A97050A3134392FA0022BF2C /* CoreData.framework */ = {isa = PBXFileReference; lastKnownFileType = wrapper.framework; name = CoreData.framework; path = System/Library/Frameworks/CoreData.framework; sourceTree = SDKROOT; };
		A97050CF134398DD0022BF2C /* AVFoundation.framework */ = {isa = PBXFileReference; lastKnownFileType = wrapper.framework; name = AVFoundation.framework; path = System/Library/Frameworks/AVFoundation.framework; sourceTree = SDKROOT; };
		A97050D1134399050022BF2C /* QuartzCore.framework */ = {isa = PBXFileReference; lastKnownFileType = wrapper.framework; name = QuartzCore.framework; path = System/Library/Frameworks/QuartzCore.framework; sourceTree = SDKROOT; };
		A97050D313439B540022BF2C /* CoreMedia.framework */ = {isa = PBXFileReference; lastKnownFileType = wrapper.framework; name = CoreMedia.framework; path = System/Library/Frameworks/CoreMedia.framework; sourceTree = SDKROOT; };
		A973AC2513AAFAD90050025B /* NMChannelPanelView.h */ = {isa = PBXFileReference; fileEncoding = 4; lastKnownFileType = sourcecode.c.h; path = NMChannelPanelView.h; sourceTree = "<group>"; };
		A973AC2613AAFAD90050025B /* NMChannelPanelView.m */ = {isa = PBXFileReference; fileEncoding = 4; lastKnownFileType = sourcecode.c.objc; path = NMChannelPanelView.m; sourceTree = "<group>"; };
		A9758C4B13BD4FBC000503A5 /* NMMovieBackgroundView.h */ = {isa = PBXFileReference; fileEncoding = 4; lastKnownFileType = sourcecode.c.h; path = NMMovieBackgroundView.h; sourceTree = "<group>"; };
		A9758C4C13BD4FBC000503A5 /* NMMovieBackgroundView.m */ = {isa = PBXFileReference; fileEncoding = 4; lastKnownFileType = sourcecode.c.objc; path = NMMovieBackgroundView.m; sourceTree = "<group>"; };
		A9776A3F13AAEBDC004FA2F3 /* channel-expand.png */ = {isa = PBXFileReference; lastKnownFileType = image.png; path = "channel-expand.png"; sourceTree = "<group>"; };
		A9776A4013AAEBDC004FA2F3 /* channel-search-button.png */ = {isa = PBXFileReference; lastKnownFileType = image.png; path = "channel-search-button.png"; sourceTree = "<group>"; };
		A9776A4413AAF0AF004FA2F3 /* fullscreen.png */ = {isa = PBXFileReference; lastKnownFileType = image.png; path = fullscreen.png; sourceTree = "<group>"; };
		A9776A4513AAF0AF004FA2F3 /* heart.png */ = {isa = PBXFileReference; lastKnownFileType = image.png; path = heart.png; sourceTree = "<group>"; };
		A9776A4613AAF0AF004FA2F3 /* pause.png */ = {isa = PBXFileReference; lastKnownFileType = image.png; path = pause.png; sourceTree = "<group>"; };
		A9776A4713AAF0AF004FA2F3 /* twitter-icon.png */ = {isa = PBXFileReference; lastKnownFileType = image.png; path = "twitter-icon.png"; sourceTree = "<group>"; };
		A97E237E13A6E8F400EBA5EE /* ChannelPanelController.h */ = {isa = PBXFileReference; fileEncoding = 4; lastKnownFileType = sourcecode.c.h; path = ChannelPanelController.h; sourceTree = "<group>"; };
		A97E237F13A6E8F400EBA5EE /* ChannelPanelController.m */ = {isa = PBXFileReference; fileEncoding = 4; lastKnownFileType = sourcecode.c.objc; path = ChannelPanelController.m; sourceTree = "<group>"; };
		A98154A6137E1607001FADB4 /* NMRefreshChannelVideoListTask.h */ = {isa = PBXFileReference; fileEncoding = 4; lastKnownFileType = sourcecode.c.h; path = NMRefreshChannelVideoListTask.h; sourceTree = "<group>"; };
		A98154A7137E1607001FADB4 /* NMRefreshChannelVideoListTask.m */ = {isa = PBXFileReference; fileEncoding = 4; lastKnownFileType = sourcecode.c.objc; path = NMRefreshChannelVideoListTask.m; sourceTree = "<group>"; };
		A98C241113D38C030061A594 /* button-like-active.png */ = {isa = PBXFileReference; lastKnownFileType = image.png; path = "button-like-active.png"; sourceTree = "<group>"; };
		A98C241213D38C030061A594 /* button-like.png */ = {isa = PBXFileReference; lastKnownFileType = image.png; path = "button-like.png"; sourceTree = "<group>"; };
		A98C241313D38C030061A594 /* button-watch-later-active.png */ = {isa = PBXFileReference; lastKnownFileType = image.png; path = "button-watch-later-active.png"; sourceTree = "<group>"; };
		A98C241413D38C030061A594 /* button-watch-later.png */ = {isa = PBXFileReference; lastKnownFileType = image.png; path = "button-watch-later.png"; sourceTree = "<group>"; };
		A98C241A13D38C3C0061A594 /* channel-toolbar-background.png */ = {isa = PBXFileReference; lastKnownFileType = image.png; path = "channel-toolbar-background.png"; sourceTree = "<group>"; };
		A98C241C13D399D70061A594 /* ribbon.png */ = {isa = PBXFileReference; lastKnownFileType = image.png; path = ribbon.png; sourceTree = "<group>"; };
		A994523713A734B600B117E2 /* LaunchViewController.h */ = {isa = PBXFileReference; fileEncoding = 4; lastKnownFileType = sourcecode.c.h; path = LaunchViewController.h; sourceTree = "<group>"; };
		A994523813A734B600B117E2 /* LaunchViewController.m */ = {isa = PBXFileReference; fileEncoding = 4; lastKnownFileType = sourcecode.c.objc; path = LaunchViewController.m; sourceTree = "<group>"; };
		A9976EFC13BB355200B06DFF /* libNMLibrary.a */ = {isa = PBXFileReference; explicitFileType = archive.ar; includeInIndex = 0; path = libNMLibrary.a; sourceTree = BUILT_PRODUCTS_DIR; };
		A9976F0013BB355200B06DFF /* NMLibrary-Prefix.pch */ = {isa = PBXFileReference; lastKnownFileType = sourcecode.c.h; path = "NMLibrary-Prefix.pch"; sourceTree = "<group>"; };
		A99BA0A813A7540B0010F202 /* VideoRowController.h */ = {isa = PBXFileReference; fileEncoding = 4; lastKnownFileType = sourcecode.c.h; path = VideoRowController.h; sourceTree = "<group>"; };
		A99BA0A913A7540B0010F202 /* VideoRowController.m */ = {isa = PBXFileReference; fileEncoding = 4; lastKnownFileType = sourcecode.c.objc; path = VideoRowController.m; sourceTree = "<group>"; };
		A9A73FA413A73A3D005D9013 /* LaunchView.xib */ = {isa = PBXFileReference; fileEncoding = 4; lastKnownFileType = file.xib; path = LaunchView.xib; sourceTree = "<group>"; };
		A9B1963F134C6B0B00CA17A0 /* NMEventTask.h */ = {isa = PBXFileReference; fileEncoding = 4; lastKnownFileType = sourcecode.c.h; path = NMEventTask.h; sourceTree = "<group>"; };
		A9B19640134C6B0B00CA17A0 /* NMEventTask.m */ = {isa = PBXFileReference; fileEncoding = 4; lastKnownFileType = sourcecode.c.objc; path = NMEventTask.m; sourceTree = "<group>"; };
		A9B3EE6D13B91C330058E114 /* NMVideoDetail.h */ = {isa = PBXFileReference; fileEncoding = 4; lastKnownFileType = sourcecode.c.h; path = NMVideoDetail.h; sourceTree = "<group>"; };
		A9B3EE6E13B91C330058E114 /* NMVideoDetail.m */ = {isa = PBXFileReference; fileEncoding = 4; lastKnownFileType = sourcecode.c.objc; path = NMVideoDetail.m; sourceTree = "<group>"; };
		A9C2788A13BABC920024DCB2 /* channel-shadow-background.png */ = {isa = PBXFileReference; lastKnownFileType = image.png; path = "channel-shadow-background.png"; sourceTree = "<group>"; };
		A9C2788D13BAC1700024DCB2 /* channel-background.png */ = {isa = PBXFileReference; lastKnownFileType = image.png; path = "channel-background.png"; sourceTree = "<group>"; };
		A9D9EE1C13AABEB0009ABBEA /* NMStyleUtility.h */ = {isa = PBXFileReference; fileEncoding = 4; lastKnownFileType = sourcecode.c.h; path = NMStyleUtility.h; sourceTree = "<group>"; };
		A9D9EE1D13AABEB0009ABBEA /* NMStyleUtility.m */ = {isa = PBXFileReference; fileEncoding = 4; lastKnownFileType = sourcecode.c.objc; path = NMStyleUtility.m; sourceTree = "<group>"; };
		A9DB20C81348B8830018AA4A /* SystemConfiguration.framework */ = {isa = PBXFileReference; lastKnownFileType = wrapper.framework; name = SystemConfiguration.framework; path = System/Library/Frameworks/SystemConfiguration.framework; sourceTree = SDKROOT; };
		A9DB20CA1348B8980018AA4A /* MessageUI.framework */ = {isa = PBXFileReference; lastKnownFileType = wrapper.framework; name = MessageUI.framework; path = System/Library/Frameworks/MessageUI.framework; sourceTree = SDKROOT; };
		A9DB20CB1348B8990018AA4A /* Security.framework */ = {isa = PBXFileReference; lastKnownFileType = wrapper.framework; name = Security.framework; path = System/Library/Frameworks/Security.framework; sourceTree = SDKROOT; };
		A9ECD60E135E9611004B7F78 /* NMCacheController.h */ = {isa = PBXFileReference; fileEncoding = 4; lastKnownFileType = sourcecode.c.h; path = NMCacheController.h; sourceTree = "<group>"; };
		A9ECD60F135E9611004B7F78 /* NMCacheController.m */ = {isa = PBXFileReference; fileEncoding = 4; lastKnownFileType = sourcecode.c.objc; path = NMCacheController.m; sourceTree = "<group>"; };
		A9ECD612135E9703004B7F78 /* NMImageDownloadTask.h */ = {isa = PBXFileReference; fileEncoding = 4; lastKnownFileType = sourcecode.c.h; path = NMImageDownloadTask.h; sourceTree = "<group>"; };
		A9ECD613135E9703004B7F78 /* NMImageDownloadTask.m */ = {isa = PBXFileReference; fileEncoding = 4; lastKnownFileType = sourcecode.c.objc; path = NMImageDownloadTask.m; sourceTree = "<group>"; };
		A9F4966013D2E83400A56F50 /* playback_background_pattern.png */ = {isa = PBXFileReference; lastKnownFileType = image.png; path = playback_background_pattern.png; sourceTree = "<group>"; };
		A9F4966213D2EE5900A56F50 /* playback_video_shadow.png */ = {isa = PBXFileReference; lastKnownFileType = image.png; path = playback_video_shadow.png; sourceTree = "<group>"; };
		A9FEF57A13D3D8C50094514C /* channel-video-background.png */ = {isa = PBXFileReference; lastKnownFileType = image.png; path = "channel-video-background.png"; sourceTree = "<group>"; };
		A9FEF57C13D411E50094514C /* toolbar-channel-management-active.png */ = {isa = PBXFileReference; lastKnownFileType = image.png; path = "toolbar-channel-management-active.png"; sourceTree = "<group>"; };
		A9FEF57D13D411E50094514C /* toolbar-channel-management.png */ = {isa = PBXFileReference; lastKnownFileType = image.png; path = "toolbar-channel-management.png"; sourceTree = "<group>"; };
		A9FEF57E13D411E50094514C /* toolbar-filter-active.png */ = {isa = PBXFileReference; lastKnownFileType = image.png; path = "toolbar-filter-active.png"; sourceTree = "<group>"; };
		A9FEF57F13D411E50094514C /* toolbar-filter.png */ = {isa = PBXFileReference; lastKnownFileType = image.png; path = "toolbar-filter.png"; sourceTree = "<group>"; };
		A9FEF58013D411E50094514C /* toolbar-settings-active.png */ = {isa = PBXFileReference; lastKnownFileType = image.png; path = "toolbar-settings-active.png"; sourceTree = "<group>"; };
		A9FEF58113D411E50094514C /* toolbar-settings.png */ = {isa = PBXFileReference; lastKnownFileType = image.png; path = "toolbar-settings.png"; sourceTree = "<group>"; };
		A9FEF58813D413CC0094514C /* toolbar-vertical-separator.png */ = {isa = PBXFileReference; lastKnownFileType = image.png; path = "toolbar-vertical-separator.png"; sourceTree = "<group>"; };
		A9FEF58A13D416C40094514C /* toolbar-expand.png */ = {isa = PBXFileReference; lastKnownFileType = image.png; path = "toolbar-expand.png"; sourceTree = "<group>"; };
/* End PBXFileReference section */

/* Begin PBXFrameworksBuildPhase section */
		A9250139134385BF001759F5 /* Frameworks */ = {
			isa = PBXFrameworksBuildPhase;
			buildActionMask = 2147483647;
			files = (
				A9976F2313BB38BE00B06DFF /* libNMLibrary.a in Frameworks */,
				A9DB20CC1348B8990018AA4A /* MessageUI.framework in Frameworks */,
				A9DB20CD1348B8990018AA4A /* Security.framework in Frameworks */,
				A9DB20C91348B8830018AA4A /* SystemConfiguration.framework in Frameworks */,
				A97050D413439B540022BF2C /* CoreMedia.framework in Frameworks */,
				A97050D2134399050022BF2C /* QuartzCore.framework in Frameworks */,
				A97050D0134398DD0022BF2C /* AVFoundation.framework in Frameworks */,
				A97050A4134392FA0022BF2C /* CoreData.framework in Frameworks */,
				A9250141134385BF001759F5 /* UIKit.framework in Frameworks */,
				A9250143134385BF001759F5 /* Foundation.framework in Frameworks */,
				A9250145134385BF001759F5 /* CoreGraphics.framework in Frameworks */,
			);
			runOnlyForDeploymentPostprocessing = 0;
		};
		A925015C134385BF001759F5 /* Frameworks */ = {
			isa = PBXFrameworksBuildPhase;
			buildActionMask = 2147483647;
			files = (
				A9250161134385BF001759F5 /* UIKit.framework in Frameworks */,
				A9250162134385BF001759F5 /* Foundation.framework in Frameworks */,
				A9250163134385BF001759F5 /* CoreGraphics.framework in Frameworks */,
			);
			runOnlyForDeploymentPostprocessing = 0;
		};
		A94D67FB13A2ED33003FC68F /* Frameworks */ = {
			isa = PBXFrameworksBuildPhase;
			buildActionMask = 2147483647;
			files = (
				A94D680013A2ED33003FC68F /* UIKit.framework in Frameworks */,
				A94D680113A2ED33003FC68F /* Foundation.framework in Frameworks */,
				A94D680213A2ED33003FC68F /* CoreGraphics.framework in Frameworks */,
				A941BD9613A47E7300BB3BE0 /* AVFoundation.framework in Frameworks */,
				A941BD9713A47E7900BB3BE0 /* CoreMedia.framework in Frameworks */,
			);
			runOnlyForDeploymentPostprocessing = 0;
		};
		A9976EF913BB355200B06DFF /* Frameworks */ = {
			isa = PBXFrameworksBuildPhase;
			buildActionMask = 2147483647;
			files = (
				A9976EFD13BB355200B06DFF /* Foundation.framework in Frameworks */,
				A9976F1E13BB360200B06DFF /* CoreData.framework in Frameworks */,
				A9976F1F13BB366300B06DFF /* CoreGraphics.framework in Frameworks */,
			);
			runOnlyForDeploymentPostprocessing = 0;
		};
/* End PBXFrameworksBuildPhase section */

/* Begin PBXGroup section */
		A9250131134385BF001759F5 = {
			isa = PBXGroup;
			children = (
				A97050A213438F980022BF2C /* Interfaces */,
				A970500F13438F860022BF2C /* Classes */,
				A970501813438F860022BF2C /* Images */,
				A970503913438F860022BF2C /* Models */,
				A970503F13438F860022BF2C /* NMLibrary */,
				A970505E13438F860022BF2C /* Views */,
				A9250146134385BF001759F5 /* ipad */,
				A9250166134385BF001759F5 /* ipadTests */,
				A94D680313A2ED33003FC68F /* TestVideoPlaybackModelController */,
				A925013F134385BF001759F5 /* Frameworks */,
				A925013D134385BF001759F5 /* Products */,
			);
			sourceTree = "<group>";
		};
		A925013D134385BF001759F5 /* Products */ = {
			isa = PBXGroup;
			children = (
				A925013C134385BF001759F5 /* ipad.app */,
				A9250160134385BF001759F5 /* ipadTests.octest */,
				A94D67FF13A2ED33003FC68F /* TestVideoPlaybackModelController.octest */,
				A9976EFC13BB355200B06DFF /* libNMLibrary.a */,
			);
			name = Products;
			sourceTree = "<group>";
		};
		A925013F134385BF001759F5 /* Frameworks */ = {
			isa = PBXGroup;
			children = (
				A9DB20CA1348B8980018AA4A /* MessageUI.framework */,
				A9DB20CB1348B8990018AA4A /* Security.framework */,
				A9DB20C81348B8830018AA4A /* SystemConfiguration.framework */,
				A97050D313439B540022BF2C /* CoreMedia.framework */,
				A97050D1134399050022BF2C /* QuartzCore.framework */,
				A97050CF134398DD0022BF2C /* AVFoundation.framework */,
				A97050A3134392FA0022BF2C /* CoreData.framework */,
				A9250140134385BF001759F5 /* UIKit.framework */,
				A9250142134385BF001759F5 /* Foundation.framework */,
				A9250144134385BF001759F5 /* CoreGraphics.framework */,
			);
			name = Frameworks;
			sourceTree = "<group>";
		};
		A9250146134385BF001759F5 /* ipad */ = {
			isa = PBXGroup;
			children = (
				A925014F134385BF001759F5 /* ipadAppDelegate.h */,
				A9250150134385BF001759F5 /* ipadAppDelegate.m */,
				A9250152134385BF001759F5 /* MainWindow.xib */,
				A9250147134385BF001759F5 /* Supporting Files */,
			);
			path = ipad;
			sourceTree = "<group>";
		};
		A9250147134385BF001759F5 /* Supporting Files */ = {
			isa = PBXGroup;
			children = (
				A9250148134385BF001759F5 /* ipad-Info.plist */,
				A9250149134385BF001759F5 /* InfoPlist.strings */,
				A925014C134385BF001759F5 /* ipad-Prefix.pch */,
				A925014D134385BF001759F5 /* main.m */,
			);
			name = "Supporting Files";
			sourceTree = "<group>";
		};
		A9250166134385BF001759F5 /* ipadTests */ = {
			isa = PBXGroup;
			children = (
				A925016D134385BF001759F5 /* ipadTests.h */,
				A925016F134385BF001759F5 /* ipadTests.m */,
				A9250167134385BF001759F5 /* Supporting Files */,
			);
			path = ipadTests;
			sourceTree = "<group>";
		};
		A9250167134385BF001759F5 /* Supporting Files */ = {
			isa = PBXGroup;
			children = (
				A9250168134385BF001759F5 /* ipadTests-Info.plist */,
				A9250169134385BF001759F5 /* InfoPlist.strings */,
				A925016C134385BF001759F5 /* ipadTests-Prefix.pch */,
			);
			name = "Supporting Files";
			sourceTree = "<group>";
		};
		A94D680313A2ED33003FC68F /* TestVideoPlaybackModelController */ = {
			isa = PBXGroup;
			children = (
				A94D680A13A2ED33003FC68F /* TestVideoPlaybackModelController.h */,
				A94D680C13A2ED33003FC68F /* TestVideoPlaybackModelController.m */,
				A94D680413A2ED33003FC68F /* Supporting Files */,
			);
			path = TestVideoPlaybackModelController;
			sourceTree = "<group>";
		};
		A94D680413A2ED33003FC68F /* Supporting Files */ = {
			isa = PBXGroup;
			children = (
				A94D683E13A2F63E003FC68F /* TestData.sqlite */,
				A94D680513A2ED33003FC68F /* TestVideoPlaybackModelController-Info.plist */,
				A94D680613A2ED33003FC68F /* InfoPlist.strings */,
				A94D680913A2ED33003FC68F /* TestVideoPlaybackModelController-Prefix.pch */,
			);
			name = "Supporting Files";
			sourceTree = "<group>";
		};
		A970500F13438F860022BF2C /* Classes */ = {
			isa = PBXGroup;
			children = (
				A90DE57A13A1B62F0005FE6A /* NMAVQueuePlayer.h */,
				A90DE57B13A1B62F0005FE6A /* NMAVQueuePlayer.m */,
				A941BD9213A41EA800BB3BE0 /* NMAVPlayerItem.h */,
				A941BD9313A41EA800BB3BE0 /* NMAVPlayerItem.m */,
				A970501413438F860022BF2C /* SocialSignInViewController.h */,
				A970501513438F860022BF2C /* SocialSignInViewController.m */,
				A970501613438F860022BF2C /* VideoPlaybackViewController.h */,
				A970501713438F860022BF2C /* VideoPlaybackViewController.m */,
				A94D67F613A2A768003FC68F /* VideoPlaybackModelController.h */,
				A94D67F713A2A768003FC68F /* VideoPlaybackModelController.m */,
				A97E237E13A6E8F400EBA5EE /* ChannelPanelController.h */,
				A97E237F13A6E8F400EBA5EE /* ChannelPanelController.m */,
				A99BA0A813A7540B0010F202 /* VideoRowController.h */,
				A99BA0A913A7540B0010F202 /* VideoRowController.m */,
				A994523713A734B600B117E2 /* LaunchViewController.h */,
				A994523813A734B600B117E2 /* LaunchViewController.m */,
				A9D9EE1C13AABEB0009ABBEA /* NMStyleUtility.h */,
				A9D9EE1D13AABEB0009ABBEA /* NMStyleUtility.m */,
			);
			path = Classes;
			sourceTree = "<group>";
		};
		A970501813438F860022BF2C /* Images */ = {
			isa = PBXGroup;
			children = (
				A9EB20F413AAE1E000BC2E29 /* demo_graphics */,
				A970503213438F860022BF2C /* Icon.png */,
				A92BDA2413B431C500B846DF /* youtube_logo_36.png */,
				A9C2788D13BAC1700024DCB2 /* channel-background.png */,
				A9C2788A13BABC920024DCB2 /* channel-shadow-background.png */,
				A9F4966013D2E83400A56F50 /* playback_background_pattern.png */,
				A9F4966213D2EE5900A56F50 /* playback_video_shadow.png */,
				A98C241113D38C030061A594 /* button-like-active.png */,
				A98C241213D38C030061A594 /* button-like.png */,
				A98C241313D38C030061A594 /* button-watch-later-active.png */,
				A98C241413D38C030061A594 /* button-watch-later.png */,
				A98C241A13D38C3C0061A594 /* channel-toolbar-background.png */,
				A9FEF57A13D3D8C50094514C /* channel-video-background.png */,
				A9398C1913D41B31005E3CB0 /* social-facebook.png */,
				A9398C1A13D41B31005E3CB0 /* social-twitter.png */,
				A9398C1B13D41B31005E3CB0 /* social-vimeo.png */,
				A9398C1C13D41B31005E3CB0 /* social-youtube.png */,
				A9FEF57C13D411E50094514C /* toolbar-channel-management-active.png */,
				A9FEF57D13D411E50094514C /* toolbar-channel-management.png */,
				A9FEF57E13D411E50094514C /* toolbar-filter-active.png */,
				A9FEF57F13D411E50094514C /* toolbar-filter.png */,
				A9FEF58013D411E50094514C /* toolbar-settings-active.png */,
				A9FEF58113D411E50094514C /* toolbar-settings.png */,
				A9FEF58813D413CC0094514C /* toolbar-vertical-separator.png */,
				A9FEF58A13D416C40094514C /* toolbar-expand.png */,
				A9398C2613D4290D005E3CB0 /* toolbar-expand-active.png */,
				A98C241C13D399D70061A594 /* ribbon.png */,
			);
			path = Images;
			sourceTree = "<group>";
		};
		A970503913438F860022BF2C /* Models */ = {
			isa = PBXGroup;
			children = (
				A970503A13438F860022BF2C /* NMChannel.h */,
				A970503B13438F860022BF2C /* NMChannel.m */,
				A970503C13438F860022BF2C /* NMVideo.h */,
				A970503D13438F860022BF2C /* NMVideo.m */,
				A970503E13438F860022BF2C /* Nowmov.xcdatamodel */,
				A9B3EE6D13B91C330058E114 /* NMVideoDetail.h */,
				A9B3EE6E13B91C330058E114 /* NMVideoDetail.m */,
			);
			path = Models;
			sourceTree = "<group>";
		};
		A970503F13438F860022BF2C /* NMLibrary */ = {
			isa = PBXGroup;
			children = (
				A970504013438F860022BF2C /* JSONKit.h */,
				A970504113438F860022BF2C /* JSONKit.m */,
				A970504213438F860022BF2C /* NMDataController.h */,
				A970504313438F860022BF2C /* NMDataController.m */,
				A970504413438F860022BF2C /* NMDataType.h */,
				A9ECD60E135E9611004B7F78 /* NMCacheController.h */,
				A9ECD60F135E9611004B7F78 /* NMCacheController.m */,
				A970504513438F860022BF2C /* NMLibrary.h */,
				A970504613438F860022BF2C /* NMNetworkController.h */,
				A970504713438F860022BF2C /* NMNetworkController.m */,
				A970504813438F860022BF2C /* NMTaskQueueController.h */,
				A970504913438F860022BF2C /* NMTaskQueueController.m */,
				A9976EFF13BB355200B06DFF /* Supporting Files */,
				A970504A13438F860022BF2C /* Tasks */,
			);
			path = NMLibrary;
			sourceTree = "<group>";
		};
		A970504A13438F860022BF2C /* Tasks */ = {
			isa = PBXGroup;
			children = (
				A970504B13438F860022BF2C /* NMGetChannelsTask.h */,
				A970504C13438F860022BF2C /* NMGetChannelsTask.m */,
				A970504D13438F860022BF2C /* NMGetChannelVideoListTask.h */,
				A970504E13438F860022BF2C /* NMGetChannelVideoListTask.m */,
				A98154A6137E1607001FADB4 /* NMRefreshChannelVideoListTask.h */,
				A98154A7137E1607001FADB4 /* NMRefreshChannelVideoListTask.m */,
				A970505513438F860022BF2C /* NMGetVimeoDirectURLTask.h */,
				A970505613438F860022BF2C /* NMGetVimeoDirectURLTask.m */,
				A970505713438F860022BF2C /* NMGetYouTubeDirectURLTask.h */,
				A970505813438F860022BF2C /* NMGetYouTubeDirectURLTask.m */,
				A970505913438F860022BF2C /* NMTask.h */,
				A970505A13438F860022BF2C /* NMTask.m */,
				A970505B13438F860022BF2C /* NMTaskType.h */,
				A9B1963F134C6B0B00CA17A0 /* NMEventTask.h */,
				A9B19640134C6B0B00CA17A0 /* NMEventTask.m */,
				A9ECD612135E9703004B7F78 /* NMImageDownloadTask.h */,
				A9ECD613135E9703004B7F78 /* NMImageDownloadTask.m */,
			);
			path = Tasks;
			sourceTree = "<group>";
		};
		A970505E13438F860022BF2C /* Views */ = {
			isa = PBXGroup;
			children = (
				227F2DF213CEB99400E2805E /* AGOrientedTableView.h */,
				227F2DF313CEB99400E2805E /* AGOrientedTableView.m */,
				A970506113438F860022BF2C /* NMControlsView.h */,
				A970506213438F860022BF2C /* NMControlsView.m */,
				A970506313438F860022BF2C /* NMMovieView.h */,
				A970506413438F860022BF2C /* NMMovieView.m */,
				A970506513438F860022BF2C /* NMTouchImageView.h */,
				A970506613438F860022BF2C /* NMTouchImageView.m */,
				A962DD7013A82D3A004CC111 /* NMMovieDetailView.h */,
				A962DD7113A82D3A004CC111 /* NMMovieDetailView.m */,
				A973AC2513AAFAD90050025B /* NMChannelPanelView.h */,
				A973AC2613AAFAD90050025B /* NMChannelPanelView.m */,
				A91BC93013AFEAEA0039C0F4 /* PanelVideoContainerView.h */,
				A91BC93113AFEAEA0039C0F4 /* PanelVideoContainerView.m */,
				A92B4DC713B5DD4D0008D8D0 /* ChannelContainerView.h */,
				A92B4DC813B5DD4D0008D8D0 /* ChannelContainerView.m */,
				A9758C4B13BD4FBC000503A5 /* NMMovieBackgroundView.h */,
				A9758C4C13BD4FBC000503A5 /* NMMovieBackgroundView.m */,
			);
			path = Views;
			sourceTree = "<group>";
		};
		A97050A213438F980022BF2C /* Interfaces */ = {
			isa = PBXGroup;
			children = (
				A9A73FA413A73A3D005D9013 /* LaunchView.xib */,
				A970505C13438F860022BF2C /* SocialSignInView.xib */,
				A970505D13438F860022BF2C /* VideoPlaybackView.xib */,
				A953ED4D134CB9F100372F48 /* VideoControlView.xib */,
				A93584CE139EE96D0009A264 /* ChannelPanelView.xib */,
				A962DD5D13A82552004CC111 /* MovieDetailInfoView.xib */,
			);
			name = Interfaces;
			sourceTree = "<group>";
		};
		A9976EFF13BB355200B06DFF /* Supporting Files */ = {
			isa = PBXGroup;
			children = (
				A9976F0013BB355200B06DFF /* NMLibrary-Prefix.pch */,
			);
			name = "Supporting Files";
			sourceTree = "<group>";
		};
		A9EB20F413AAE1E000BC2E29 /* demo_graphics */ = {
			isa = PBXGroup;
			children = (
				A91BC91F13AEE87D0039C0F4 /* user_placeholder_image.png */,
				A951454213AB1E0500327288 /* nowmov-eye-transparent.png */,
				A951453C13AB07D500327288 /* demo_progress_bright_side.png */,
				A951453D13AB07D500327288 /* demo_progress_dark_side.png */,
				A951453E13AB07D500327288 /* demo_progress_nub.png */,
				A9776A4413AAF0AF004FA2F3 /* fullscreen.png */,
				A9776A4513AAF0AF004FA2F3 /* heart.png */,
				A9776A4613AAF0AF004FA2F3 /* pause.png */,
				A951453313AB014900327288 /* play.png */,
				A9776A4713AAF0AF004FA2F3 /* twitter-icon.png */,
				A9776A3F13AAEBDC004FA2F3 /* channel-expand.png */,
				A9776A4013AAEBDC004FA2F3 /* channel-search-button.png */,
			);
			path = demo_graphics;
			sourceTree = "<group>";
		};
/* End PBXGroup section */

/* Begin PBXHeadersBuildPhase section */
		A9976EFA13BB355200B06DFF /* Headers */ = {
			isa = PBXHeadersBuildPhase;
			buildActionMask = 2147483647;
			files = (
			);
			runOnlyForDeploymentPostprocessing = 0;
		};
/* End PBXHeadersBuildPhase section */

/* Begin PBXNativeTarget section */
		A925013B134385BF001759F5 /* ipad */ = {
			isa = PBXNativeTarget;
			buildConfigurationList = A9250173134385BF001759F5 /* Build configuration list for PBXNativeTarget "ipad" */;
			buildPhases = (
				A9250138134385BF001759F5 /* Sources */,
				A9250139134385BF001759F5 /* Frameworks */,
				A925013A134385BF001759F5 /* Resources */,
			);
			buildRules = (
			);
			dependencies = (
				A9976F2113BB380600B06DFF /* PBXTargetDependency */,
			);
			name = ipad;
			productName = ipad;
			productReference = A925013C134385BF001759F5 /* ipad.app */;
			productType = "com.apple.product-type.application";
		};
		A925015F134385BF001759F5 /* ipadTests */ = {
			isa = PBXNativeTarget;
			buildConfigurationList = A9250176134385BF001759F5 /* Build configuration list for PBXNativeTarget "ipadTests" */;
			buildPhases = (
				A925015B134385BF001759F5 /* Sources */,
				A925015C134385BF001759F5 /* Frameworks */,
				A925015D134385BF001759F5 /* Resources */,
				A925015E134385BF001759F5 /* ShellScript */,
			);
			buildRules = (
			);
			dependencies = (
				A9250165134385BF001759F5 /* PBXTargetDependency */,
			);
			name = ipadTests;
			productName = ipadTests;
			productReference = A9250160134385BF001759F5 /* ipadTests.octest */;
			productType = "com.apple.product-type.bundle";
		};
		A94D67FE13A2ED33003FC68F /* TestVideoPlaybackModelController */ = {
			isa = PBXNativeTarget;
			buildConfigurationList = A94D680E13A2ED33003FC68F /* Build configuration list for PBXNativeTarget "TestVideoPlaybackModelController" */;
			buildPhases = (
				A94D67FA13A2ED33003FC68F /* Sources */,
				A94D67FB13A2ED33003FC68F /* Frameworks */,
				A94D67FC13A2ED33003FC68F /* Resources */,
				A94D67FD13A2ED33003FC68F /* ShellScript */,
			);
			buildRules = (
			);
			dependencies = (
			);
			name = TestVideoPlaybackModelController;
			productName = TestVideoPlaybackModelController;
			productReference = A94D67FF13A2ED33003FC68F /* TestVideoPlaybackModelController.octest */;
			productType = "com.apple.product-type.bundle";
		};
		A9976EFB13BB355200B06DFF /* NMLibrary */ = {
			isa = PBXNativeTarget;
			buildConfigurationList = A9976F0413BB355200B06DFF /* Build configuration list for PBXNativeTarget "NMLibrary" */;
			buildPhases = (
				A9976EF813BB355200B06DFF /* Sources */,
				A9976EF913BB355200B06DFF /* Frameworks */,
				A9976EFA13BB355200B06DFF /* Headers */,
			);
			buildRules = (
			);
			dependencies = (
			);
			name = NMLibrary;
			productName = NMLibrary;
			productReference = A9976EFC13BB355200B06DFF /* libNMLibrary.a */;
			productType = "com.apple.product-type.library.static";
		};
/* End PBXNativeTarget section */

/* Begin PBXProject section */
		A9250133134385BF001759F5 /* Project object */ = {
			isa = PBXProject;
			attributes = {
				ORGANIZATIONNAME = "Pipely Inc.";
			};
			buildConfigurationList = A9250136134385BF001759F5 /* Build configuration list for PBXProject "ipad" */;
			compatibilityVersion = "Xcode 3.2";
			developmentRegion = English;
			hasScannedForEncodings = 0;
			knownRegions = (
				en,
				de,
				eu,
				fr,
				ja,
				ko,
				nl,
				vi,
				zh_CN,
			);
			mainGroup = A9250131134385BF001759F5;
			productRefGroup = A925013D134385BF001759F5 /* Products */;
			projectDirPath = "";
			projectRoot = "";
			targets = (
				A925013B134385BF001759F5 /* ipad */,
				A925015F134385BF001759F5 /* ipadTests */,
				A94D67FE13A2ED33003FC68F /* TestVideoPlaybackModelController */,
				A9976EFB13BB355200B06DFF /* NMLibrary */,
			);
		};
/* End PBXProject section */

/* Begin PBXResourcesBuildPhase section */
		A925013A134385BF001759F5 /* Resources */ = {
			isa = PBXResourcesBuildPhase;
			buildActionMask = 2147483647;
			files = (
				A925014B134385BF001759F5 /* InfoPlist.strings in Resources */,
				A9250154134385BF001759F5 /* MainWindow.xib in Resources */,
				A970508513438F860022BF2C /* Icon.png in Resources */,
				A970509B13438F860022BF2C /* SocialSignInView.xib in Resources */,
				A970509C13438F860022BF2C /* VideoPlaybackView.xib in Resources */,
				A953ED4E134CB9F100372F48 /* VideoControlView.xib in Resources */,
				A93584CF139EE96D0009A264 /* ChannelPanelView.xib in Resources */,
				A9A73FA513A73A3D005D9013 /* LaunchView.xib in Resources */,
				A962DD5E13A82552004CC111 /* MovieDetailInfoView.xib in Resources */,
				A9776A4113AAEBDC004FA2F3 /* channel-expand.png in Resources */,
				A9776A4213AAEBDC004FA2F3 /* channel-search-button.png in Resources */,
				A9776A4913AAF0AF004FA2F3 /* fullscreen.png in Resources */,
				A9776A4A13AAF0AF004FA2F3 /* heart.png in Resources */,
				A9776A4B13AAF0AF004FA2F3 /* pause.png in Resources */,
				A9776A4C13AAF0AF004FA2F3 /* twitter-icon.png in Resources */,
				A951453413AB014900327288 /* play.png in Resources */,
				A951453F13AB07D600327288 /* demo_progress_bright_side.png in Resources */,
				A951454013AB07D600327288 /* demo_progress_dark_side.png in Resources */,
				A951454113AB07D600327288 /* demo_progress_nub.png in Resources */,
				A951454313AB1E0500327288 /* nowmov-eye-transparent.png in Resources */,
				A91BC92013AEE87D0039C0F4 /* user_placeholder_image.png in Resources */,
				A92BDA2513B431C500B846DF /* youtube_logo_36.png in Resources */,
				A9C2788B13BABC920024DCB2 /* channel-shadow-background.png in Resources */,
				A9C2788E13BAC1700024DCB2 /* channel-background.png in Resources */,
				A9F4966113D2E83400A56F50 /* playback_background_pattern.png in Resources */,
				A9F4966313D2EE5900A56F50 /* playback_video_shadow.png in Resources */,
				A98C241513D38C040061A594 /* button-like-active.png in Resources */,
				A98C241613D38C040061A594 /* button-like.png in Resources */,
				A98C241713D38C040061A594 /* button-watch-later-active.png in Resources */,
				A98C241813D38C040061A594 /* button-watch-later.png in Resources */,
				A98C241B13D38C3C0061A594 /* channel-toolbar-background.png in Resources */,
				A98C241D13D399D70061A594 /* ribbon.png in Resources */,
				A9FEF57B13D3D8C50094514C /* channel-video-background.png in Resources */,
				A9FEF58213D411E50094514C /* toolbar-channel-management-active.png in Resources */,
				A9FEF58313D411E50094514C /* toolbar-channel-management.png in Resources */,
				A9FEF58413D411E50094514C /* toolbar-filter-active.png in Resources */,
				A9FEF58513D411E50094514C /* toolbar-filter.png in Resources */,
				A9FEF58613D411E50094514C /* toolbar-settings-active.png in Resources */,
				A9FEF58713D411E50094514C /* toolbar-settings.png in Resources */,
				A9FEF58913D413CC0094514C /* toolbar-vertical-separator.png in Resources */,
				A9FEF58B13D416C40094514C /* toolbar-expand.png in Resources */,
				A9398C1D13D41B31005E3CB0 /* social-facebook.png in Resources */,
				A9398C1E13D41B31005E3CB0 /* social-twitter.png in Resources */,
				A9398C1F13D41B31005E3CB0 /* social-vimeo.png in Resources */,
				A9398C2013D41B31005E3CB0 /* social-youtube.png in Resources */,
				A9398C2713D4290D005E3CB0 /* toolbar-expand-active.png in Resources */,
			);
			runOnlyForDeploymentPostprocessing = 0;
		};
		A925015D134385BF001759F5 /* Resources */ = {
			isa = PBXResourcesBuildPhase;
			buildActionMask = 2147483647;
			files = (
				A925016B134385BF001759F5 /* InfoPlist.strings in Resources */,
				A925016E134385BF001759F5 /* ipadTests.h in Resources */,
			);
			runOnlyForDeploymentPostprocessing = 0;
		};
		A94D67FC13A2ED33003FC68F /* Resources */ = {
			isa = PBXResourcesBuildPhase;
			buildActionMask = 2147483647;
			files = (
				A94D680813A2ED33003FC68F /* InfoPlist.strings in Resources */,
				A94D680B13A2ED33003FC68F /* TestVideoPlaybackModelController.h in Resources */,
				A94D683F13A2F63E003FC68F /* TestData.sqlite in Resources */,
			);
			runOnlyForDeploymentPostprocessing = 0;
		};
/* End PBXResourcesBuildPhase section */

/* Begin PBXShellScriptBuildPhase section */
		A925015E134385BF001759F5 /* ShellScript */ = {
			isa = PBXShellScriptBuildPhase;
			buildActionMask = 2147483647;
			files = (
			);
			inputPaths = (
			);
			outputPaths = (
			);
			runOnlyForDeploymentPostprocessing = 0;
			shellPath = /bin/sh;
			shellScript = "# Run the unit tests in this test bundle.\n\"${SYSTEM_DEVELOPER_DIR}/Tools/RunUnitTests\"\n";
		};
		A94D67FD13A2ED33003FC68F /* ShellScript */ = {
			isa = PBXShellScriptBuildPhase;
			buildActionMask = 2147483647;
			files = (
			);
			inputPaths = (
			);
			outputPaths = (
			);
			runOnlyForDeploymentPostprocessing = 0;
			shellPath = /bin/sh;
			shellScript = "# Run the unit tests in this test bundle.\n\"${SYSTEM_DEVELOPER_DIR}/Tools/RunUnitTests\"\n";
		};
/* End PBXShellScriptBuildPhase section */

/* Begin PBXSourcesBuildPhase section */
		A9250138134385BF001759F5 /* Sources */ = {
			isa = PBXSourcesBuildPhase;
			buildActionMask = 2147483647;
			files = (
				A925014E134385BF001759F5 /* main.m in Sources */,
				A9250151134385BF001759F5 /* ipadAppDelegate.m in Sources */,
				A970506A13438F860022BF2C /* SocialSignInViewController.m in Sources */,
				A970506B13438F860022BF2C /* VideoPlaybackViewController.m in Sources */,
				A970508C13438F860022BF2C /* NMChannel.m in Sources */,
				A970508D13438F860022BF2C /* NMVideo.m in Sources */,
				A970508E13438F860022BF2C /* Nowmov.xcdatamodel in Sources */,
				A90DE57C13A1B62F0005FE6A /* NMAVQueuePlayer.m in Sources */,
				A94D67F813A2A768003FC68F /* VideoPlaybackModelController.m in Sources */,
				A941BD9413A41EA800BB3BE0 /* NMAVPlayerItem.m in Sources */,
				A97E238013A6E8F400EBA5EE /* ChannelPanelController.m in Sources */,
				A994523913A734B600B117E2 /* LaunchViewController.m in Sources */,
				A99BA0AA13A7540B0010F202 /* VideoRowController.m in Sources */,
				A962DD7213A82D3A004CC111 /* NMMovieDetailView.m in Sources */,
				A9D9EE1E13AABEB0009ABBEA /* NMStyleUtility.m in Sources */,
				A9976F2413BB3A2800B06DFF /* NMControlsView.m in Sources */,
				A9976F2213BB388000B06DFF /* NMMovieView.m in Sources */,
				A973AC2713AAFAD90050025B /* NMChannelPanelView.m in Sources */,
				A91BC93213AFEAEA0039C0F4 /* PanelVideoContainerView.m in Sources */,
				A92B4DC913B5DD4D0008D8D0 /* ChannelContainerView.m in Sources */,
				A9B3EE6F13B91C340058E114 /* NMVideoDetail.m in Sources */,
				A9758C4D13BD4FBC000503A5 /* NMMovieBackgroundView.m in Sources */,
				227F2DF413CEB99400E2805E /* AGOrientedTableView.m in Sources */,
			);
			runOnlyForDeploymentPostprocessing = 0;
		};
		A925015B134385BF001759F5 /* Sources */ = {
			isa = PBXSourcesBuildPhase;
			buildActionMask = 2147483647;
			files = (
				A9250170134385BF001759F5 /* ipadTests.m in Sources */,
			);
			runOnlyForDeploymentPostprocessing = 0;
		};
		A94D67FA13A2ED33003FC68F /* Sources */ = {
			isa = PBXSourcesBuildPhase;
			buildActionMask = 2147483647;
			files = (
				A94D682D13A2EF2E003FC68F /* JSONKit.m in Sources */,
				A94D682E13A2EF2E003FC68F /* NMDataController.m in Sources */,
				A94D682F13A2EF2E003FC68F /* NMCacheController.m in Sources */,
				A94D683013A2EF2E003FC68F /* NMNetworkController.m in Sources */,
				A94D683113A2EF2E003FC68F /* NMTaskQueueController.m in Sources */,
				A94D681913A2EEFF003FC68F /* NMGetChannelsTask.m in Sources */,
				A94D681B13A2EEFF003FC68F /* NMGetChannelVideoListTask.m in Sources */,
				A94D681D13A2EEFF003FC68F /* NMRefreshChannelVideoListTask.m in Sources */,
				A94D682313A2EF00003FC68F /* NMGetVimeoDirectURLTask.m in Sources */,
				A94D682513A2EF00003FC68F /* NMGetYouTubeDirectURLTask.m in Sources */,
				A94D682713A2EF00003FC68F /* NMTask.m in Sources */,
				A94D682A13A2EF00003FC68F /* NMEventTask.m in Sources */,
				A94D682C13A2EF00003FC68F /* NMImageDownloadTask.m in Sources */,
				A94D681313A2EEF4003FC68F /* NMAVQueuePlayer.m in Sources */,
				A94D681713A2EEF4003FC68F /* VideoPlaybackModelController.m in Sources */,
				A94D680D13A2ED33003FC68F /* TestVideoPlaybackModelController.m in Sources */,
			);
			runOnlyForDeploymentPostprocessing = 0;
		};
		A9976EF813BB355200B06DFF /* Sources */ = {
			isa = PBXSourcesBuildPhase;
			buildActionMask = 2147483647;
			files = (
				A9976F0613BB35AD00B06DFF /* JSONKit.m in Sources */,
				A9976F0713BB35AD00B06DFF /* NMDataController.m in Sources */,
				A9976F0813BB35AD00B06DFF /* NMCacheController.m in Sources */,
				A9976F0913BB35AD00B06DFF /* NMNetworkController.m in Sources */,
				A9976F0A13BB35AD00B06DFF /* NMTaskQueueController.m in Sources */,
				A9976F0B13BB35AD00B06DFF /* NMGetChannelsTask.m in Sources */,
				A9976F0C13BB35AD00B06DFF /* NMGetChannelVideoListTask.m in Sources */,
				A9976F0D13BB35AD00B06DFF /* NMRefreshChannelVideoListTask.m in Sources */,
				A9976F0E13BB35AD00B06DFF /* NMGetVimeoDirectURLTask.m in Sources */,
				A9976F0F13BB35AD00B06DFF /* NMGetYouTubeDirectURLTask.m in Sources */,
				A9976F1013BB35AD00B06DFF /* NMTask.m in Sources */,
				A9976F1113BB35AD00B06DFF /* NMEventTask.m in Sources */,
				A9976F1213BB35AD00B06DFF /* NMImageDownloadTask.m in Sources */,
			);
			runOnlyForDeploymentPostprocessing = 0;
		};
/* End PBXSourcesBuildPhase section */

/* Begin PBXTargetDependency section */
		A9250165134385BF001759F5 /* PBXTargetDependency */ = {
			isa = PBXTargetDependency;
			target = A925013B134385BF001759F5 /* ipad */;
			targetProxy = A9250164134385BF001759F5 /* PBXContainerItemProxy */;
		};
		A9976F2113BB380600B06DFF /* PBXTargetDependency */ = {
			isa = PBXTargetDependency;
			target = A9976EFB13BB355200B06DFF /* NMLibrary */;
			targetProxy = A9976F2013BB380600B06DFF /* PBXContainerItemProxy */;
		};
/* End PBXTargetDependency section */

/* Begin PBXVariantGroup section */
		A9250149134385BF001759F5 /* InfoPlist.strings */ = {
			isa = PBXVariantGroup;
			children = (
				A925014A134385BF001759F5 /* en */,
			);
			name = InfoPlist.strings;
			sourceTree = "<group>";
		};
		A9250152134385BF001759F5 /* MainWindow.xib */ = {
			isa = PBXVariantGroup;
			children = (
				A9250153134385BF001759F5 /* en */,
			);
			name = MainWindow.xib;
			sourceTree = "<group>";
		};
		A9250169134385BF001759F5 /* InfoPlist.strings */ = {
			isa = PBXVariantGroup;
			children = (
				A925016A134385BF001759F5 /* en */,
			);
			name = InfoPlist.strings;
			sourceTree = "<group>";
		};
		A94D680613A2ED33003FC68F /* InfoPlist.strings */ = {
			isa = PBXVariantGroup;
			children = (
				A94D680713A2ED33003FC68F /* en */,
			);
			name = InfoPlist.strings;
			sourceTree = "<group>";
		};
/* End PBXVariantGroup section */

/* Begin XCBuildConfiguration section */
		A901A9A4134B7D47006F2EED /* Ad Hoc */ = {
			isa = XCBuildConfiguration;
			buildSettings = {
				ARCHS = "$(ARCHS_UNIVERSAL_IPHONE_OS)";
				"CODE_SIGN_IDENTITY[sdk=iphoneos*]" = "";
				GCC_C_LANGUAGE_STANDARD = gnu99;
				GCC_PREPROCESSOR_DEFINITIONS = DEBUG_PLAYER_DEBUG_MESSAGE;
				GCC_VERSION = com.apple.compilers.llvmgcc42;
				GCC_WARN_ABOUT_RETURN_TYPE = YES;
				GCC_WARN_UNUSED_VARIABLE = YES;
				IPHONEOS_DEPLOYMENT_TARGET = 4.3;
				OTHER_CFLAGS = "-DNS_BLOCK_ASSERTIONS=1";
				SDKROOT = iphoneos;
				TARGETED_DEVICE_FAMILY = 2;
			};
			name = "Ad Hoc";
		};
		A901A9A5134B7D47006F2EED /* Ad Hoc */ = {
			isa = XCBuildConfiguration;
			buildSettings = {
				ALWAYS_SEARCH_USER_PATHS = NO;
				COPY_PHASE_STRIP = YES;
				GCC_PRECOMPILE_PREFIX_HEADER = YES;
				GCC_PREFIX_HEADER = "ipad/ipad-Prefix.pch";
				INFOPLIST_FILE = "ipad/ipad-Info.plist";
				OTHER_LDFLAGS = "-ObjC";
				PRODUCT_NAME = "$(TARGET_NAME)";
				VALIDATE_PRODUCT = YES;
				WRAPPER_EXTENSION = app;
			};
			name = "Ad Hoc";
		};
		A901A9A6134B7D47006F2EED /* Ad Hoc */ = {
			isa = XCBuildConfiguration;
			buildSettings = {
				ALWAYS_SEARCH_USER_PATHS = NO;
				ARCHS = "$(ARCHS_STANDARD_32_BIT)";
				BUNDLE_LOADER = "$(BUILT_PRODUCTS_DIR)/ipad.app/ipad";
				FRAMEWORK_SEARCH_PATHS = (
					"$(SDKROOT)/Developer/Library/Frameworks",
					"$(DEVELOPER_LIBRARY_DIR)/Frameworks",
				);
				GCC_PRECOMPILE_PREFIX_HEADER = YES;
				GCC_PREFIX_HEADER = "ipadTests/ipadTests-Prefix.pch";
				INFOPLIST_FILE = "ipadTests/ipadTests-Info.plist";
				OTHER_LDFLAGS = (
					"-framework",
					SenTestingKit,
				);
				PRODUCT_NAME = "$(TARGET_NAME)";
				TEST_HOST = "$(BUNDLE_LOADER)";
				WRAPPER_EXTENSION = octest;
			};
			name = "Ad Hoc";
		};
		A9250171134385BF001759F5 /* Debug */ = {
			isa = XCBuildConfiguration;
			buildSettings = {
				ARCHS = "$(ARCHS_UNIVERSAL_IPHONE_OS)";
				CODE_SIGN_IDENTITY = "";
				"CODE_SIGN_IDENTITY[sdk=iphoneos*]" = "iPhone Developer";
				GCC_C_LANGUAGE_STANDARD = gnu99;
				GCC_OPTIMIZATION_LEVEL = 0;
				GCC_PREPROCESSOR_DEFINITIONS = "";
				GCC_SYMBOLS_PRIVATE_EXTERN = NO;
				GCC_VERSION = com.apple.compilers.llvmgcc42;
				GCC_WARN_ABOUT_RETURN_TYPE = YES;
				GCC_WARN_UNUSED_VARIABLE = YES;
				IPHONEOS_DEPLOYMENT_TARGET = 4.3;
				"PROVISIONING_PROFILE[sdk=iphoneos*]" = "";
				SDKROOT = iphoneos;
				TARGETED_DEVICE_FAMILY = 2;
			};
			name = Debug;
		};
		A9250172134385BF001759F5 /* Release */ = {
			isa = XCBuildConfiguration;
			buildSettings = {
				ARCHS = "$(ARCHS_UNIVERSAL_IPHONE_OS)";
				"CODE_SIGN_IDENTITY[sdk=iphoneos*]" = "";
				GCC_C_LANGUAGE_STANDARD = gnu99;
				GCC_VERSION = com.apple.compilers.llvmgcc42;
				GCC_WARN_ABOUT_RETURN_TYPE = YES;
				GCC_WARN_UNUSED_VARIABLE = YES;
				IPHONEOS_DEPLOYMENT_TARGET = 4.3;
				OTHER_CFLAGS = "-DNS_BLOCK_ASSERTIONS=1";
				SDKROOT = iphoneos;
				TARGETED_DEVICE_FAMILY = 2;
			};
			name = Release;
		};
		A9250174134385BF001759F5 /* Debug */ = {
			isa = XCBuildConfiguration;
			buildSettings = {
				ALWAYS_SEARCH_USER_PATHS = NO;
				COPY_PHASE_STRIP = NO;
				GCC_DYNAMIC_NO_PIC = NO;
				GCC_PRECOMPILE_PREFIX_HEADER = YES;
				GCC_PREFIX_HEADER = "ipad/ipad-Prefix.pch";
				GCC_PREPROCESSOR_DEFINITIONS = (
					DEBUG_PLAYER_NAVIGATION,
					DEBUG_PLAYBACK_QUEUE,
					DEBUG_PLAYBACK_NETWORK_CALL,
				);
				INFOPLIST_FILE = "ipad/ipad-Info.plist";
				OTHER_LDFLAGS = "-ObjC";
				PRODUCT_NAME = "$(TARGET_NAME)";
				WRAPPER_EXTENSION = app;
			};
			name = Debug;
		};
		A9250175134385BF001759F5 /* Release */ = {
			isa = XCBuildConfiguration;
			buildSettings = {
				ALWAYS_SEARCH_USER_PATHS = NO;
				COPY_PHASE_STRIP = YES;
				GCC_PRECOMPILE_PREFIX_HEADER = YES;
				GCC_PREFIX_HEADER = "ipad/ipad-Prefix.pch";
				INFOPLIST_FILE = "ipad/ipad-Info.plist";
				OTHER_LDFLAGS = "-ObjC";
				PRODUCT_NAME = "$(TARGET_NAME)";
				VALIDATE_PRODUCT = YES;
				WRAPPER_EXTENSION = app;
			};
			name = Release;
		};
		A9250177134385BF001759F5 /* Debug */ = {
			isa = XCBuildConfiguration;
			buildSettings = {
				ALWAYS_SEARCH_USER_PATHS = NO;
				ARCHS = "$(ARCHS_STANDARD_32_BIT)";
				BUNDLE_LOADER = "$(BUILT_PRODUCTS_DIR)/ipad.app/ipad";
				FRAMEWORK_SEARCH_PATHS = (
					"$(SDKROOT)/Developer/Library/Frameworks",
					"$(DEVELOPER_LIBRARY_DIR)/Frameworks",
				);
				GCC_PRECOMPILE_PREFIX_HEADER = YES;
				GCC_PREFIX_HEADER = "ipadTests/ipadTests-Prefix.pch";
				INFOPLIST_FILE = "ipadTests/ipadTests-Info.plist";
				OTHER_LDFLAGS = (
					"-framework",
					SenTestingKit,
				);
				PRODUCT_NAME = "$(TARGET_NAME)";
				TEST_HOST = "$(BUNDLE_LOADER)";
				WRAPPER_EXTENSION = octest;
			};
			name = Debug;
		};
		A9250178134385BF001759F5 /* Release */ = {
			isa = XCBuildConfiguration;
			buildSettings = {
				ALWAYS_SEARCH_USER_PATHS = NO;
				ARCHS = "$(ARCHS_STANDARD_32_BIT)";
				BUNDLE_LOADER = "$(BUILT_PRODUCTS_DIR)/ipad.app/ipad";
				FRAMEWORK_SEARCH_PATHS = (
					"$(SDKROOT)/Developer/Library/Frameworks",
					"$(DEVELOPER_LIBRARY_DIR)/Frameworks",
				);
				GCC_PRECOMPILE_PREFIX_HEADER = YES;
				GCC_PREFIX_HEADER = "ipadTests/ipadTests-Prefix.pch";
				INFOPLIST_FILE = "ipadTests/ipadTests-Info.plist";
				OTHER_LDFLAGS = (
					"-framework",
					SenTestingKit,
				);
				PRODUCT_NAME = "$(TARGET_NAME)";
				TEST_HOST = "$(BUNDLE_LOADER)";
				WRAPPER_EXTENSION = octest;
			};
			name = Release;
		};
		A94D680F13A2ED33003FC68F /* Debug */ = {
			isa = XCBuildConfiguration;
			buildSettings = {
				ALWAYS_SEARCH_USER_PATHS = NO;
				ARCHS = "$(ARCHS_STANDARD_32_BIT)";
				FRAMEWORK_SEARCH_PATHS = (
					"$(SDKROOT)/Developer/Library/Frameworks",
					"$(DEVELOPER_LIBRARY_DIR)/Frameworks",
				);
				GCC_PRECOMPILE_PREFIX_HEADER = YES;
				GCC_PREFIX_HEADER = "TestVideoPlaybackModelController/TestVideoPlaybackModelController-Prefix.pch";
				GCC_PREPROCESSOR_DEFINITIONS = DEBUG;
				INFOPLIST_FILE = "TestVideoPlaybackModelController/TestVideoPlaybackModelController-Info.plist";
				OTHER_LDFLAGS = (
					"-framework",
					SenTestingKit,
				);
				PRODUCT_NAME = "$(TARGET_NAME)";
				WRAPPER_EXTENSION = octest;
			};
			name = Debug;
		};
		A94D681013A2ED33003FC68F /* Release */ = {
			isa = XCBuildConfiguration;
			buildSettings = {
				ALWAYS_SEARCH_USER_PATHS = NO;
				ARCHS = "$(ARCHS_STANDARD_32_BIT)";
				FRAMEWORK_SEARCH_PATHS = (
					"$(SDKROOT)/Developer/Library/Frameworks",
					"$(DEVELOPER_LIBRARY_DIR)/Frameworks",
				);
				GCC_PRECOMPILE_PREFIX_HEADER = YES;
				GCC_PREFIX_HEADER = "TestVideoPlaybackModelController/TestVideoPlaybackModelController-Prefix.pch";
				INFOPLIST_FILE = "TestVideoPlaybackModelController/TestVideoPlaybackModelController-Info.plist";
				OTHER_LDFLAGS = (
					"-framework",
					SenTestingKit,
				);
				PRODUCT_NAME = "$(TARGET_NAME)";
				WRAPPER_EXTENSION = octest;
			};
			name = Release;
		};
		A94D681113A2ED33003FC68F /* Ad Hoc */ = {
			isa = XCBuildConfiguration;
			buildSettings = {
				ALWAYS_SEARCH_USER_PATHS = NO;
				ARCHS = "$(ARCHS_STANDARD_32_BIT)";
				FRAMEWORK_SEARCH_PATHS = (
					"$(SDKROOT)/Developer/Library/Frameworks",
					"$(DEVELOPER_LIBRARY_DIR)/Frameworks",
				);
				GCC_PRECOMPILE_PREFIX_HEADER = YES;
				GCC_PREFIX_HEADER = "TestVideoPlaybackModelController/TestVideoPlaybackModelController-Prefix.pch";
				INFOPLIST_FILE = "TestVideoPlaybackModelController/TestVideoPlaybackModelController-Info.plist";
				OTHER_LDFLAGS = (
					"-framework",
					SenTestingKit,
				);
				PRODUCT_NAME = "$(TARGET_NAME)";
				WRAPPER_EXTENSION = octest;
			};
			name = "Ad Hoc";
		};
		A9976F0113BB355200B06DFF /* Debug */ = {
			isa = XCBuildConfiguration;
			buildSettings = {
				ALWAYS_SEARCH_USER_PATHS = NO;
				ARCHS = "$(ARCHS_STANDARD_32_BIT)";
				DSTROOT = /tmp/NMLibrary.dst;
				GCC_PRECOMPILE_PREFIX_HEADER = YES;
				GCC_PREFIX_HEADER = "NMLibrary/NMLibrary-Prefix.pch";
				GCC_PREPROCESSOR_DEFINITIONS = (
					DEBUG_CONNECTION_CONTROLLER,
					DEBUG_VIDEO_LIST_REFRESH,
					DEBUG_PLAYBACK_NETWORK_CALL,
				);
				OTHER_LDFLAGS = "-ObjC";
				PRODUCT_NAME = "$(TARGET_NAME)";
			};
			name = Debug;
		};
		A9976F0213BB355200B06DFF /* Release */ = {
			isa = XCBuildConfiguration;
			buildSettings = {
				ALWAYS_SEARCH_USER_PATHS = NO;
				ARCHS = "$(ARCHS_STANDARD_32_BIT)";
				DSTROOT = /tmp/NMLibrary.dst;
				GCC_PRECOMPILE_PREFIX_HEADER = YES;
				GCC_PREFIX_HEADER = "NMLibrary/NMLibrary-Prefix.pch";
				OTHER_LDFLAGS = "-ObjC";
				PRODUCT_NAME = "$(TARGET_NAME)";
			};
			name = Release;
		};
		A9976F0313BB355200B06DFF /* Ad Hoc */ = {
			isa = XCBuildConfiguration;
			buildSettings = {
				ALWAYS_SEARCH_USER_PATHS = NO;
				ARCHS = "$(ARCHS_STANDARD_32_BIT)";
				DSTROOT = /tmp/NMLibrary.dst;
				GCC_PRECOMPILE_PREFIX_HEADER = YES;
				GCC_PREFIX_HEADER = "NMLibrary/NMLibrary-Prefix.pch";
				OTHER_LDFLAGS = "-ObjC";
				PRODUCT_NAME = "$(TARGET_NAME)";
			};
			name = "Ad Hoc";
		};
/* End XCBuildConfiguration section */

/* Begin XCConfigurationList section */
		A9250136134385BF001759F5 /* Build configuration list for PBXProject "ipad" */ = {
			isa = XCConfigurationList;
			buildConfigurations = (
				A9250171134385BF001759F5 /* Debug */,
				A9250172134385BF001759F5 /* Release */,
				A901A9A4134B7D47006F2EED /* Ad Hoc */,
			);
			defaultConfigurationIsVisible = 0;
			defaultConfigurationName = Release;
		};
		A9250173134385BF001759F5 /* Build configuration list for PBXNativeTarget "ipad" */ = {
			isa = XCConfigurationList;
			buildConfigurations = (
				A9250174134385BF001759F5 /* Debug */,
				A9250175134385BF001759F5 /* Release */,
				A901A9A5134B7D47006F2EED /* Ad Hoc */,
			);
			defaultConfigurationIsVisible = 0;
			defaultConfigurationName = Release;
		};
		A9250176134385BF001759F5 /* Build configuration list for PBXNativeTarget "ipadTests" */ = {
			isa = XCConfigurationList;
			buildConfigurations = (
				A9250177134385BF001759F5 /* Debug */,
				A9250178134385BF001759F5 /* Release */,
				A901A9A6134B7D47006F2EED /* Ad Hoc */,
			);
			defaultConfigurationIsVisible = 0;
			defaultConfigurationName = Release;
		};
		A94D680E13A2ED33003FC68F /* Build configuration list for PBXNativeTarget "TestVideoPlaybackModelController" */ = {
			isa = XCConfigurationList;
			buildConfigurations = (
				A94D680F13A2ED33003FC68F /* Debug */,
				A94D681013A2ED33003FC68F /* Release */,
				A94D681113A2ED33003FC68F /* Ad Hoc */,
			);
			defaultConfigurationIsVisible = 0;
			defaultConfigurationName = Release;
		};
		A9976F0413BB355200B06DFF /* Build configuration list for PBXNativeTarget "NMLibrary" */ = {
			isa = XCConfigurationList;
			buildConfigurations = (
				A9976F0113BB355200B06DFF /* Debug */,
				A9976F0213BB355200B06DFF /* Release */,
				A9976F0313BB355200B06DFF /* Ad Hoc */,
			);
			defaultConfigurationIsVisible = 0;
			defaultConfigurationName = Release;
		};
/* End XCConfigurationList section */
	};
	rootObject = A9250133134385BF001759F5 /* Project object */;
}
