// !$*UTF8*$!
{
	archiveVersion = 1;
	classes = {
	};
	objectVersion = 46;
	objects = {

/* Begin PBXBuildFile section */
		A9042616135754710067E53F /* progress_bar.png in Resources */ = {isa = PBXBuildFile; fileRef = A9042615135754710067E53F /* progress_bar.png */; };
		A90DE57C13A1B62F0005FE6A /* NMAVQueuePlayer.m in Sources */ = {isa = PBXBuildFile; fileRef = A90DE57B13A1B62F0005FE6A /* NMAVQueuePlayer.m */; };
		A9250141134385BF001759F5 /* UIKit.framework in Frameworks */ = {isa = PBXBuildFile; fileRef = A9250140134385BF001759F5 /* UIKit.framework */; };
		A9250143134385BF001759F5 /* Foundation.framework in Frameworks */ = {isa = PBXBuildFile; fileRef = A9250142134385BF001759F5 /* Foundation.framework */; };
		A9250145134385BF001759F5 /* CoreGraphics.framework in Frameworks */ = {isa = PBXBuildFile; fileRef = A9250144134385BF001759F5 /* CoreGraphics.framework */; };
		A925014B134385BF001759F5 /* InfoPlist.strings in Resources */ = {isa = PBXBuildFile; fileRef = A9250149134385BF001759F5 /* InfoPlist.strings */; };
		A925014E134385BF001759F5 /* main.m in Sources */ = {isa = PBXBuildFile; fileRef = A925014D134385BF001759F5 /* main.m */; };
		A9250151134385BF001759F5 /* ipadAppDelegate.m in Sources */ = {isa = PBXBuildFile; fileRef = A9250150134385BF001759F5 /* ipadAppDelegate.m */; };
		A9250154134385BF001759F5 /* MainWindow.xib in Resources */ = {isa = PBXBuildFile; fileRef = A9250152134385BF001759F5 /* MainWindow.xib */; };
		A9250161134385BF001759F5 /* UIKit.framework in Frameworks */ = {isa = PBXBuildFile; fileRef = A9250140134385BF001759F5 /* UIKit.framework */; };
		A9250162134385BF001759F5 /* Foundation.framework in Frameworks */ = {isa = PBXBuildFile; fileRef = A9250142134385BF001759F5 /* Foundation.framework */; };
		A9250163134385BF001759F5 /* CoreGraphics.framework in Frameworks */ = {isa = PBXBuildFile; fileRef = A9250144134385BF001759F5 /* CoreGraphics.framework */; };
		A925016B134385BF001759F5 /* InfoPlist.strings in Resources */ = {isa = PBXBuildFile; fileRef = A9250169134385BF001759F5 /* InfoPlist.strings */; };
		A925016E134385BF001759F5 /* ipadTests.h in Resources */ = {isa = PBXBuildFile; fileRef = A925016D134385BF001759F5 /* ipadTests.h */; };
		A9250170134385BF001759F5 /* ipadTests.m in Sources */ = {isa = PBXBuildFile; fileRef = A925016F134385BF001759F5 /* ipadTests.m */; };
		A93584CF139EE96D0009A264 /* ChannelPanelView.xib in Resources */ = {isa = PBXBuildFile; fileRef = A93584CE139EE96D0009A264 /* ChannelPanelView.xib */; };
		A941BD9413A41EA800BB3BE0 /* NMAVPlayerItem.m in Sources */ = {isa = PBXBuildFile; fileRef = A941BD9313A41EA800BB3BE0 /* NMAVPlayerItem.m */; };
		A941BD9613A47E7300BB3BE0 /* AVFoundation.framework in Frameworks */ = {isa = PBXBuildFile; fileRef = A97050CF134398DD0022BF2C /* AVFoundation.framework */; };
		A941BD9713A47E7900BB3BE0 /* CoreMedia.framework in Frameworks */ = {isa = PBXBuildFile; fileRef = A97050D313439B540022BF2C /* CoreMedia.framework */; };
		A94D67F813A2A768003FC68F /* VideoPlaybackModelController.m in Sources */ = {isa = PBXBuildFile; fileRef = A94D67F713A2A768003FC68F /* VideoPlaybackModelController.m */; };
		A94D680013A2ED33003FC68F /* UIKit.framework in Frameworks */ = {isa = PBXBuildFile; fileRef = A9250140134385BF001759F5 /* UIKit.framework */; };
		A94D680113A2ED33003FC68F /* Foundation.framework in Frameworks */ = {isa = PBXBuildFile; fileRef = A9250142134385BF001759F5 /* Foundation.framework */; };
		A94D680213A2ED33003FC68F /* CoreGraphics.framework in Frameworks */ = {isa = PBXBuildFile; fileRef = A9250144134385BF001759F5 /* CoreGraphics.framework */; };
		A94D680813A2ED33003FC68F /* InfoPlist.strings in Resources */ = {isa = PBXBuildFile; fileRef = A94D680613A2ED33003FC68F /* InfoPlist.strings */; };
		A94D680B13A2ED33003FC68F /* TestVideoPlaybackModelController.h in Resources */ = {isa = PBXBuildFile; fileRef = A94D680A13A2ED33003FC68F /* TestVideoPlaybackModelController.h */; };
		A94D680D13A2ED33003FC68F /* TestVideoPlaybackModelController.m in Sources */ = {isa = PBXBuildFile; fileRef = A94D680C13A2ED33003FC68F /* TestVideoPlaybackModelController.m */; };
		A94D681313A2EEF4003FC68F /* NMAVQueuePlayer.m in Sources */ = {isa = PBXBuildFile; fileRef = A90DE57B13A1B62F0005FE6A /* NMAVQueuePlayer.m */; };
		A94D681713A2EEF4003FC68F /* VideoPlaybackModelController.m in Sources */ = {isa = PBXBuildFile; fileRef = A94D67F713A2A768003FC68F /* VideoPlaybackModelController.m */; };
		A94D681913A2EEFF003FC68F /* NMGetChannelsTask.m in Sources */ = {isa = PBXBuildFile; fileRef = A970504C13438F860022BF2C /* NMGetChannelsTask.m */; };
		A94D681B13A2EEFF003FC68F /* NMGetChannelVideoListTask.m in Sources */ = {isa = PBXBuildFile; fileRef = A970504E13438F860022BF2C /* NMGetChannelVideoListTask.m */; };
		A94D681D13A2EEFF003FC68F /* NMRefreshChannelVideoListTask.m in Sources */ = {isa = PBXBuildFile; fileRef = A98154A7137E1607001FADB4 /* NMRefreshChannelVideoListTask.m */; };
		A94D682313A2EF00003FC68F /* NMGetVimeoDirectURLTask.m in Sources */ = {isa = PBXBuildFile; fileRef = A970505613438F860022BF2C /* NMGetVimeoDirectURLTask.m */; };
		A94D682513A2EF00003FC68F /* NMGetYouTubeDirectURLTask.m in Sources */ = {isa = PBXBuildFile; fileRef = A970505813438F860022BF2C /* NMGetYouTubeDirectURLTask.m */; };
		A94D682713A2EF00003FC68F /* NMTask.m in Sources */ = {isa = PBXBuildFile; fileRef = A970505A13438F860022BF2C /* NMTask.m */; };
		A94D682A13A2EF00003FC68F /* NMEventTask.m in Sources */ = {isa = PBXBuildFile; fileRef = A9B19640134C6B0B00CA17A0 /* NMEventTask.m */; };
		A94D682C13A2EF00003FC68F /* NMImageDownloadTask.m in Sources */ = {isa = PBXBuildFile; fileRef = A9ECD613135E9703004B7F78 /* NMImageDownloadTask.m */; };
		A94D682D13A2EF2E003FC68F /* JSONKit.m in Sources */ = {isa = PBXBuildFile; fileRef = A970504113438F860022BF2C /* JSONKit.m */; };
		A94D682E13A2EF2E003FC68F /* NMDataController.m in Sources */ = {isa = PBXBuildFile; fileRef = A970504313438F860022BF2C /* NMDataController.m */; };
		A94D682F13A2EF2E003FC68F /* NMCacheController.m in Sources */ = {isa = PBXBuildFile; fileRef = A9ECD60F135E9611004B7F78 /* NMCacheController.m */; };
		A94D683013A2EF2E003FC68F /* NMNetworkController.m in Sources */ = {isa = PBXBuildFile; fileRef = A970504713438F860022BF2C /* NMNetworkController.m */; };
		A94D683113A2EF2E003FC68F /* NMTaskQueueController.m in Sources */ = {isa = PBXBuildFile; fileRef = A970504913438F860022BF2C /* NMTaskQueueController.m */; };
		A94D683F13A2F63E003FC68F /* TestData.sqlite in Resources */ = {isa = PBXBuildFile; fileRef = A94D683E13A2F63E003FC68F /* TestData.sqlite */; };
		A953ED4E134CB9F100372F48 /* VideoControlView.xib in Resources */ = {isa = PBXBuildFile; fileRef = A953ED4D134CB9F100372F48 /* VideoControlView.xib */; };
		A962DD5E13A82552004CC111 /* MovieDetailInfoView.xib in Resources */ = {isa = PBXBuildFile; fileRef = A962DD5D13A82552004CC111 /* MovieDetailInfoView.xib */; };
		A962DD7213A82D3A004CC111 /* NMMovieDetailView.m in Sources */ = {isa = PBXBuildFile; fileRef = A962DD7113A82D3A004CC111 /* NMMovieDetailView.m */; };
		A9677829135F592E000810A4 /* channel_title.png in Resources */ = {isa = PBXBuildFile; fileRef = A9677828135F592E000810A4 /* channel_title.png */; };
		A96A93FD136028E500254CA5 /* progress_bar_nub.png in Resources */ = {isa = PBXBuildFile; fileRef = A96A93FC136028E500254CA5 /* progress_bar_nub.png */; };
		A970506A13438F860022BF2C /* SocialSignInViewController.m in Sources */ = {isa = PBXBuildFile; fileRef = A970501513438F860022BF2C /* SocialSignInViewController.m */; };
		A970506B13438F860022BF2C /* VideoPlaybackViewController.m in Sources */ = {isa = PBXBuildFile; fileRef = A970501713438F860022BF2C /* VideoPlaybackViewController.m */; };
		A970506F13438F860022BF2C /* btn_explore.png in Resources */ = {isa = PBXBuildFile; fileRef = A970501C13438F860022BF2C /* btn_explore.png */; };
		A970507013438F860022BF2C /* btn_explore_active.png in Resources */ = {isa = PBXBuildFile; fileRef = A970501D13438F860022BF2C /* btn_explore_active.png */; };
		A970507113438F860022BF2C /* btn_heart.png in Resources */ = {isa = PBXBuildFile; fileRef = A970501E13438F860022BF2C /* btn_heart.png */; };
		A970507213438F860022BF2C /* btn_heart_active.png in Resources */ = {isa = PBXBuildFile; fileRef = A970501F13438F860022BF2C /* btn_heart_active.png */; };
		A970507313438F860022BF2C /* btn_heart_pressed.png in Resources */ = {isa = PBXBuildFile; fileRef = A970502013438F860022BF2C /* btn_heart_pressed.png */; };
		A970507413438F860022BF2C /* btn_info.png in Resources */ = {isa = PBXBuildFile; fileRef = A970502113438F860022BF2C /* btn_info.png */; };
		A970507513438F860022BF2C /* btn_info_active.png in Resources */ = {isa = PBXBuildFile; fileRef = A970502213438F860022BF2C /* btn_info_active.png */; };
		A970507613438F860022BF2C /* btn_pause.png in Resources */ = {isa = PBXBuildFile; fileRef = A970502313438F860022BF2C /* btn_pause.png */; };
		A970507713438F860022BF2C /* btn_pause_active.png in Resources */ = {isa = PBXBuildFile; fileRef = A970502413438F860022BF2C /* btn_pause_active.png */; };
		A970507813438F860022BF2C /* btn_play.png in Resources */ = {isa = PBXBuildFile; fileRef = A970502513438F860022BF2C /* btn_play.png */; };
		A970507913438F860022BF2C /* btn_play_active.png in Resources */ = {isa = PBXBuildFile; fileRef = A970502613438F860022BF2C /* btn_play_active.png */; };
		A970507A13438F860022BF2C /* btn_share.png in Resources */ = {isa = PBXBuildFile; fileRef = A970502713438F860022BF2C /* btn_share.png */; };
		A970507B13438F860022BF2C /* btn_share_active.png in Resources */ = {isa = PBXBuildFile; fileRef = A970502813438F860022BF2C /* btn_share_active.png */; };
		A970507E13438F860022BF2C /* channel_border.png in Resources */ = {isa = PBXBuildFile; fileRef = A970502B13438F860022BF2C /* channel_border.png */; };
		A970508013438F860022BF2C /* channel_table_overlay.png in Resources */ = {isa = PBXBuildFile; fileRef = A970502D13438F860022BF2C /* channel_table_overlay.png */; };
		A970508113438F860022BF2C /* cntrl_next.png in Resources */ = {isa = PBXBuildFile; fileRef = A970502E13438F860022BF2C /* cntrl_next.png */; };
		A970508213438F860022BF2C /* cntrl_prev.png in Resources */ = {isa = PBXBuildFile; fileRef = A970502F13438F860022BF2C /* cntrl_prev.png */; };
		A970508513438F860022BF2C /* Icon.png in Resources */ = {isa = PBXBuildFile; fileRef = A970503213438F860022BF2C /* Icon.png */; };
		A970508713438F860022BF2C /* playback_progress_background.png in Resources */ = {isa = PBXBuildFile; fileRef = A970503413438F860022BF2C /* playback_progress_background.png */; };
		A970508C13438F860022BF2C /* NMChannel.m in Sources */ = {isa = PBXBuildFile; fileRef = A970503B13438F860022BF2C /* NMChannel.m */; };
		A970508D13438F860022BF2C /* NMVideo.m in Sources */ = {isa = PBXBuildFile; fileRef = A970503D13438F860022BF2C /* NMVideo.m */; };
		A970508E13438F860022BF2C /* Nowmov.xcdatamodel in Sources */ = {isa = PBXBuildFile; fileRef = A970503E13438F860022BF2C /* Nowmov.xcdatamodel */; };
		A970508F13438F860022BF2C /* JSONKit.m in Sources */ = {isa = PBXBuildFile; fileRef = A970504113438F860022BF2C /* JSONKit.m */; };
		A970509013438F860022BF2C /* NMDataController.m in Sources */ = {isa = PBXBuildFile; fileRef = A970504313438F860022BF2C /* NMDataController.m */; };
		A970509113438F860022BF2C /* NMNetworkController.m in Sources */ = {isa = PBXBuildFile; fileRef = A970504713438F860022BF2C /* NMNetworkController.m */; };
		A970509213438F860022BF2C /* NMTaskQueueController.m in Sources */ = {isa = PBXBuildFile; fileRef = A970504913438F860022BF2C /* NMTaskQueueController.m */; };
		A970509313438F860022BF2C /* NMGetChannelsTask.m in Sources */ = {isa = PBXBuildFile; fileRef = A970504C13438F860022BF2C /* NMGetChannelsTask.m */; };
		A970509413438F860022BF2C /* NMGetChannelVideoListTask.m in Sources */ = {isa = PBXBuildFile; fileRef = A970504E13438F860022BF2C /* NMGetChannelVideoListTask.m */; };
		A970509813438F860022BF2C /* NMGetVimeoDirectURLTask.m in Sources */ = {isa = PBXBuildFile; fileRef = A970505613438F860022BF2C /* NMGetVimeoDirectURLTask.m */; };
		A970509913438F860022BF2C /* NMGetYouTubeDirectURLTask.m in Sources */ = {isa = PBXBuildFile; fileRef = A970505813438F860022BF2C /* NMGetYouTubeDirectURLTask.m */; };
		A970509A13438F860022BF2C /* NMTask.m in Sources */ = {isa = PBXBuildFile; fileRef = A970505A13438F860022BF2C /* NMTask.m */; };
		A970509B13438F860022BF2C /* SocialSignInView.xib in Resources */ = {isa = PBXBuildFile; fileRef = A970505C13438F860022BF2C /* SocialSignInView.xib */; };
		A970509C13438F860022BF2C /* VideoPlaybackView.xib in Resources */ = {isa = PBXBuildFile; fileRef = A970505D13438F860022BF2C /* VideoPlaybackView.xib */; };
		A970509D13438F860022BF2C /* ChannelTableCellView.m in Sources */ = {isa = PBXBuildFile; fileRef = A970506013438F860022BF2C /* ChannelTableCellView.m */; };
		A970509E13438F860022BF2C /* NMControlsView.m in Sources */ = {isa = PBXBuildFile; fileRef = A970506213438F860022BF2C /* NMControlsView.m */; };
		A970509F13438F860022BF2C /* NMMovieView.m in Sources */ = {isa = PBXBuildFile; fileRef = A970506413438F860022BF2C /* NMMovieView.m */; };
		A97050A013438F860022BF2C /* NMTouchImageView.m in Sources */ = {isa = PBXBuildFile; fileRef = A970506613438F860022BF2C /* NMTouchImageView.m */; };
		A97050A4134392FA0022BF2C /* CoreData.framework in Frameworks */ = {isa = PBXBuildFile; fileRef = A97050A3134392FA0022BF2C /* CoreData.framework */; };
		A97050D0134398DD0022BF2C /* AVFoundation.framework in Frameworks */ = {isa = PBXBuildFile; fileRef = A97050CF134398DD0022BF2C /* AVFoundation.framework */; };
		A97050D2134399050022BF2C /* QuartzCore.framework in Frameworks */ = {isa = PBXBuildFile; fileRef = A97050D1134399050022BF2C /* QuartzCore.framework */; };
		A97050D413439B540022BF2C /* CoreMedia.framework in Frameworks */ = {isa = PBXBuildFile; fileRef = A97050D313439B540022BF2C /* CoreMedia.framework */; };
		A97E238013A6E8F400EBA5EE /* ChannelPanelController.m in Sources */ = {isa = PBXBuildFile; fileRef = A97E237F13A6E8F400EBA5EE /* ChannelPanelController.m */; };
		A98154A8137E1607001FADB4 /* NMRefreshChannelVideoListTask.m in Sources */ = {isa = PBXBuildFile; fileRef = A98154A7137E1607001FADB4 /* NMRefreshChannelVideoListTask.m */; };
		A9840FC2134EA1CA00CFF1EA /* button_facebook_active.png in Resources */ = {isa = PBXBuildFile; fileRef = A9840FB8134EA1CA00CFF1EA /* button_facebook_active.png */; };
		A9840FC3134EA1CA00CFF1EA /* button_facebook_normal.png in Resources */ = {isa = PBXBuildFile; fileRef = A9840FB9134EA1CA00CFF1EA /* button_facebook_normal.png */; };
		A9840FC4134EA1CA00CFF1EA /* button_twitter_active.png in Resources */ = {isa = PBXBuildFile; fileRef = A9840FBA134EA1CA00CFF1EA /* button_twitter_active.png */; };
		A9840FC5134EA1CA00CFF1EA /* button_twitter_normal.png in Resources */ = {isa = PBXBuildFile; fileRef = A9840FBB134EA1CA00CFF1EA /* button_twitter_normal.png */; };
		A9840FC6134EA1CA00CFF1EA /* thumb_down_on.png in Resources */ = {isa = PBXBuildFile; fileRef = A9840FBC134EA1CA00CFF1EA /* thumb_down_on.png */; };
		A9840FC7134EA1CA00CFF1EA /* thumb_down_pressed.png in Resources */ = {isa = PBXBuildFile; fileRef = A9840FBD134EA1CA00CFF1EA /* thumb_down_pressed.png */; };
		A9840FC8134EA1CA00CFF1EA /* thumb_down.png in Resources */ = {isa = PBXBuildFile; fileRef = A9840FBE134EA1CA00CFF1EA /* thumb_down.png */; };
		A9840FC9134EA1CA00CFF1EA /* thumb_up_on.png in Resources */ = {isa = PBXBuildFile; fileRef = A9840FBF134EA1CA00CFF1EA /* thumb_up_on.png */; };
		A9840FCA134EA1CA00CFF1EA /* thumb_up_pressed.png in Resources */ = {isa = PBXBuildFile; fileRef = A9840FC0134EA1CA00CFF1EA /* thumb_up_pressed.png */; };
		A9840FCB134EA1CA00CFF1EA /* thumb_up.png in Resources */ = {isa = PBXBuildFile; fileRef = A9840FC1134EA1CA00CFF1EA /* thumb_up.png */; };
		A9840FCF134EA2D500CFF1EA /* share_callout_active.png in Resources */ = {isa = PBXBuildFile; fileRef = A9840FCD134EA2D500CFF1EA /* share_callout_active.png */; };
		A9840FD0134EA2D500CFF1EA /* share_callout_normal.png in Resources */ = {isa = PBXBuildFile; fileRef = A9840FCE134EA2D500CFF1EA /* share_callout_normal.png */; };
		A994523913A734B600B117E2 /* LaunchViewController.m in Sources */ = {isa = PBXBuildFile; fileRef = A994523813A734B600B117E2 /* LaunchViewController.m */; };
		A99BA0AA13A7540B0010F202 /* VideoRowController.m in Sources */ = {isa = PBXBuildFile; fileRef = A99BA0A913A7540B0010F202 /* VideoRowController.m */; };
		A99BA0BD13A758FE0010F202 /* EasyTableView.m in Sources */ = {isa = PBXBuildFile; fileRef = A99BA0BC13A758FE0010F202 /* EasyTableView.m */; };
		A9A73FA513A73A3D005D9013 /* LaunchView.xib in Resources */ = {isa = PBXBuildFile; fileRef = A9A73FA413A73A3D005D9013 /* LaunchView.xib */; };
		A9A81099135F2D05004F569C /* channel_featured_active.png in Resources */ = {isa = PBXBuildFile; fileRef = A9A81091135F2D04004F569C /* channel_featured_active.png */; };
		A9A8109A135F2D05004F569C /* channel_featured_normal.png in Resources */ = {isa = PBXBuildFile; fileRef = A9A81092135F2D04004F569C /* channel_featured_normal.png */; };
		A9A8109B135F2D05004F569C /* channel_friends_active.png in Resources */ = {isa = PBXBuildFile; fileRef = A9A81093135F2D04004F569C /* channel_friends_active.png */; };
		A9A8109C135F2D05004F569C /* channel_friends_normal.png in Resources */ = {isa = PBXBuildFile; fileRef = A9A81094135F2D04004F569C /* channel_friends_normal.png */; };
		A9A8109D135F2D05004F569C /* channel_topics_active.png in Resources */ = {isa = PBXBuildFile; fileRef = A9A81095135F2D05004F569C /* channel_topics_active.png */; };
		A9A8109E135F2D05004F569C /* channel_topics_normal.png in Resources */ = {isa = PBXBuildFile; fileRef = A9A81096135F2D05004F569C /* channel_topics_normal.png */; };
		A9A8109F135F2D05004F569C /* channel_trending_active.png in Resources */ = {isa = PBXBuildFile; fileRef = A9A81097135F2D05004F569C /* channel_trending_active.png */; };
		A9A810A0135F2D05004F569C /* channel_trending_normal.png in Resources */ = {isa = PBXBuildFile; fileRef = A9A81098135F2D05004F569C /* channel_trending_normal.png */; };
		A9A810A3135F34AE004F569C /* channel_return_playback_active.png in Resources */ = {isa = PBXBuildFile; fileRef = A9A810A1135F34AE004F569C /* channel_return_playback_active.png */; };
		A9A810A4135F34AE004F569C /* channel_return_playback_normal.png in Resources */ = {isa = PBXBuildFile; fileRef = A9A810A2135F34AE004F569C /* channel_return_playback_normal.png */; };
		A9A810D9135F4997004F569C /* channel_thumbnail_background.png in Resources */ = {isa = PBXBuildFile; fileRef = A9A810D8135F4997004F569C /* channel_thumbnail_background.png */; };
		A9B19641134C6B0B00CA17A0 /* NMEventTask.m in Sources */ = {isa = PBXBuildFile; fileRef = A9B19640134C6B0B00CA17A0 /* NMEventTask.m */; };
		A9D9EE1E13AABEB0009ABBEA /* NMStyleUtility.m in Sources */ = {isa = PBXBuildFile; fileRef = A9D9EE1D13AABEB0009ABBEA /* NMStyleUtility.m */; };
		A9DB20C91348B8830018AA4A /* SystemConfiguration.framework in Frameworks */ = {isa = PBXBuildFile; fileRef = A9DB20C81348B8830018AA4A /* SystemConfiguration.framework */; };
		A9DB20CC1348B8990018AA4A /* MessageUI.framework in Frameworks */ = {isa = PBXBuildFile; fileRef = A9DB20CA1348B8980018AA4A /* MessageUI.framework */; };
		A9DB20CD1348B8990018AA4A /* Security.framework in Frameworks */ = {isa = PBXBuildFile; fileRef = A9DB20CB1348B8990018AA4A /* Security.framework */; };
		A9ECD610135E9611004B7F78 /* NMCacheController.m in Sources */ = {isa = PBXBuildFile; fileRef = A9ECD60F135E9611004B7F78 /* NMCacheController.m */; };
		A9ECD614135E9703004B7F78 /* NMImageDownloadTask.m in Sources */ = {isa = PBXBuildFile; fileRef = A9ECD613135E9703004B7F78 /* NMImageDownloadTask.m */; };
		A9F2499F134E44DE004BC497 /* background_video_control_header.png in Resources */ = {isa = PBXBuildFile; fileRef = A9F2499E134E44DE004BC497 /* background_video_control_header.png */; };
		A9F9EE30134DCC9000A2D68D /* background_header.png in Resources */ = {isa = PBXBuildFile; fileRef = A9F9EE2E134DCC9000A2D68D /* background_header.png */; };
		A9F9EE31134DCC9000A2D68D /* background_video_control_footer.png in Resources */ = {isa = PBXBuildFile; fileRef = A9F9EE2F134DCC9000A2D68D /* background_video_control_footer.png */; };
/* End PBXBuildFile section */

/* Begin PBXContainerItemProxy section */
		A9250164134385BF001759F5 /* PBXContainerItemProxy */ = {
			isa = PBXContainerItemProxy;
			containerPortal = A9250133134385BF001759F5 /* Project object */;
			proxyType = 1;
			remoteGlobalIDString = A925013B134385BF001759F5;
			remoteInfo = ipad;
		};
/* End PBXContainerItemProxy section */

/* Begin PBXFileReference section */
		A9042615135754710067E53F /* progress_bar.png */ = {isa = PBXFileReference; lastKnownFileType = image.png; path = progress_bar.png; sourceTree = "<group>"; };
		A90DE57A13A1B62F0005FE6A /* NMAVQueuePlayer.h */ = {isa = PBXFileReference; fileEncoding = 4; lastKnownFileType = sourcecode.c.h; path = NMAVQueuePlayer.h; sourceTree = "<group>"; };
		A90DE57B13A1B62F0005FE6A /* NMAVQueuePlayer.m */ = {isa = PBXFileReference; fileEncoding = 4; lastKnownFileType = sourcecode.c.objc; path = NMAVQueuePlayer.m; sourceTree = "<group>"; };
		A925013C134385BF001759F5 /* ipad.app */ = {isa = PBXFileReference; explicitFileType = wrapper.application; includeInIndex = 0; path = ipad.app; sourceTree = BUILT_PRODUCTS_DIR; };
		A9250140134385BF001759F5 /* UIKit.framework */ = {isa = PBXFileReference; lastKnownFileType = wrapper.framework; name = UIKit.framework; path = System/Library/Frameworks/UIKit.framework; sourceTree = SDKROOT; };
		A9250142134385BF001759F5 /* Foundation.framework */ = {isa = PBXFileReference; lastKnownFileType = wrapper.framework; name = Foundation.framework; path = System/Library/Frameworks/Foundation.framework; sourceTree = SDKROOT; };
		A9250144134385BF001759F5 /* CoreGraphics.framework */ = {isa = PBXFileReference; lastKnownFileType = wrapper.framework; name = CoreGraphics.framework; path = System/Library/Frameworks/CoreGraphics.framework; sourceTree = SDKROOT; };
		A9250148134385BF001759F5 /* ipad-Info.plist */ = {isa = PBXFileReference; lastKnownFileType = text.plist.xml; path = "ipad-Info.plist"; sourceTree = "<group>"; };
		A925014A134385BF001759F5 /* en */ = {isa = PBXFileReference; lastKnownFileType = text.plist.strings; name = en; path = en.lproj/InfoPlist.strings; sourceTree = "<group>"; };
		A925014C134385BF001759F5 /* ipad-Prefix.pch */ = {isa = PBXFileReference; lastKnownFileType = sourcecode.c.h; path = "ipad-Prefix.pch"; sourceTree = "<group>"; };
		A925014D134385BF001759F5 /* main.m */ = {isa = PBXFileReference; lastKnownFileType = sourcecode.c.objc; path = main.m; sourceTree = "<group>"; };
		A925014F134385BF001759F5 /* ipadAppDelegate.h */ = {isa = PBXFileReference; lastKnownFileType = sourcecode.c.h; path = ipadAppDelegate.h; sourceTree = "<group>"; };
		A9250150134385BF001759F5 /* ipadAppDelegate.m */ = {isa = PBXFileReference; lastKnownFileType = sourcecode.c.objc; path = ipadAppDelegate.m; sourceTree = "<group>"; };
		A9250153134385BF001759F5 /* en */ = {isa = PBXFileReference; lastKnownFileType = file.xib; name = en; path = en.lproj/MainWindow.xib; sourceTree = "<group>"; };
		A9250160134385BF001759F5 /* ipadTests.octest */ = {isa = PBXFileReference; explicitFileType = wrapper.cfbundle; includeInIndex = 0; path = ipadTests.octest; sourceTree = BUILT_PRODUCTS_DIR; };
		A9250168134385BF001759F5 /* ipadTests-Info.plist */ = {isa = PBXFileReference; lastKnownFileType = text.plist.xml; path = "ipadTests-Info.plist"; sourceTree = "<group>"; };
		A925016A134385BF001759F5 /* en */ = {isa = PBXFileReference; lastKnownFileType = text.plist.strings; name = en; path = en.lproj/InfoPlist.strings; sourceTree = "<group>"; };
		A925016C134385BF001759F5 /* ipadTests-Prefix.pch */ = {isa = PBXFileReference; lastKnownFileType = sourcecode.c.h; path = "ipadTests-Prefix.pch"; sourceTree = "<group>"; };
		A925016D134385BF001759F5 /* ipadTests.h */ = {isa = PBXFileReference; lastKnownFileType = sourcecode.c.h; path = ipadTests.h; sourceTree = "<group>"; };
		A925016F134385BF001759F5 /* ipadTests.m */ = {isa = PBXFileReference; lastKnownFileType = sourcecode.c.objc; path = ipadTests.m; sourceTree = "<group>"; };
		A93584CE139EE96D0009A264 /* ChannelPanelView.xib */ = {isa = PBXFileReference; fileEncoding = 4; lastKnownFileType = file.xib; path = ChannelPanelView.xib; sourceTree = "<group>"; };
		A941BD9213A41EA800BB3BE0 /* NMAVPlayerItem.h */ = {isa = PBXFileReference; fileEncoding = 4; lastKnownFileType = sourcecode.c.h; path = NMAVPlayerItem.h; sourceTree = "<group>"; };
		A941BD9313A41EA800BB3BE0 /* NMAVPlayerItem.m */ = {isa = PBXFileReference; fileEncoding = 4; lastKnownFileType = sourcecode.c.objc; path = NMAVPlayerItem.m; sourceTree = "<group>"; };
		A94D67F613A2A768003FC68F /* VideoPlaybackModelController.h */ = {isa = PBXFileReference; fileEncoding = 4; lastKnownFileType = sourcecode.c.h; path = VideoPlaybackModelController.h; sourceTree = "<group>"; };
		A94D67F713A2A768003FC68F /* VideoPlaybackModelController.m */ = {isa = PBXFileReference; fileEncoding = 4; lastKnownFileType = sourcecode.c.objc; path = VideoPlaybackModelController.m; sourceTree = "<group>"; };
		A94D67FF13A2ED33003FC68F /* TestVideoPlaybackModelController.octest */ = {isa = PBXFileReference; explicitFileType = wrapper.cfbundle; includeInIndex = 0; path = TestVideoPlaybackModelController.octest; sourceTree = BUILT_PRODUCTS_DIR; };
		A94D680513A2ED33003FC68F /* TestVideoPlaybackModelController-Info.plist */ = {isa = PBXFileReference; lastKnownFileType = text.plist.xml; path = "TestVideoPlaybackModelController-Info.plist"; sourceTree = "<group>"; };
		A94D680713A2ED33003FC68F /* en */ = {isa = PBXFileReference; lastKnownFileType = text.plist.strings; name = en; path = en.lproj/InfoPlist.strings; sourceTree = "<group>"; };
		A94D680913A2ED33003FC68F /* TestVideoPlaybackModelController-Prefix.pch */ = {isa = PBXFileReference; lastKnownFileType = sourcecode.c.h; path = "TestVideoPlaybackModelController-Prefix.pch"; sourceTree = "<group>"; };
		A94D680A13A2ED33003FC68F /* TestVideoPlaybackModelController.h */ = {isa = PBXFileReference; lastKnownFileType = sourcecode.c.h; path = TestVideoPlaybackModelController.h; sourceTree = "<group>"; };
		A94D680C13A2ED33003FC68F /* TestVideoPlaybackModelController.m */ = {isa = PBXFileReference; lastKnownFileType = sourcecode.c.objc; path = TestVideoPlaybackModelController.m; sourceTree = "<group>"; };
		A94D683E13A2F63E003FC68F /* TestData.sqlite */ = {isa = PBXFileReference; lastKnownFileType = file; path = TestData.sqlite; sourceTree = "<group>"; };
		A953ED4D134CB9F100372F48 /* VideoControlView.xib */ = {isa = PBXFileReference; fileEncoding = 4; lastKnownFileType = file.xib; path = VideoControlView.xib; sourceTree = "<group>"; };
		A962DD5D13A82552004CC111 /* MovieDetailInfoView.xib */ = {isa = PBXFileReference; fileEncoding = 4; lastKnownFileType = file.xib; path = MovieDetailInfoView.xib; sourceTree = "<group>"; };
		A962DD7013A82D3A004CC111 /* NMMovieDetailView.h */ = {isa = PBXFileReference; fileEncoding = 4; lastKnownFileType = sourcecode.c.h; path = NMMovieDetailView.h; sourceTree = "<group>"; };
		A962DD7113A82D3A004CC111 /* NMMovieDetailView.m */ = {isa = PBXFileReference; fileEncoding = 4; lastKnownFileType = sourcecode.c.objc; path = NMMovieDetailView.m; sourceTree = "<group>"; };
		A9677828135F592E000810A4 /* channel_title.png */ = {isa = PBXFileReference; lastKnownFileType = image.png; path = channel_title.png; sourceTree = "<group>"; };
		A96A93FC136028E500254CA5 /* progress_bar_nub.png */ = {isa = PBXFileReference; lastKnownFileType = image.png; path = progress_bar_nub.png; sourceTree = "<group>"; };
		A970501413438F860022BF2C /* SocialSignInViewController.h */ = {isa = PBXFileReference; fileEncoding = 4; lastKnownFileType = sourcecode.c.h; path = SocialSignInViewController.h; sourceTree = "<group>"; };
		A970501513438F860022BF2C /* SocialSignInViewController.m */ = {isa = PBXFileReference; fileEncoding = 4; lastKnownFileType = sourcecode.c.objc; path = SocialSignInViewController.m; sourceTree = "<group>"; };
		A970501613438F860022BF2C /* VideoPlaybackViewController.h */ = {isa = PBXFileReference; fileEncoding = 4; lastKnownFileType = sourcecode.c.h; path = VideoPlaybackViewController.h; sourceTree = "<group>"; };
		A970501713438F860022BF2C /* VideoPlaybackViewController.m */ = {isa = PBXFileReference; fileEncoding = 4; lastKnownFileType = sourcecode.c.objc; path = VideoPlaybackViewController.m; sourceTree = "<group>"; };
		A970501C13438F860022BF2C /* btn_explore.png */ = {isa = PBXFileReference; lastKnownFileType = image.png; path = btn_explore.png; sourceTree = "<group>"; };
		A970501D13438F860022BF2C /* btn_explore_active.png */ = {isa = PBXFileReference; lastKnownFileType = image.png; path = btn_explore_active.png; sourceTree = "<group>"; };
		A970501E13438F860022BF2C /* btn_heart.png */ = {isa = PBXFileReference; lastKnownFileType = image.png; path = btn_heart.png; sourceTree = "<group>"; };
		A970501F13438F860022BF2C /* btn_heart_active.png */ = {isa = PBXFileReference; lastKnownFileType = image.png; path = btn_heart_active.png; sourceTree = "<group>"; };
		A970502013438F860022BF2C /* btn_heart_pressed.png */ = {isa = PBXFileReference; lastKnownFileType = image.png; path = btn_heart_pressed.png; sourceTree = "<group>"; };
		A970502113438F860022BF2C /* btn_info.png */ = {isa = PBXFileReference; lastKnownFileType = image.png; path = btn_info.png; sourceTree = "<group>"; };
		A970502213438F860022BF2C /* btn_info_active.png */ = {isa = PBXFileReference; lastKnownFileType = image.png; path = btn_info_active.png; sourceTree = "<group>"; };
		A970502313438F860022BF2C /* btn_pause.png */ = {isa = PBXFileReference; lastKnownFileType = image.png; path = btn_pause.png; sourceTree = "<group>"; };
		A970502413438F860022BF2C /* btn_pause_active.png */ = {isa = PBXFileReference; lastKnownFileType = image.png; path = btn_pause_active.png; sourceTree = "<group>"; };
		A970502513438F860022BF2C /* btn_play.png */ = {isa = PBXFileReference; lastKnownFileType = image.png; path = btn_play.png; sourceTree = "<group>"; };
		A970502613438F860022BF2C /* btn_play_active.png */ = {isa = PBXFileReference; lastKnownFileType = image.png; path = btn_play_active.png; sourceTree = "<group>"; };
		A970502713438F860022BF2C /* btn_share.png */ = {isa = PBXFileReference; lastKnownFileType = image.png; path = btn_share.png; sourceTree = "<group>"; };
		A970502813438F860022BF2C /* btn_share_active.png */ = {isa = PBXFileReference; lastKnownFileType = image.png; path = btn_share_active.png; sourceTree = "<group>"; };
		A970502B13438F860022BF2C /* channel_border.png */ = {isa = PBXFileReference; lastKnownFileType = image.png; path = channel_border.png; sourceTree = "<group>"; };
		A970502D13438F860022BF2C /* channel_table_overlay.png */ = {isa = PBXFileReference; lastKnownFileType = image.png; path = channel_table_overlay.png; sourceTree = "<group>"; };
		A970502E13438F860022BF2C /* cntrl_next.png */ = {isa = PBXFileReference; lastKnownFileType = image.png; path = cntrl_next.png; sourceTree = "<group>"; };
		A970502F13438F860022BF2C /* cntrl_prev.png */ = {isa = PBXFileReference; lastKnownFileType = image.png; path = cntrl_prev.png; sourceTree = "<group>"; };
		A970503213438F860022BF2C /* Icon.png */ = {isa = PBXFileReference; lastKnownFileType = image.png; path = Icon.png; sourceTree = "<group>"; };
		A970503413438F860022BF2C /* playback_progress_background.png */ = {isa = PBXFileReference; lastKnownFileType = image.png; path = playback_progress_background.png; sourceTree = "<group>"; };
		A970503A13438F860022BF2C /* NMChannel.h */ = {isa = PBXFileReference; fileEncoding = 4; lastKnownFileType = sourcecode.c.h; path = NMChannel.h; sourceTree = "<group>"; };
		A970503B13438F860022BF2C /* NMChannel.m */ = {isa = PBXFileReference; fileEncoding = 4; lastKnownFileType = sourcecode.c.objc; path = NMChannel.m; sourceTree = "<group>"; };
		A970503C13438F860022BF2C /* NMVideo.h */ = {isa = PBXFileReference; fileEncoding = 4; lastKnownFileType = sourcecode.c.h; path = NMVideo.h; sourceTree = "<group>"; };
		A970503D13438F860022BF2C /* NMVideo.m */ = {isa = PBXFileReference; fileEncoding = 4; lastKnownFileType = sourcecode.c.objc; path = NMVideo.m; sourceTree = "<group>"; };
		A970503E13438F860022BF2C /* Nowmov.xcdatamodel */ = {isa = PBXFileReference; lastKnownFileType = wrapper.xcdatamodel; path = Nowmov.xcdatamodel; sourceTree = "<group>"; };
		A970504013438F860022BF2C /* JSONKit.h */ = {isa = PBXFileReference; fileEncoding = 4; lastKnownFileType = sourcecode.c.h; path = JSONKit.h; sourceTree = "<group>"; };
		A970504113438F860022BF2C /* JSONKit.m */ = {isa = PBXFileReference; fileEncoding = 4; lastKnownFileType = sourcecode.c.objc; path = JSONKit.m; sourceTree = "<group>"; };
		A970504213438F860022BF2C /* NMDataController.h */ = {isa = PBXFileReference; fileEncoding = 4; lastKnownFileType = sourcecode.c.h; path = NMDataController.h; sourceTree = "<group>"; };
		A970504313438F860022BF2C /* NMDataController.m */ = {isa = PBXFileReference; fileEncoding = 4; lastKnownFileType = sourcecode.c.objc; path = NMDataController.m; sourceTree = "<group>"; };
		A970504413438F860022BF2C /* NMDataType.h */ = {isa = PBXFileReference; fileEncoding = 4; lastKnownFileType = sourcecode.c.h; path = NMDataType.h; sourceTree = "<group>"; };
		A970504513438F860022BF2C /* NMLibrary.h */ = {isa = PBXFileReference; fileEncoding = 4; lastKnownFileType = sourcecode.c.h; path = NMLibrary.h; sourceTree = "<group>"; };
		A970504613438F860022BF2C /* NMNetworkController.h */ = {isa = PBXFileReference; fileEncoding = 4; lastKnownFileType = sourcecode.c.h; path = NMNetworkController.h; sourceTree = "<group>"; };
		A970504713438F860022BF2C /* NMNetworkController.m */ = {isa = PBXFileReference; fileEncoding = 4; lastKnownFileType = sourcecode.c.objc; path = NMNetworkController.m; sourceTree = "<group>"; };
		A970504813438F860022BF2C /* NMTaskQueueController.h */ = {isa = PBXFileReference; fileEncoding = 4; lastKnownFileType = sourcecode.c.h; path = NMTaskQueueController.h; sourceTree = "<group>"; };
		A970504913438F860022BF2C /* NMTaskQueueController.m */ = {isa = PBXFileReference; fileEncoding = 4; lastKnownFileType = sourcecode.c.objc; path = NMTaskQueueController.m; sourceTree = "<group>"; };
		A970504B13438F860022BF2C /* NMGetChannelsTask.h */ = {isa = PBXFileReference; fileEncoding = 4; lastKnownFileType = sourcecode.c.h; path = NMGetChannelsTask.h; sourceTree = "<group>"; };
		A970504C13438F860022BF2C /* NMGetChannelsTask.m */ = {isa = PBXFileReference; fileEncoding = 4; lastKnownFileType = sourcecode.c.objc; path = NMGetChannelsTask.m; sourceTree = "<group>"; };
		A970504D13438F860022BF2C /* NMGetChannelVideoListTask.h */ = {isa = PBXFileReference; fileEncoding = 4; lastKnownFileType = sourcecode.c.h; path = NMGetChannelVideoListTask.h; sourceTree = "<group>"; };
		A970504E13438F860022BF2C /* NMGetChannelVideoListTask.m */ = {isa = PBXFileReference; fileEncoding = 4; lastKnownFileType = sourcecode.c.objc; path = NMGetChannelVideoListTask.m; sourceTree = "<group>"; };
		A970505513438F860022BF2C /* NMGetVimeoDirectURLTask.h */ = {isa = PBXFileReference; fileEncoding = 4; lastKnownFileType = sourcecode.c.h; path = NMGetVimeoDirectURLTask.h; sourceTree = "<group>"; };
		A970505613438F860022BF2C /* NMGetVimeoDirectURLTask.m */ = {isa = PBXFileReference; fileEncoding = 4; lastKnownFileType = sourcecode.c.objc; path = NMGetVimeoDirectURLTask.m; sourceTree = "<group>"; };
		A970505713438F860022BF2C /* NMGetYouTubeDirectURLTask.h */ = {isa = PBXFileReference; fileEncoding = 4; lastKnownFileType = sourcecode.c.h; path = NMGetYouTubeDirectURLTask.h; sourceTree = "<group>"; };
		A970505813438F860022BF2C /* NMGetYouTubeDirectURLTask.m */ = {isa = PBXFileReference; fileEncoding = 4; lastKnownFileType = sourcecode.c.objc; path = NMGetYouTubeDirectURLTask.m; sourceTree = "<group>"; };
		A970505913438F860022BF2C /* NMTask.h */ = {isa = PBXFileReference; fileEncoding = 4; lastKnownFileType = sourcecode.c.h; path = NMTask.h; sourceTree = "<group>"; };
		A970505A13438F860022BF2C /* NMTask.m */ = {isa = PBXFileReference; fileEncoding = 4; lastKnownFileType = sourcecode.c.objc; path = NMTask.m; sourceTree = "<group>"; };
		A970505B13438F860022BF2C /* NMTaskType.h */ = {isa = PBXFileReference; fileEncoding = 4; lastKnownFileType = sourcecode.c.h; path = NMTaskType.h; sourceTree = "<group>"; };
		A970505C13438F860022BF2C /* SocialSignInView.xib */ = {isa = PBXFileReference; fileEncoding = 4; lastKnownFileType = file.xib; path = SocialSignInView.xib; sourceTree = "<group>"; };
		A970505D13438F860022BF2C /* VideoPlaybackView.xib */ = {isa = PBXFileReference; fileEncoding = 4; lastKnownFileType = file.xib; path = VideoPlaybackView.xib; sourceTree = "<group>"; };
		A970505F13438F860022BF2C /* ChannelTableCellView.h */ = {isa = PBXFileReference; fileEncoding = 4; lastKnownFileType = sourcecode.c.h; path = ChannelTableCellView.h; sourceTree = "<group>"; };
		A970506013438F860022BF2C /* ChannelTableCellView.m */ = {isa = PBXFileReference; fileEncoding = 4; lastKnownFileType = sourcecode.c.objc; path = ChannelTableCellView.m; sourceTree = "<group>"; };
		A970506113438F860022BF2C /* NMControlsView.h */ = {isa = PBXFileReference; fileEncoding = 4; lastKnownFileType = sourcecode.c.h; path = NMControlsView.h; sourceTree = "<group>"; };
		A970506213438F860022BF2C /* NMControlsView.m */ = {isa = PBXFileReference; fileEncoding = 4; lastKnownFileType = sourcecode.c.objc; path = NMControlsView.m; sourceTree = "<group>"; };
		A970506313438F860022BF2C /* NMMovieView.h */ = {isa = PBXFileReference; fileEncoding = 4; lastKnownFileType = sourcecode.c.h; path = NMMovieView.h; sourceTree = "<group>"; };
		A970506413438F860022BF2C /* NMMovieView.m */ = {isa = PBXFileReference; fileEncoding = 4; lastKnownFileType = sourcecode.c.objc; path = NMMovieView.m; sourceTree = "<group>"; };
		A970506513438F860022BF2C /* NMTouchImageView.h */ = {isa = PBXFileReference; fileEncoding = 4; lastKnownFileType = sourcecode.c.h; path = NMTouchImageView.h; sourceTree = "<group>"; };
		A970506613438F860022BF2C /* NMTouchImageView.m */ = {isa = PBXFileReference; fileEncoding = 4; lastKnownFileType = sourcecode.c.objc; path = NMTouchImageView.m; sourceTree = "<group>"; };
		A97050A3134392FA0022BF2C /* CoreData.framework */ = {isa = PBXFileReference; lastKnownFileType = wrapper.framework; name = CoreData.framework; path = System/Library/Frameworks/CoreData.framework; sourceTree = SDKROOT; };
		A97050CF134398DD0022BF2C /* AVFoundation.framework */ = {isa = PBXFileReference; lastKnownFileType = wrapper.framework; name = AVFoundation.framework; path = System/Library/Frameworks/AVFoundation.framework; sourceTree = SDKROOT; };
		A97050D1134399050022BF2C /* QuartzCore.framework */ = {isa = PBXFileReference; lastKnownFileType = wrapper.framework; name = QuartzCore.framework; path = System/Library/Frameworks/QuartzCore.framework; sourceTree = SDKROOT; };
		A97050D313439B540022BF2C /* CoreMedia.framework */ = {isa = PBXFileReference; lastKnownFileType = wrapper.framework; name = CoreMedia.framework; path = System/Library/Frameworks/CoreMedia.framework; sourceTree = SDKROOT; };
		A97E237E13A6E8F400EBA5EE /* ChannelPanelController.h */ = {isa = PBXFileReference; fileEncoding = 4; lastKnownFileType = sourcecode.c.h; path = ChannelPanelController.h; sourceTree = "<group>"; };
		A97E237F13A6E8F400EBA5EE /* ChannelPanelController.m */ = {isa = PBXFileReference; fileEncoding = 4; lastKnownFileType = sourcecode.c.objc; path = ChannelPanelController.m; sourceTree = "<group>"; };
		A98154A6137E1607001FADB4 /* NMRefreshChannelVideoListTask.h */ = {isa = PBXFileReference; fileEncoding = 4; lastKnownFileType = sourcecode.c.h; path = NMRefreshChannelVideoListTask.h; sourceTree = "<group>"; };
		A98154A7137E1607001FADB4 /* NMRefreshChannelVideoListTask.m */ = {isa = PBXFileReference; fileEncoding = 4; lastKnownFileType = sourcecode.c.objc; path = NMRefreshChannelVideoListTask.m; sourceTree = "<group>"; };
		A9840FB8134EA1CA00CFF1EA /* button_facebook_active.png */ = {isa = PBXFileReference; lastKnownFileType = image.png; path = button_facebook_active.png; sourceTree = "<group>"; };
		A9840FB9134EA1CA00CFF1EA /* button_facebook_normal.png */ = {isa = PBXFileReference; lastKnownFileType = image.png; path = button_facebook_normal.png; sourceTree = "<group>"; };
		A9840FBA134EA1CA00CFF1EA /* button_twitter_active.png */ = {isa = PBXFileReference; lastKnownFileType = image.png; path = button_twitter_active.png; sourceTree = "<group>"; };
		A9840FBB134EA1CA00CFF1EA /* button_twitter_normal.png */ = {isa = PBXFileReference; lastKnownFileType = image.png; path = button_twitter_normal.png; sourceTree = "<group>"; };
		A9840FBC134EA1CA00CFF1EA /* thumb_down_on.png */ = {isa = PBXFileReference; lastKnownFileType = image.png; path = thumb_down_on.png; sourceTree = "<group>"; };
		A9840FBD134EA1CA00CFF1EA /* thumb_down_pressed.png */ = {isa = PBXFileReference; lastKnownFileType = image.png; path = thumb_down_pressed.png; sourceTree = "<group>"; };
		A9840FBE134EA1CA00CFF1EA /* thumb_down.png */ = {isa = PBXFileReference; lastKnownFileType = image.png; path = thumb_down.png; sourceTree = "<group>"; };
		A9840FBF134EA1CA00CFF1EA /* thumb_up_on.png */ = {isa = PBXFileReference; lastKnownFileType = image.png; path = thumb_up_on.png; sourceTree = "<group>"; };
		A9840FC0134EA1CA00CFF1EA /* thumb_up_pressed.png */ = {isa = PBXFileReference; lastKnownFileType = image.png; path = thumb_up_pressed.png; sourceTree = "<group>"; };
		A9840FC1134EA1CA00CFF1EA /* thumb_up.png */ = {isa = PBXFileReference; lastKnownFileType = image.png; path = thumb_up.png; sourceTree = "<group>"; };
		A9840FCD134EA2D500CFF1EA /* share_callout_active.png */ = {isa = PBXFileReference; lastKnownFileType = image.png; path = share_callout_active.png; sourceTree = "<group>"; };
		A9840FCE134EA2D500CFF1EA /* share_callout_normal.png */ = {isa = PBXFileReference; lastKnownFileType = image.png; path = share_callout_normal.png; sourceTree = "<group>"; };
		A994523713A734B600B117E2 /* LaunchViewController.h */ = {isa = PBXFileReference; fileEncoding = 4; lastKnownFileType = sourcecode.c.h; path = LaunchViewController.h; sourceTree = "<group>"; };
		A994523813A734B600B117E2 /* LaunchViewController.m */ = {isa = PBXFileReference; fileEncoding = 4; lastKnownFileType = sourcecode.c.objc; path = LaunchViewController.m; sourceTree = "<group>"; };
		A99BA0A813A7540B0010F202 /* VideoRowController.h */ = {isa = PBXFileReference; fileEncoding = 4; lastKnownFileType = sourcecode.c.h; path = VideoRowController.h; sourceTree = "<group>"; };
		A99BA0A913A7540B0010F202 /* VideoRowController.m */ = {isa = PBXFileReference; fileEncoding = 4; lastKnownFileType = sourcecode.c.objc; path = VideoRowController.m; sourceTree = "<group>"; };
		A99BA0BB13A758FE0010F202 /* EasyTableView.h */ = {isa = PBXFileReference; fileEncoding = 4; lastKnownFileType = sourcecode.c.h; path = EasyTableView.h; sourceTree = "<group>"; };
		A99BA0BC13A758FE0010F202 /* EasyTableView.m */ = {isa = PBXFileReference; fileEncoding = 4; lastKnownFileType = sourcecode.c.objc; path = EasyTableView.m; sourceTree = "<group>"; };
		A9A73FA413A73A3D005D9013 /* LaunchView.xib */ = {isa = PBXFileReference; fileEncoding = 4; lastKnownFileType = file.xib; path = LaunchView.xib; sourceTree = "<group>"; };
		A9A81091135F2D04004F569C /* channel_featured_active.png */ = {isa = PBXFileReference; lastKnownFileType = image.png; path = channel_featured_active.png; sourceTree = "<group>"; };
		A9A81092135F2D04004F569C /* channel_featured_normal.png */ = {isa = PBXFileReference; lastKnownFileType = image.png; path = channel_featured_normal.png; sourceTree = "<group>"; };
		A9A81093135F2D04004F569C /* channel_friends_active.png */ = {isa = PBXFileReference; lastKnownFileType = image.png; path = channel_friends_active.png; sourceTree = "<group>"; };
		A9A81094135F2D04004F569C /* channel_friends_normal.png */ = {isa = PBXFileReference; lastKnownFileType = image.png; path = channel_friends_normal.png; sourceTree = "<group>"; };
		A9A81095135F2D05004F569C /* channel_topics_active.png */ = {isa = PBXFileReference; lastKnownFileType = image.png; path = channel_topics_active.png; sourceTree = "<group>"; };
		A9A81096135F2D05004F569C /* channel_topics_normal.png */ = {isa = PBXFileReference; lastKnownFileType = image.png; path = channel_topics_normal.png; sourceTree = "<group>"; };
		A9A81097135F2D05004F569C /* channel_trending_active.png */ = {isa = PBXFileReference; lastKnownFileType = image.png; path = channel_trending_active.png; sourceTree = "<group>"; };
		A9A81098135F2D05004F569C /* channel_trending_normal.png */ = {isa = PBXFileReference; lastKnownFileType = image.png; path = channel_trending_normal.png; sourceTree = "<group>"; };
		A9A810A1135F34AE004F569C /* channel_return_playback_active.png */ = {isa = PBXFileReference; lastKnownFileType = image.png; path = channel_return_playback_active.png; sourceTree = "<group>"; };
		A9A810A2135F34AE004F569C /* channel_return_playback_normal.png */ = {isa = PBXFileReference; lastKnownFileType = image.png; path = channel_return_playback_normal.png; sourceTree = "<group>"; };
		A9A810D8135F4997004F569C /* channel_thumbnail_background.png */ = {isa = PBXFileReference; lastKnownFileType = image.png; path = channel_thumbnail_background.png; sourceTree = "<group>"; };
		A9B1963F134C6B0B00CA17A0 /* NMEventTask.h */ = {isa = PBXFileReference; fileEncoding = 4; lastKnownFileType = sourcecode.c.h; path = NMEventTask.h; sourceTree = "<group>"; };
		A9B19640134C6B0B00CA17A0 /* NMEventTask.m */ = {isa = PBXFileReference; fileEncoding = 4; lastKnownFileType = sourcecode.c.objc; path = NMEventTask.m; sourceTree = "<group>"; };
		A9D9EE1C13AABEB0009ABBEA /* NMStyleUtility.h */ = {isa = PBXFileReference; fileEncoding = 4; lastKnownFileType = sourcecode.c.h; path = NMStyleUtility.h; sourceTree = "<group>"; };
		A9D9EE1D13AABEB0009ABBEA /* NMStyleUtility.m */ = {isa = PBXFileReference; fileEncoding = 4; lastKnownFileType = sourcecode.c.objc; path = NMStyleUtility.m; sourceTree = "<group>"; };
		A9DB20C81348B8830018AA4A /* SystemConfiguration.framework */ = {isa = PBXFileReference; lastKnownFileType = wrapper.framework; name = SystemConfiguration.framework; path = System/Library/Frameworks/SystemConfiguration.framework; sourceTree = SDKROOT; };
		A9DB20CA1348B8980018AA4A /* MessageUI.framework */ = {isa = PBXFileReference; lastKnownFileType = wrapper.framework; name = MessageUI.framework; path = System/Library/Frameworks/MessageUI.framework; sourceTree = SDKROOT; };
		A9DB20CB1348B8990018AA4A /* Security.framework */ = {isa = PBXFileReference; lastKnownFileType = wrapper.framework; name = Security.framework; path = System/Library/Frameworks/Security.framework; sourceTree = SDKROOT; };
		A9ECD60E135E9611004B7F78 /* NMCacheController.h */ = {isa = PBXFileReference; fileEncoding = 4; lastKnownFileType = sourcecode.c.h; path = NMCacheController.h; sourceTree = "<group>"; };
		A9ECD60F135E9611004B7F78 /* NMCacheController.m */ = {isa = PBXFileReference; fileEncoding = 4; lastKnownFileType = sourcecode.c.objc; path = NMCacheController.m; sourceTree = "<group>"; };
		A9ECD612135E9703004B7F78 /* NMImageDownloadTask.h */ = {isa = PBXFileReference; fileEncoding = 4; lastKnownFileType = sourcecode.c.h; path = NMImageDownloadTask.h; sourceTree = "<group>"; };
		A9ECD613135E9703004B7F78 /* NMImageDownloadTask.m */ = {isa = PBXFileReference; fileEncoding = 4; lastKnownFileType = sourcecode.c.objc; path = NMImageDownloadTask.m; sourceTree = "<group>"; };
		A9F2499E134E44DE004BC497 /* background_video_control_header.png */ = {isa = PBXFileReference; lastKnownFileType = image.png; path = background_video_control_header.png; sourceTree = "<group>"; };
		A9F9EE2E134DCC9000A2D68D /* background_header.png */ = {isa = PBXFileReference; lastKnownFileType = image.png; path = background_header.png; sourceTree = "<group>"; };
		A9F9EE2F134DCC9000A2D68D /* background_video_control_footer.png */ = {isa = PBXFileReference; lastKnownFileType = image.png; path = background_video_control_footer.png; sourceTree = "<group>"; };
/* End PBXFileReference section */

/* Begin PBXFrameworksBuildPhase section */
		A9250139134385BF001759F5 /* Frameworks */ = {
			isa = PBXFrameworksBuildPhase;
			buildActionMask = 2147483647;
			files = (
				A9DB20CC1348B8990018AA4A /* MessageUI.framework in Frameworks */,
				A9DB20CD1348B8990018AA4A /* Security.framework in Frameworks */,
				A9DB20C91348B8830018AA4A /* SystemConfiguration.framework in Frameworks */,
				A97050D413439B540022BF2C /* CoreMedia.framework in Frameworks */,
				A97050D2134399050022BF2C /* QuartzCore.framework in Frameworks */,
				A97050D0134398DD0022BF2C /* AVFoundation.framework in Frameworks */,
				A97050A4134392FA0022BF2C /* CoreData.framework in Frameworks */,
				A9250141134385BF001759F5 /* UIKit.framework in Frameworks */,
				A9250143134385BF001759F5 /* Foundation.framework in Frameworks */,
				A9250145134385BF001759F5 /* CoreGraphics.framework in Frameworks */,
			);
			runOnlyForDeploymentPostprocessing = 0;
		};
		A925015C134385BF001759F5 /* Frameworks */ = {
			isa = PBXFrameworksBuildPhase;
			buildActionMask = 2147483647;
			files = (
				A9250161134385BF001759F5 /* UIKit.framework in Frameworks */,
				A9250162134385BF001759F5 /* Foundation.framework in Frameworks */,
				A9250163134385BF001759F5 /* CoreGraphics.framework in Frameworks */,
			);
			runOnlyForDeploymentPostprocessing = 0;
		};
		A94D67FB13A2ED33003FC68F /* Frameworks */ = {
			isa = PBXFrameworksBuildPhase;
			buildActionMask = 2147483647;
			files = (
				A94D680013A2ED33003FC68F /* UIKit.framework in Frameworks */,
				A94D680113A2ED33003FC68F /* Foundation.framework in Frameworks */,
				A94D680213A2ED33003FC68F /* CoreGraphics.framework in Frameworks */,
				A941BD9613A47E7300BB3BE0 /* AVFoundation.framework in Frameworks */,
				A941BD9713A47E7900BB3BE0 /* CoreMedia.framework in Frameworks */,
			);
			runOnlyForDeploymentPostprocessing = 0;
		};
/* End PBXFrameworksBuildPhase section */

/* Begin PBXGroup section */
		A9250131134385BF001759F5 = {
			isa = PBXGroup;
			children = (
				A97050A213438F980022BF2C /* Interfaces */,
				A970500F13438F860022BF2C /* Classes */,
				A970501813438F860022BF2C /* Images */,
				A970503913438F860022BF2C /* Models */,
				A970503F13438F860022BF2C /* NMLibrary */,
				A970505E13438F860022BF2C /* Views */,
				A9250146134385BF001759F5 /* ipad */,
				A9250166134385BF001759F5 /* ipadTests */,
				A94D680313A2ED33003FC68F /* TestVideoPlaybackModelController */,
				A925013F134385BF001759F5 /* Frameworks */,
				A925013D134385BF001759F5 /* Products */,
			);
			sourceTree = "<group>";
		};
		A925013D134385BF001759F5 /* Products */ = {
			isa = PBXGroup;
			children = (
				A925013C134385BF001759F5 /* ipad.app */,
				A9250160134385BF001759F5 /* ipadTests.octest */,
				A94D67FF13A2ED33003FC68F /* TestVideoPlaybackModelController.octest */,
			);
			name = Products;
			sourceTree = "<group>";
		};
		A925013F134385BF001759F5 /* Frameworks */ = {
			isa = PBXGroup;
			children = (
				A9DB20CA1348B8980018AA4A /* MessageUI.framework */,
				A9DB20CB1348B8990018AA4A /* Security.framework */,
				A9DB20C81348B8830018AA4A /* SystemConfiguration.framework */,
				A97050D313439B540022BF2C /* CoreMedia.framework */,
				A97050D1134399050022BF2C /* QuartzCore.framework */,
				A97050CF134398DD0022BF2C /* AVFoundation.framework */,
				A97050A3134392FA0022BF2C /* CoreData.framework */,
				A9250140134385BF001759F5 /* UIKit.framework */,
				A9250142134385BF001759F5 /* Foundation.framework */,
				A9250144134385BF001759F5 /* CoreGraphics.framework */,
			);
			name = Frameworks;
			sourceTree = "<group>";
		};
		A9250146134385BF001759F5 /* ipad */ = {
			isa = PBXGroup;
			children = (
				A925014F134385BF001759F5 /* ipadAppDelegate.h */,
				A9250150134385BF001759F5 /* ipadAppDelegate.m */,
				A9250152134385BF001759F5 /* MainWindow.xib */,
				A9250147134385BF001759F5 /* Supporting Files */,
			);
			path = ipad;
			sourceTree = "<group>";
		};
		A9250147134385BF001759F5 /* Supporting Files */ = {
			isa = PBXGroup;
			children = (
				A9250148134385BF001759F5 /* ipad-Info.plist */,
				A9250149134385BF001759F5 /* InfoPlist.strings */,
				A925014C134385BF001759F5 /* ipad-Prefix.pch */,
				A925014D134385BF001759F5 /* main.m */,
			);
			name = "Supporting Files";
			sourceTree = "<group>";
		};
		A9250166134385BF001759F5 /* ipadTests */ = {
			isa = PBXGroup;
			children = (
				A925016D134385BF001759F5 /* ipadTests.h */,
				A925016F134385BF001759F5 /* ipadTests.m */,
				A9250167134385BF001759F5 /* Supporting Files */,
			);
			path = ipadTests;
			sourceTree = "<group>";
		};
		A9250167134385BF001759F5 /* Supporting Files */ = {
			isa = PBXGroup;
			children = (
				A9250168134385BF001759F5 /* ipadTests-Info.plist */,
				A9250169134385BF001759F5 /* InfoPlist.strings */,
				A925016C134385BF001759F5 /* ipadTests-Prefix.pch */,
			);
			name = "Supporting Files";
			sourceTree = "<group>";
		};
		A94D680313A2ED33003FC68F /* TestVideoPlaybackModelController */ = {
			isa = PBXGroup;
			children = (
				A94D680A13A2ED33003FC68F /* TestVideoPlaybackModelController.h */,
				A94D680C13A2ED33003FC68F /* TestVideoPlaybackModelController.m */,
				A94D680413A2ED33003FC68F /* Supporting Files */,
			);
			path = TestVideoPlaybackModelController;
			sourceTree = "<group>";
		};
		A94D680413A2ED33003FC68F /* Supporting Files */ = {
			isa = PBXGroup;
			children = (
				A94D683E13A2F63E003FC68F /* TestData.sqlite */,
				A94D680513A2ED33003FC68F /* TestVideoPlaybackModelController-Info.plist */,
				A94D680613A2ED33003FC68F /* InfoPlist.strings */,
				A94D680913A2ED33003FC68F /* TestVideoPlaybackModelController-Prefix.pch */,
			);
			name = "Supporting Files";
			sourceTree = "<group>";
		};
		A970500F13438F860022BF2C /* Classes */ = {
			isa = PBXGroup;
			children = (
				A90DE57A13A1B62F0005FE6A /* NMAVQueuePlayer.h */,
				A90DE57B13A1B62F0005FE6A /* NMAVQueuePlayer.m */,
				A941BD9213A41EA800BB3BE0 /* NMAVPlayerItem.h */,
				A941BD9313A41EA800BB3BE0 /* NMAVPlayerItem.m */,
				A970501413438F860022BF2C /* SocialSignInViewController.h */,
				A970501513438F860022BF2C /* SocialSignInViewController.m */,
				A970501613438F860022BF2C /* VideoPlaybackViewController.h */,
				A970501713438F860022BF2C /* VideoPlaybackViewController.m */,
				A94D67F613A2A768003FC68F /* VideoPlaybackModelController.h */,
				A94D67F713A2A768003FC68F /* VideoPlaybackModelController.m */,
				A97E237E13A6E8F400EBA5EE /* ChannelPanelController.h */,
				A97E237F13A6E8F400EBA5EE /* ChannelPanelController.m */,
				A99BA0A813A7540B0010F202 /* VideoRowController.h */,
				A99BA0A913A7540B0010F202 /* VideoRowController.m */,
				A994523713A734B600B117E2 /* LaunchViewController.h */,
				A994523813A734B600B117E2 /* LaunchViewController.m */,
				A9D9EE1C13AABEB0009ABBEA /* NMStyleUtility.h */,
				A9D9EE1D13AABEB0009ABBEA /* NMStyleUtility.m */,
			);
			path = Classes;
			sourceTree = "<group>";
		};
		A970501813438F860022BF2C /* Images */ = {
			isa = PBXGroup;
			children = (
				A9A810A1135F34AE004F569C /* channel_return_playback_active.png */,
				A9A810A2135F34AE004F569C /* channel_return_playback_normal.png */,
				A9A81091135F2D04004F569C /* channel_featured_active.png */,
				A9A81092135F2D04004F569C /* channel_featured_normal.png */,
				A9A81093135F2D04004F569C /* channel_friends_active.png */,
				A9A81094135F2D04004F569C /* channel_friends_normal.png */,
				A9A81095135F2D05004F569C /* channel_topics_active.png */,
				A9A81096135F2D05004F569C /* channel_topics_normal.png */,
				A9A81097135F2D05004F569C /* channel_trending_active.png */,
				A9A81098135F2D05004F569C /* channel_trending_normal.png */,
				A9677828135F592E000810A4 /* channel_title.png */,
				A9840FCD134EA2D500CFF1EA /* share_callout_active.png */,
				A9840FCE134EA2D500CFF1EA /* share_callout_normal.png */,
				A9840FB8134EA1CA00CFF1EA /* button_facebook_active.png */,
				A9840FB9134EA1CA00CFF1EA /* button_facebook_normal.png */,
				A9840FBA134EA1CA00CFF1EA /* button_twitter_active.png */,
				A9840FBB134EA1CA00CFF1EA /* button_twitter_normal.png */,
				A9840FBC134EA1CA00CFF1EA /* thumb_down_on.png */,
				A9840FBD134EA1CA00CFF1EA /* thumb_down_pressed.png */,
				A9840FBE134EA1CA00CFF1EA /* thumb_down.png */,
				A9840FBF134EA1CA00CFF1EA /* thumb_up_on.png */,
				A9840FC0134EA1CA00CFF1EA /* thumb_up_pressed.png */,
				A9840FC1134EA1CA00CFF1EA /* thumb_up.png */,
				A9F2499E134E44DE004BC497 /* background_video_control_header.png */,
				A9F9EE2E134DCC9000A2D68D /* background_header.png */,
				A9F9EE2F134DCC9000A2D68D /* background_video_control_footer.png */,
				A970501C13438F860022BF2C /* btn_explore.png */,
				A970501D13438F860022BF2C /* btn_explore_active.png */,
				A970501E13438F860022BF2C /* btn_heart.png */,
				A970501F13438F860022BF2C /* btn_heart_active.png */,
				A970502013438F860022BF2C /* btn_heart_pressed.png */,
				A970502113438F860022BF2C /* btn_info.png */,
				A970502213438F860022BF2C /* btn_info_active.png */,
				A970502313438F860022BF2C /* btn_pause.png */,
				A970502413438F860022BF2C /* btn_pause_active.png */,
				A970502513438F860022BF2C /* btn_play.png */,
				A970502613438F860022BF2C /* btn_play_active.png */,
				A970502713438F860022BF2C /* btn_share.png */,
				A970502813438F860022BF2C /* btn_share_active.png */,
				A970502B13438F860022BF2C /* channel_border.png */,
				A970502D13438F860022BF2C /* channel_table_overlay.png */,
				A9A810D8135F4997004F569C /* channel_thumbnail_background.png */,
				A970502E13438F860022BF2C /* cntrl_next.png */,
				A970502F13438F860022BF2C /* cntrl_prev.png */,
				A970503213438F860022BF2C /* Icon.png */,
				A970503413438F860022BF2C /* playback_progress_background.png */,
				A9042615135754710067E53F /* progress_bar.png */,
				A96A93FC136028E500254CA5 /* progress_bar_nub.png */,
			);
			path = Images;
			sourceTree = "<group>";
		};
		A970503913438F860022BF2C /* Models */ = {
			isa = PBXGroup;
			children = (
				A970503A13438F860022BF2C /* NMChannel.h */,
				A970503B13438F860022BF2C /* NMChannel.m */,
				A970503C13438F860022BF2C /* NMVideo.h */,
				A970503D13438F860022BF2C /* NMVideo.m */,
				A970503E13438F860022BF2C /* Nowmov.xcdatamodel */,
			);
			path = Models;
			sourceTree = "<group>";
		};
		A970503F13438F860022BF2C /* NMLibrary */ = {
			isa = PBXGroup;
			children = (
				A970504013438F860022BF2C /* JSONKit.h */,
				A970504113438F860022BF2C /* JSONKit.m */,
				A970504213438F860022BF2C /* NMDataController.h */,
				A970504313438F860022BF2C /* NMDataController.m */,
				A970504413438F860022BF2C /* NMDataType.h */,
				A9ECD60E135E9611004B7F78 /* NMCacheController.h */,
				A9ECD60F135E9611004B7F78 /* NMCacheController.m */,
				A970504513438F860022BF2C /* NMLibrary.h */,
				A970504613438F860022BF2C /* NMNetworkController.h */,
				A970504713438F860022BF2C /* NMNetworkController.m */,
				A970504813438F860022BF2C /* NMTaskQueueController.h */,
				A970504913438F860022BF2C /* NMTaskQueueController.m */,
				A970504A13438F860022BF2C /* Tasks */,
			);
			path = NMLibrary;
			sourceTree = "<group>";
		};
		A970504A13438F860022BF2C /* Tasks */ = {
			isa = PBXGroup;
			children = (
				A970504B13438F860022BF2C /* NMGetChannelsTask.h */,
				A970504C13438F860022BF2C /* NMGetChannelsTask.m */,
				A970504D13438F860022BF2C /* NMGetChannelVideoListTask.h */,
				A970504E13438F860022BF2C /* NMGetChannelVideoListTask.m */,
				A98154A6137E1607001FADB4 /* NMRefreshChannelVideoListTask.h */,
				A98154A7137E1607001FADB4 /* NMRefreshChannelVideoListTask.m */,
				A970505513438F860022BF2C /* NMGetVimeoDirectURLTask.h */,
				A970505613438F860022BF2C /* NMGetVimeoDirectURLTask.m */,
				A970505713438F860022BF2C /* NMGetYouTubeDirectURLTask.h */,
				A970505813438F860022BF2C /* NMGetYouTubeDirectURLTask.m */,
				A970505913438F860022BF2C /* NMTask.h */,
				A970505A13438F860022BF2C /* NMTask.m */,
				A970505B13438F860022BF2C /* NMTaskType.h */,
				A9B1963F134C6B0B00CA17A0 /* NMEventTask.h */,
				A9B19640134C6B0B00CA17A0 /* NMEventTask.m */,
				A9ECD612135E9703004B7F78 /* NMImageDownloadTask.h */,
				A9ECD613135E9703004B7F78 /* NMImageDownloadTask.m */,
			);
			path = Tasks;
			sourceTree = "<group>";
		};
		A970505E13438F860022BF2C /* Views */ = {
			isa = PBXGroup;
			children = (
				A99BA0BB13A758FE0010F202 /* EasyTableView.h */,
				A99BA0BC13A758FE0010F202 /* EasyTableView.m */,
				A970505F13438F860022BF2C /* ChannelTableCellView.h */,
				A970506013438F860022BF2C /* ChannelTableCellView.m */,
				A970506113438F860022BF2C /* NMControlsView.h */,
				A970506213438F860022BF2C /* NMControlsView.m */,
				A970506313438F860022BF2C /* NMMovieView.h */,
				A970506413438F860022BF2C /* NMMovieView.m */,
				A970506513438F860022BF2C /* NMTouchImageView.h */,
				A970506613438F860022BF2C /* NMTouchImageView.m */,
				A962DD7013A82D3A004CC111 /* NMMovieDetailView.h */,
				A962DD7113A82D3A004CC111 /* NMMovieDetailView.m */,
			);
			path = Views;
			sourceTree = "<group>";
		};
		A97050A213438F980022BF2C /* Interfaces */ = {
			isa = PBXGroup;
			children = (
				A9A73FA413A73A3D005D9013 /* LaunchView.xib */,
				A970505C13438F860022BF2C /* SocialSignInView.xib */,
				A970505D13438F860022BF2C /* VideoPlaybackView.xib */,
				A953ED4D134CB9F100372F48 /* VideoControlView.xib */,
				A93584CE139EE96D0009A264 /* ChannelPanelView.xib */,
				A962DD5D13A82552004CC111 /* MovieDetailInfoView.xib */,
			);
			name = Interfaces;
			sourceTree = "<group>";
		};
/* End PBXGroup section */

/* Begin PBXNativeTarget section */
		A925013B134385BF001759F5 /* ipad */ = {
			isa = PBXNativeTarget;
			buildConfigurationList = A9250173134385BF001759F5 /* Build configuration list for PBXNativeTarget "ipad" */;
			buildPhases = (
				A9250138134385BF001759F5 /* Sources */,
				A9250139134385BF001759F5 /* Frameworks */,
				A925013A134385BF001759F5 /* Resources */,
			);
			buildRules = (
			);
			dependencies = (
			);
			name = ipad;
			productName = ipad;
			productReference = A925013C134385BF001759F5 /* ipad.app */;
			productType = "com.apple.product-type.application";
		};
		A925015F134385BF001759F5 /* ipadTests */ = {
			isa = PBXNativeTarget;
			buildConfigurationList = A9250176134385BF001759F5 /* Build configuration list for PBXNativeTarget "ipadTests" */;
			buildPhases = (
				A925015B134385BF001759F5 /* Sources */,
				A925015C134385BF001759F5 /* Frameworks */,
				A925015D134385BF001759F5 /* Resources */,
				A925015E134385BF001759F5 /* ShellScript */,
			);
			buildRules = (
			);
			dependencies = (
				A9250165134385BF001759F5 /* PBXTargetDependency */,
			);
			name = ipadTests;
			productName = ipadTests;
			productReference = A9250160134385BF001759F5 /* ipadTests.octest */;
			productType = "com.apple.product-type.bundle";
		};
		A94D67FE13A2ED33003FC68F /* TestVideoPlaybackModelController */ = {
			isa = PBXNativeTarget;
			buildConfigurationList = A94D680E13A2ED33003FC68F /* Build configuration list for PBXNativeTarget "TestVideoPlaybackModelController" */;
			buildPhases = (
				A94D67FA13A2ED33003FC68F /* Sources */,
				A94D67FB13A2ED33003FC68F /* Frameworks */,
				A94D67FC13A2ED33003FC68F /* Resources */,
				A94D67FD13A2ED33003FC68F /* ShellScript */,
			);
			buildRules = (
			);
			dependencies = (
			);
			name = TestVideoPlaybackModelController;
			productName = TestVideoPlaybackModelController;
			productReference = A94D67FF13A2ED33003FC68F /* TestVideoPlaybackModelController.octest */;
			productType = "com.apple.product-type.bundle";
		};
/* End PBXNativeTarget section */

/* Begin PBXProject section */
		A9250133134385BF001759F5 /* Project object */ = {
			isa = PBXProject;
			attributes = {
				ORGANIZATIONNAME = "Pipely Inc.";
			};
			buildConfigurationList = A9250136134385BF001759F5 /* Build configuration list for PBXProject "ipad" */;
			compatibilityVersion = "Xcode 3.2";
			developmentRegion = English;
			hasScannedForEncodings = 0;
			knownRegions = (
				en,
				de,
				eu,
				fr,
				ja,
				ko,
				nl,
				vi,
				zh_CN,
			);
			mainGroup = A9250131134385BF001759F5;
			productRefGroup = A925013D134385BF001759F5 /* Products */;
			projectDirPath = "";
			projectRoot = "";
			targets = (
				A925013B134385BF001759F5 /* ipad */,
				A925015F134385BF001759F5 /* ipadTests */,
				A94D67FE13A2ED33003FC68F /* TestVideoPlaybackModelController */,
			);
		};
/* End PBXProject section */

/* Begin PBXResourcesBuildPhase section */
		A925013A134385BF001759F5 /* Resources */ = {
			isa = PBXResourcesBuildPhase;
			buildActionMask = 2147483647;
			files = (
				A925014B134385BF001759F5 /* InfoPlist.strings in Resources */,
				A9250154134385BF001759F5 /* MainWindow.xib in Resources */,
				A970506F13438F860022BF2C /* btn_explore.png in Resources */,
				A970507013438F860022BF2C /* btn_explore_active.png in Resources */,
				A970507113438F860022BF2C /* btn_heart.png in Resources */,
				A970507213438F860022BF2C /* btn_heart_active.png in Resources */,
				A970507313438F860022BF2C /* btn_heart_pressed.png in Resources */,
				A970507413438F860022BF2C /* btn_info.png in Resources */,
				A970507513438F860022BF2C /* btn_info_active.png in Resources */,
				A970507613438F860022BF2C /* btn_pause.png in Resources */,
				A970507713438F860022BF2C /* btn_pause_active.png in Resources */,
				A970507813438F860022BF2C /* btn_play.png in Resources */,
				A970507913438F860022BF2C /* btn_play_active.png in Resources */,
				A970507A13438F860022BF2C /* btn_share.png in Resources */,
				A970507B13438F860022BF2C /* btn_share_active.png in Resources */,
				A970507E13438F860022BF2C /* channel_border.png in Resources */,
				A970508013438F860022BF2C /* channel_table_overlay.png in Resources */,
				A970508113438F860022BF2C /* cntrl_next.png in Resources */,
				A970508213438F860022BF2C /* cntrl_prev.png in Resources */,
				A970508513438F860022BF2C /* Icon.png in Resources */,
				A970508713438F860022BF2C /* playback_progress_background.png in Resources */,
				A970509B13438F860022BF2C /* SocialSignInView.xib in Resources */,
				A970509C13438F860022BF2C /* VideoPlaybackView.xib in Resources */,
				A953ED4E134CB9F100372F48 /* VideoControlView.xib in Resources */,
				A9F9EE30134DCC9000A2D68D /* background_header.png in Resources */,
				A9F9EE31134DCC9000A2D68D /* background_video_control_footer.png in Resources */,
				A9F2499F134E44DE004BC497 /* background_video_control_header.png in Resources */,
				A9840FC2134EA1CA00CFF1EA /* button_facebook_active.png in Resources */,
				A9840FC3134EA1CA00CFF1EA /* button_facebook_normal.png in Resources */,
				A9840FC4134EA1CA00CFF1EA /* button_twitter_active.png in Resources */,
				A9840FC5134EA1CA00CFF1EA /* button_twitter_normal.png in Resources */,
				A9840FC6134EA1CA00CFF1EA /* thumb_down_on.png in Resources */,
				A9840FC7134EA1CA00CFF1EA /* thumb_down_pressed.png in Resources */,
				A9840FC8134EA1CA00CFF1EA /* thumb_down.png in Resources */,
				A9840FC9134EA1CA00CFF1EA /* thumb_up_on.png in Resources */,
				A9840FCA134EA1CA00CFF1EA /* thumb_up_pressed.png in Resources */,
				A9840FCB134EA1CA00CFF1EA /* thumb_up.png in Resources */,
				A9840FCF134EA2D500CFF1EA /* share_callout_active.png in Resources */,
				A9840FD0134EA2D500CFF1EA /* share_callout_normal.png in Resources */,
				A9042616135754710067E53F /* progress_bar.png in Resources */,
				A9A81099135F2D05004F569C /* channel_featured_active.png in Resources */,
				A9A8109A135F2D05004F569C /* channel_featured_normal.png in Resources */,
				A9A8109B135F2D05004F569C /* channel_friends_active.png in Resources */,
				A9A8109C135F2D05004F569C /* channel_friends_normal.png in Resources */,
				A9A8109D135F2D05004F569C /* channel_topics_active.png in Resources */,
				A9A8109E135F2D05004F569C /* channel_topics_normal.png in Resources */,
				A9A8109F135F2D05004F569C /* channel_trending_active.png in Resources */,
				A9A810A0135F2D05004F569C /* channel_trending_normal.png in Resources */,
				A9A810A3135F34AE004F569C /* channel_return_playback_active.png in Resources */,
				A9A810A4135F34AE004F569C /* channel_return_playback_normal.png in Resources */,
				A9A810D9135F4997004F569C /* channel_thumbnail_background.png in Resources */,
				A9677829135F592E000810A4 /* channel_title.png in Resources */,
				A96A93FD136028E500254CA5 /* progress_bar_nub.png in Resources */,
				A93584CF139EE96D0009A264 /* ChannelPanelView.xib in Resources */,
				A9A73FA513A73A3D005D9013 /* LaunchView.xib in Resources */,
				A962DD5E13A82552004CC111 /* MovieDetailInfoView.xib in Resources */,
			);
			runOnlyForDeploymentPostprocessing = 0;
		};
		A925015D134385BF001759F5 /* Resources */ = {
			isa = PBXResourcesBuildPhase;
			buildActionMask = 2147483647;
			files = (
				A925016B134385BF001759F5 /* InfoPlist.strings in Resources */,
				A925016E134385BF001759F5 /* ipadTests.h in Resources */,
			);
			runOnlyForDeploymentPostprocessing = 0;
		};
		A94D67FC13A2ED33003FC68F /* Resources */ = {
			isa = PBXResourcesBuildPhase;
			buildActionMask = 2147483647;
			files = (
				A94D680813A2ED33003FC68F /* InfoPlist.strings in Resources */,
				A94D680B13A2ED33003FC68F /* TestVideoPlaybackModelController.h in Resources */,
				A94D683F13A2F63E003FC68F /* TestData.sqlite in Resources */,
			);
			runOnlyForDeploymentPostprocessing = 0;
		};
/* End PBXResourcesBuildPhase section */

/* Begin PBXShellScriptBuildPhase section */
		A925015E134385BF001759F5 /* ShellScript */ = {
			isa = PBXShellScriptBuildPhase;
			buildActionMask = 2147483647;
			files = (
			);
			inputPaths = (
			);
			outputPaths = (
			);
			runOnlyForDeploymentPostprocessing = 0;
			shellPath = /bin/sh;
			shellScript = "# Run the unit tests in this test bundle.\n\"${SYSTEM_DEVELOPER_DIR}/Tools/RunUnitTests\"\n";
		};
		A94D67FD13A2ED33003FC68F /* ShellScript */ = {
			isa = PBXShellScriptBuildPhase;
			buildActionMask = 2147483647;
			files = (
			);
			inputPaths = (
			);
			outputPaths = (
			);
			runOnlyForDeploymentPostprocessing = 0;
			shellPath = /bin/sh;
			shellScript = "# Run the unit tests in this test bundle.\n\"${SYSTEM_DEVELOPER_DIR}/Tools/RunUnitTests\"\n";
		};
/* End PBXShellScriptBuildPhase section */

/* Begin PBXSourcesBuildPhase section */
		A9250138134385BF001759F5 /* Sources */ = {
			isa = PBXSourcesBuildPhase;
			buildActionMask = 2147483647;
			files = (
				A925014E134385BF001759F5 /* main.m in Sources */,
				A9250151134385BF001759F5 /* ipadAppDelegate.m in Sources */,
				A970506A13438F860022BF2C /* SocialSignInViewController.m in Sources */,
				A970506B13438F860022BF2C /* VideoPlaybackViewController.m in Sources */,
				A970508C13438F860022BF2C /* NMChannel.m in Sources */,
				A970508D13438F860022BF2C /* NMVideo.m in Sources */,
				A970508E13438F860022BF2C /* Nowmov.xcdatamodel in Sources */,
				A970508F13438F860022BF2C /* JSONKit.m in Sources */,
				A970509013438F860022BF2C /* NMDataController.m in Sources */,
				A970509113438F860022BF2C /* NMNetworkController.m in Sources */,
				A970509213438F860022BF2C /* NMTaskQueueController.m in Sources */,
				A970509313438F860022BF2C /* NMGetChannelsTask.m in Sources */,
				A970509413438F860022BF2C /* NMGetChannelVideoListTask.m in Sources */,
				A970509813438F860022BF2C /* NMGetVimeoDirectURLTask.m in Sources */,
				A970509913438F860022BF2C /* NMGetYouTubeDirectURLTask.m in Sources */,
				A970509A13438F860022BF2C /* NMTask.m in Sources */,
				A970509D13438F860022BF2C /* ChannelTableCellView.m in Sources */,
				A970509E13438F860022BF2C /* NMControlsView.m in Sources */,
				A970509F13438F860022BF2C /* NMMovieView.m in Sources */,
				A97050A013438F860022BF2C /* NMTouchImageView.m in Sources */,
				A9B19641134C6B0B00CA17A0 /* NMEventTask.m in Sources */,
				A9ECD610135E9611004B7F78 /* NMCacheController.m in Sources */,
				A9ECD614135E9703004B7F78 /* NMImageDownloadTask.m in Sources */,
				A98154A8137E1607001FADB4 /* NMRefreshChannelVideoListTask.m in Sources */,
				A90DE57C13A1B62F0005FE6A /* NMAVQueuePlayer.m in Sources */,
				A94D67F813A2A768003FC68F /* VideoPlaybackModelController.m in Sources */,
				A941BD9413A41EA800BB3BE0 /* NMAVPlayerItem.m in Sources */,
				A97E238013A6E8F400EBA5EE /* ChannelPanelController.m in Sources */,
				A994523913A734B600B117E2 /* LaunchViewController.m in Sources */,
				A99BA0AA13A7540B0010F202 /* VideoRowController.m in Sources */,
				A99BA0BD13A758FE0010F202 /* EasyTableView.m in Sources */,
				A962DD7213A82D3A004CC111 /* NMMovieDetailView.m in Sources */,
				A9D9EE1E13AABEB0009ABBEA /* NMStyleUtility.m in Sources */,
			);
			runOnlyForDeploymentPostprocessing = 0;
		};
		A925015B134385BF001759F5 /* Sources */ = {
			isa = PBXSourcesBuildPhase;
			buildActionMask = 2147483647;
			files = (
				A9250170134385BF001759F5 /* ipadTests.m in Sources */,
			);
			runOnlyForDeploymentPostprocessing = 0;
		};
		A94D67FA13A2ED33003FC68F /* Sources */ = {
			isa = PBXSourcesBuildPhase;
			buildActionMask = 2147483647;
			files = (
				A94D682D13A2EF2E003FC68F /* JSONKit.m in Sources */,
				A94D682E13A2EF2E003FC68F /* NMDataController.m in Sources */,
				A94D682F13A2EF2E003FC68F /* NMCacheController.m in Sources */,
				A94D683013A2EF2E003FC68F /* NMNetworkController.m in Sources */,
				A94D683113A2EF2E003FC68F /* NMTaskQueueController.m in Sources */,
				A94D681913A2EEFF003FC68F /* NMGetChannelsTask.m in Sources */,
				A94D681B13A2EEFF003FC68F /* NMGetChannelVideoListTask.m in Sources */,
				A94D681D13A2EEFF003FC68F /* NMRefreshChannelVideoListTask.m in Sources */,
				A94D682313A2EF00003FC68F /* NMGetVimeoDirectURLTask.m in Sources */,
				A94D682513A2EF00003FC68F /* NMGetYouTubeDirectURLTask.m in Sources */,
				A94D682713A2EF00003FC68F /* NMTask.m in Sources */,
				A94D682A13A2EF00003FC68F /* NMEventTask.m in Sources */,
				A94D682C13A2EF00003FC68F /* NMImageDownloadTask.m in Sources */,
				A94D681313A2EEF4003FC68F /* NMAVQueuePlayer.m in Sources */,
				A94D681713A2EEF4003FC68F /* VideoPlaybackModelController.m in Sources */,
				A94D680D13A2ED33003FC68F /* TestVideoPlaybackModelController.m in Sources */,
			);
			runOnlyForDeploymentPostprocessing = 0;
		};
/* End PBXSourcesBuildPhase section */

/* Begin PBXTargetDependency section */
		A9250165134385BF001759F5 /* PBXTargetDependency */ = {
			isa = PBXTargetDependency;
			target = A925013B134385BF001759F5 /* ipad */;
			targetProxy = A9250164134385BF001759F5 /* PBXContainerItemProxy */;
		};
/* End PBXTargetDependency section */

/* Begin PBXVariantGroup section */
		A9250149134385BF001759F5 /* InfoPlist.strings */ = {
			isa = PBXVariantGroup;
			children = (
				A925014A134385BF001759F5 /* en */,
			);
			name = InfoPlist.strings;
			sourceTree = "<group>";
		};
		A9250152134385BF001759F5 /* MainWindow.xib */ = {
			isa = PBXVariantGroup;
			children = (
				A9250153134385BF001759F5 /* en */,
			);
			name = MainWindow.xib;
			sourceTree = "<group>";
		};
		A9250169134385BF001759F5 /* InfoPlist.strings */ = {
			isa = PBXVariantGroup;
			children = (
				A925016A134385BF001759F5 /* en */,
			);
			name = InfoPlist.strings;
			sourceTree = "<group>";
		};
		A94D680613A2ED33003FC68F /* InfoPlist.strings */ = {
			isa = PBXVariantGroup;
			children = (
				A94D680713A2ED33003FC68F /* en */,
			);
			name = InfoPlist.strings;
			sourceTree = "<group>";
		};
/* End PBXVariantGroup section */

/* Begin XCBuildConfiguration section */
		A901A9A4134B7D47006F2EED /* Ad Hoc */ = {
			isa = XCBuildConfiguration;
			buildSettings = {
				ARCHS = "$(ARCHS_UNIVERSAL_IPHONE_OS)";
				"CODE_SIGN_IDENTITY[sdk=iphoneos*]" = "iPhone Distribution: Pipely Inc.";
				GCC_C_LANGUAGE_STANDARD = gnu99;
				GCC_PREPROCESSOR_DEFINITIONS = DEBUG_PLAYER_DEBUG_MESSAGE;
				GCC_VERSION = com.apple.compilers.llvmgcc42;
				GCC_WARN_ABOUT_RETURN_TYPE = YES;
				GCC_WARN_UNUSED_VARIABLE = YES;
				IPHONEOS_DEPLOYMENT_TARGET = 4.3;
				OTHER_CFLAGS = "-DNS_BLOCK_ASSERTIONS=1";
				"PROVISIONING_PROFILE[sdk=iphoneos*]" = "593D56AD-5DA6-4DAF-B988-99A44383F7F4";
				SDKROOT = iphoneos;
				TARGETED_DEVICE_FAMILY = 2;
			};
			name = "Ad Hoc";
		};
		A901A9A5134B7D47006F2EED /* Ad Hoc */ = {
			isa = XCBuildConfiguration;
			buildSettings = {
				ALWAYS_SEARCH_USER_PATHS = NO;
				COPY_PHASE_STRIP = YES;
				GCC_PRECOMPILE_PREFIX_HEADER = YES;
				GCC_PREFIX_HEADER = "ipad/ipad-Prefix.pch";
				INFOPLIST_FILE = "ipad/ipad-Info.plist";
				PRODUCT_NAME = "$(TARGET_NAME)";
				VALIDATE_PRODUCT = YES;
				WRAPPER_EXTENSION = app;
			};
			name = "Ad Hoc";
		};
		A901A9A6134B7D47006F2EED /* Ad Hoc */ = {
			isa = XCBuildConfiguration;
			buildSettings = {
				ALWAYS_SEARCH_USER_PATHS = NO;
				ARCHS = "$(ARCHS_STANDARD_32_BIT)";
				BUNDLE_LOADER = "$(BUILT_PRODUCTS_DIR)/ipad.app/ipad";
				FRAMEWORK_SEARCH_PATHS = (
					"$(SDKROOT)/Developer/Library/Frameworks",
					"$(DEVELOPER_LIBRARY_DIR)/Frameworks",
				);
				GCC_PRECOMPILE_PREFIX_HEADER = YES;
				GCC_PREFIX_HEADER = "ipadTests/ipadTests-Prefix.pch";
				INFOPLIST_FILE = "ipadTests/ipadTests-Info.plist";
				OTHER_LDFLAGS = (
					"-framework",
					SenTestingKit,
				);
				PRODUCT_NAME = "$(TARGET_NAME)";
				TEST_HOST = "$(BUNDLE_LOADER)";
				WRAPPER_EXTENSION = octest;
			};
			name = "Ad Hoc";
		};
		A9250171134385BF001759F5 /* Debug */ = {
			isa = XCBuildConfiguration;
			buildSettings = {
				ARCHS = "$(ARCHS_UNIVERSAL_IPHONE_OS)";
				"CODE_SIGN_IDENTITY[sdk=iphoneos*]" = "iPhone Developer";
				GCC_C_LANGUAGE_STANDARD = gnu99;
				GCC_OPTIMIZATION_LEVEL = 0;
				GCC_PREPROCESSOR_DEFINITIONS = "";
				GCC_SYMBOLS_PRIVATE_EXTERN = NO;
				GCC_VERSION = com.apple.compilers.llvmgcc42;
				GCC_WARN_ABOUT_RETURN_TYPE = YES;
				GCC_WARN_UNUSED_VARIABLE = YES;
				IPHONEOS_DEPLOYMENT_TARGET = 4.3;
				"PROVISIONING_PROFILE[sdk=iphoneos*]" = "";
				SDKROOT = iphoneos;
				TARGETED_DEVICE_FAMILY = 2;
			};
			name = Debug;
		};
		A9250172134385BF001759F5 /* Release */ = {
			isa = XCBuildConfiguration;
			buildSettings = {
				ARCHS = "$(ARCHS_UNIVERSAL_IPHONE_OS)";
				"CODE_SIGN_IDENTITY[sdk=iphoneos*]" = "iPhone Developer";
				GCC_C_LANGUAGE_STANDARD = gnu99;
				GCC_VERSION = com.apple.compilers.llvmgcc42;
				GCC_WARN_ABOUT_RETURN_TYPE = YES;
				GCC_WARN_UNUSED_VARIABLE = YES;
				IPHONEOS_DEPLOYMENT_TARGET = 4.3;
				OTHER_CFLAGS = "-DNS_BLOCK_ASSERTIONS=1";
				SDKROOT = iphoneos;
				TARGETED_DEVICE_FAMILY = 2;
			};
			name = Release;
		};
		A9250174134385BF001759F5 /* Debug */ = {
			isa = XCBuildConfiguration;
			buildSettings = {
				ALWAYS_SEARCH_USER_PATHS = NO;
				COPY_PHASE_STRIP = NO;
				GCC_DYNAMIC_NO_PIC = NO;
				GCC_PRECOMPILE_PREFIX_HEADER = YES;
				GCC_PREFIX_HEADER = "ipad/ipad-Prefix.pch";
				GCC_PREPROCESSOR_DEFINITIONS = (
					DEBUG_PLAYER_DEBUG_MESSAGE,
					DEBUG_PLAYER_NAVIGATION,
					DEBUG_PLAYBACK_QUEUE,
					DEBUG_PLAYBACK_NETWORK_CALL,
				);
				INFOPLIST_FILE = "ipad/ipad-Info.plist";
				PRODUCT_NAME = "$(TARGET_NAME)";
				WRAPPER_EXTENSION = app;
			};
			name = Debug;
		};
		A9250175134385BF001759F5 /* Release */ = {
			isa = XCBuildConfiguration;
			buildSettings = {
				ALWAYS_SEARCH_USER_PATHS = NO;
				COPY_PHASE_STRIP = YES;
				GCC_PRECOMPILE_PREFIX_HEADER = YES;
				GCC_PREFIX_HEADER = "ipad/ipad-Prefix.pch";
				INFOPLIST_FILE = "ipad/ipad-Info.plist";
				PRODUCT_NAME = "$(TARGET_NAME)";
				VALIDATE_PRODUCT = YES;
				WRAPPER_EXTENSION = app;
			};
			name = Release;
		};
		A9250177134385BF001759F5 /* Debug */ = {
			isa = XCBuildConfiguration;
			buildSettings = {
				ALWAYS_SEARCH_USER_PATHS = NO;
				ARCHS = "$(ARCHS_STANDARD_32_BIT)";
				BUNDLE_LOADER = "$(BUILT_PRODUCTS_DIR)/ipad.app/ipad";
				FRAMEWORK_SEARCH_PATHS = (
					"$(SDKROOT)/Developer/Library/Frameworks",
					"$(DEVELOPER_LIBRARY_DIR)/Frameworks",
				);
				GCC_PRECOMPILE_PREFIX_HEADER = YES;
				GCC_PREFIX_HEADER = "ipadTests/ipadTests-Prefix.pch";
				INFOPLIST_FILE = "ipadTests/ipadTests-Info.plist";
				OTHER_LDFLAGS = (
					"-framework",
					SenTestingKit,
				);
				PRODUCT_NAME = "$(TARGET_NAME)";
				TEST_HOST = "$(BUNDLE_LOADER)";
				WRAPPER_EXTENSION = octest;
			};
			name = Debug;
		};
		A9250178134385BF001759F5 /* Release */ = {
			isa = XCBuildConfiguration;
			buildSettings = {
				ALWAYS_SEARCH_USER_PATHS = NO;
				ARCHS = "$(ARCHS_STANDARD_32_BIT)";
				BUNDLE_LOADER = "$(BUILT_PRODUCTS_DIR)/ipad.app/ipad";
				FRAMEWORK_SEARCH_PATHS = (
					"$(SDKROOT)/Developer/Library/Frameworks",
					"$(DEVELOPER_LIBRARY_DIR)/Frameworks",
				);
				GCC_PRECOMPILE_PREFIX_HEADER = YES;
				GCC_PREFIX_HEADER = "ipadTests/ipadTests-Prefix.pch";
				INFOPLIST_FILE = "ipadTests/ipadTests-Info.plist";
				OTHER_LDFLAGS = (
					"-framework",
					SenTestingKit,
				);
				PRODUCT_NAME = "$(TARGET_NAME)";
				TEST_HOST = "$(BUNDLE_LOADER)";
				WRAPPER_EXTENSION = octest;
			};
			name = Release;
		};
		A94D680F13A2ED33003FC68F /* Debug */ = {
			isa = XCBuildConfiguration;
			buildSettings = {
				ALWAYS_SEARCH_USER_PATHS = NO;
				ARCHS = "$(ARCHS_STANDARD_32_BIT)";
				FRAMEWORK_SEARCH_PATHS = (
					"$(SDKROOT)/Developer/Library/Frameworks",
					"$(DEVELOPER_LIBRARY_DIR)/Frameworks",
				);
				GCC_PRECOMPILE_PREFIX_HEADER = YES;
				GCC_PREFIX_HEADER = "TestVideoPlaybackModelController/TestVideoPlaybackModelController-Prefix.pch";
				GCC_PREPROCESSOR_DEFINITIONS = DEBUG;
				INFOPLIST_FILE = "TestVideoPlaybackModelController/TestVideoPlaybackModelController-Info.plist";
				OTHER_LDFLAGS = (
					"-framework",
					SenTestingKit,
				);
				PRODUCT_NAME = "$(TARGET_NAME)";
				WRAPPER_EXTENSION = octest;
			};
			name = Debug;
		};
		A94D681013A2ED33003FC68F /* Release */ = {
			isa = XCBuildConfiguration;
			buildSettings = {
				ALWAYS_SEARCH_USER_PATHS = NO;
				ARCHS = "$(ARCHS_STANDARD_32_BIT)";
				FRAMEWORK_SEARCH_PATHS = (
					"$(SDKROOT)/Developer/Library/Frameworks",
					"$(DEVELOPER_LIBRARY_DIR)/Frameworks",
				);
				GCC_PRECOMPILE_PREFIX_HEADER = YES;
				GCC_PREFIX_HEADER = "TestVideoPlaybackModelController/TestVideoPlaybackModelController-Prefix.pch";
				INFOPLIST_FILE = "TestVideoPlaybackModelController/TestVideoPlaybackModelController-Info.plist";
				OTHER_LDFLAGS = (
					"-framework",
					SenTestingKit,
				);
				PRODUCT_NAME = "$(TARGET_NAME)";
				WRAPPER_EXTENSION = octest;
			};
			name = Release;
		};
		A94D681113A2ED33003FC68F /* Ad Hoc */ = {
			isa = XCBuildConfiguration;
			buildSettings = {
				ALWAYS_SEARCH_USER_PATHS = NO;
				ARCHS = "$(ARCHS_STANDARD_32_BIT)";
				FRAMEWORK_SEARCH_PATHS = (
					"$(SDKROOT)/Developer/Library/Frameworks",
					"$(DEVELOPER_LIBRARY_DIR)/Frameworks",
				);
				GCC_PRECOMPILE_PREFIX_HEADER = YES;
				GCC_PREFIX_HEADER = "TestVideoPlaybackModelController/TestVideoPlaybackModelController-Prefix.pch";
				INFOPLIST_FILE = "TestVideoPlaybackModelController/TestVideoPlaybackModelController-Info.plist";
				OTHER_LDFLAGS = (
					"-framework",
					SenTestingKit,
				);
				PRODUCT_NAME = "$(TARGET_NAME)";
				WRAPPER_EXTENSION = octest;
			};
			name = "Ad Hoc";
		};
/* End XCBuildConfiguration section */

/* Begin XCConfigurationList section */
		A9250136134385BF001759F5 /* Build configuration list for PBXProject "ipad" */ = {
			isa = XCConfigurationList;
			buildConfigurations = (
				A9250171134385BF001759F5 /* Debug */,
				A9250172134385BF001759F5 /* Release */,
				A901A9A4134B7D47006F2EED /* Ad Hoc */,
			);
			defaultConfigurationIsVisible = 0;
			defaultConfigurationName = Release;
		};
		A9250173134385BF001759F5 /* Build configuration list for PBXNativeTarget "ipad" */ = {
			isa = XCConfigurationList;
			buildConfigurations = (
				A9250174134385BF001759F5 /* Debug */,
				A9250175134385BF001759F5 /* Release */,
				A901A9A5134B7D47006F2EED /* Ad Hoc */,
			);
			defaultConfigurationIsVisible = 0;
			defaultConfigurationName = Release;
		};
		A9250176134385BF001759F5 /* Build configuration list for PBXNativeTarget "ipadTests" */ = {
			isa = XCConfigurationList;
			buildConfigurations = (
				A9250177134385BF001759F5 /* Debug */,
				A9250178134385BF001759F5 /* Release */,
				A901A9A6134B7D47006F2EED /* Ad Hoc */,
			);
			defaultConfigurationIsVisible = 0;
			defaultConfigurationName = Release;
		};
		A94D680E13A2ED33003FC68F /* Build configuration list for PBXNativeTarget "TestVideoPlaybackModelController" */ = {
			isa = XCConfigurationList;
			buildConfigurations = (
				A94D680F13A2ED33003FC68F /* Debug */,
				A94D681013A2ED33003FC68F /* Release */,
				A94D681113A2ED33003FC68F /* Ad Hoc */,
			);
			defaultConfigurationIsVisible = 0;
			defaultConfigurationName = Release;
		};
/* End XCConfigurationList section */
	};
	rootObject = A9250133134385BF001759F5 /* Project object */;
}
