// !$*UTF8*$!
{
	archiveVersion = 1;
	classes = {
	};
	objectVersion = 45;
	objects = {

/* Begin PBXBuildFile section */
		1D3623260D0F684500981E51 /* NowmovAppDelegate.m in Sources */ = {isa = PBXBuildFile; fileRef = 1D3623250D0F684500981E51 /* NowmovAppDelegate.m */; };
		1D60589B0D05DD56006BFB54 /* main.m in Sources */ = {isa = PBXBuildFile; fileRef = 29B97316FDCFA39411CA2CEA /* main.m */; };
		1D60589F0D05DD5A006BFB54 /* Foundation.framework in Frameworks */ = {isa = PBXBuildFile; fileRef = 1D30AB110D05D00D00671497 /* Foundation.framework */; };
		1DF5F4E00D08C38300B7A737 /* UIKit.framework in Frameworks */ = {isa = PBXBuildFile; fileRef = 1DF5F4DF0D08C38300B7A737 /* UIKit.framework */; };
		288765A50DF7441C002DB57D /* CoreGraphics.framework in Frameworks */ = {isa = PBXBuildFile; fileRef = 288765A40DF7441C002DB57D /* CoreGraphics.framework */; };
		28AD733F0D9D9553002E5188 /* MainWindow.xib in Resources */ = {isa = PBXBuildFile; fileRef = 28AD733E0D9D9553002E5188 /* MainWindow.xib */; };
		A904C7BB131F8E2200925F61 /* ChannelViewController.m in Sources */ = {isa = PBXBuildFile; fileRef = A904C7BA131F8E2200925F61 /* ChannelViewController.m */; };
		A904C7BD131F8E3400925F61 /* ChannelViewController.xib in Resources */ = {isa = PBXBuildFile; fileRef = A904C7BC131F8E3400925F61 /* ChannelViewController.xib */; };
		A904C7C1131F8E6400925F61 /* VideoPlaybackViewController.m in Sources */ = {isa = PBXBuildFile; fileRef = A904C7BF131F8E6400925F61 /* VideoPlaybackViewController.m */; };
		A904C7C4131F8E8B00925F61 /* VideoPlaybackView.xib in Resources */ = {isa = PBXBuildFile; fileRef = A904C7C3131F8E8B00925F61 /* VideoPlaybackView.xib */; };
		A904C7D2131F93CC00925F61 /* JSONKit.m in Sources */ = {isa = PBXBuildFile; fileRef = A904C7D1131F93CC00925F61 /* JSONKit.m */; };
		A904C7EA132005F500925F61 /* NMNetworkController.m in Sources */ = {isa = PBXBuildFile; fileRef = A904C7E9132005F500925F61 /* NMNetworkController.m */; };
		A904C7EE13200AAA00925F61 /* NMTask.m in Sources */ = {isa = PBXBuildFile; fileRef = A904C7ED13200AAA00925F61 /* NMTask.m */; };
		A904C7F113200ADC00925F61 /* NMGetChannelsTask.m in Sources */ = {isa = PBXBuildFile; fileRef = A904C7F013200ADC00925F61 /* NMGetChannelsTask.m */; };
		A904C7F413200B0D00925F61 /* NMGetNextVideo.m in Sources */ = {isa = PBXBuildFile; fileRef = A904C7F313200B0D00925F61 /* NMGetNextVideo.m */; };
		A904C7F713200B5500925F61 /* NMGetVideoReasonTask.m in Sources */ = {isa = PBXBuildFile; fileRef = A904C7F613200B5500925F61 /* NMGetVideoReasonTask.m */; };
		A908F2C713221AD900F237FA /* NMDataController.m in Sources */ = {isa = PBXBuildFile; fileRef = A908F2C613221AD900F237FA /* NMDataController.m */; };
		A908F2E613221E4E00F237FA /* CoreData.framework in Frameworks */ = {isa = PBXBuildFile; fileRef = A908F2E513221E4E00F237FA /* CoreData.framework */; };
		A908F2F71322244900F237FA /* NMTaskQueueController.m in Sources */ = {isa = PBXBuildFile; fileRef = A908F2F61322244900F237FA /* NMTaskQueueController.m */; };
		A93666D61324D94C00E98DE3 /* NMGetChannelVideoListTask.m in Sources */ = {isa = PBXBuildFile; fileRef = A93666D51324D94C00E98DE3 /* NMGetChannelVideoListTask.m */; };
		A93667171324DF1900E98DE3 /* NMVideo.m in Sources */ = {isa = PBXBuildFile; fileRef = A93667141324DF1900E98DE3 /* NMVideo.m */; };
		A93667181324DF1900E98DE3 /* NMChannel.m in Sources */ = {isa = PBXBuildFile; fileRef = A93667161324DF1900E98DE3 /* NMChannel.m */; };
		A965A7391325749200C77699 /* NMGetVimeoDirectURLTask.m in Sources */ = {isa = PBXBuildFile; fileRef = A965A7361325749200C77699 /* NMGetVimeoDirectURLTask.m */; };
		A965A73A1325749200C77699 /* NMGetYouTubeDirectURLTask.m in Sources */ = {isa = PBXBuildFile; fileRef = A965A7381325749200C77699 /* NMGetYouTubeDirectURLTask.m */; };
		A965A7A013257A2200C77699 /* back_to_video.png in Resources */ = {isa = PBXBuildFile; fileRef = A965A79F13257A2200C77699 /* back_to_video.png */; };
		A965A7A213257BF500C77699 /* top_right_corner.png in Resources */ = {isa = PBXBuildFile; fileRef = A965A7A113257BF500C77699 /* top_right_corner.png */; };
		A965A7A6132587A500C77699 /* bottom_left_corner.png in Resources */ = {isa = PBXBuildFile; fileRef = A965A7A5132587A500C77699 /* bottom_left_corner.png */; };
		A965A7B113258B7300C77699 /* btn_explore_active.png in Resources */ = {isa = PBXBuildFile; fileRef = A965A7A713258B7300C77699 /* btn_explore_active.png */; };
		A965A7B213258B7300C77699 /* btn_explore.png in Resources */ = {isa = PBXBuildFile; fileRef = A965A7A813258B7300C77699 /* btn_explore.png */; };
		A965A7B313258B7300C77699 /* btn_heart.png in Resources */ = {isa = PBXBuildFile; fileRef = A965A7A913258B7300C77699 /* btn_heart.png */; };
		A965A7B413258B7300C77699 /* btn_info_active.png in Resources */ = {isa = PBXBuildFile; fileRef = A965A7AA13258B7300C77699 /* btn_info_active.png */; };
		A965A7B513258B7300C77699 /* btn_info.png in Resources */ = {isa = PBXBuildFile; fileRef = A965A7AB13258B7300C77699 /* btn_info.png */; };
		A965A7B613258B7300C77699 /* btn_play.png in Resources */ = {isa = PBXBuildFile; fileRef = A965A7AC13258B7300C77699 /* btn_play.png */; };
		A965A7B713258B7300C77699 /* btn_share_active.png in Resources */ = {isa = PBXBuildFile; fileRef = A965A7AD13258B7300C77699 /* btn_share_active.png */; };
		A965A7B813258B7300C77699 /* btn_share.png in Resources */ = {isa = PBXBuildFile; fileRef = A965A7AE13258B7300C77699 /* btn_share.png */; };
		A965A7B913258B7300C77699 /* btn_volume_active.png in Resources */ = {isa = PBXBuildFile; fileRef = A965A7AF13258B7300C77699 /* btn_volume_active.png */; };
		A965A7BA13258B7300C77699 /* btn_volume.png in Resources */ = {isa = PBXBuildFile; fileRef = A965A7B013258B7300C77699 /* btn_volume.png */; };
		A965A7C81325929800C77699 /* cntrl_next.png in Resources */ = {isa = PBXBuildFile; fileRef = A965A7C51325929800C77699 /* cntrl_next.png */; };
		A965A7C91325929800C77699 /* cntrl_prev.png in Resources */ = {isa = PBXBuildFile; fileRef = A965A7C61325929800C77699 /* cntrl_prev.png */; };
		A965A7CA1325929800C77699 /* playback_progress_background.png in Resources */ = {isa = PBXBuildFile; fileRef = A965A7C71325929800C77699 /* playback_progress_background.png */; };
		A96C095B13224E6D001A9E1D /* Nowmov.xcdatamodel in Sources */ = {isa = PBXBuildFile; fileRef = A908F338132224FD00F237FA /* Nowmov.xcdatamodel */; };
		A98271C31325712500BCA920 /* QuartzCore.framework in Frameworks */ = {isa = PBXBuildFile; fileRef = A98271C21325712500BCA920 /* QuartzCore.framework */; };
		A98271C71325713D00BCA920 /* AVFoundation.framework in Frameworks */ = {isa = PBXBuildFile; fileRef = A98271C61325713D00BCA920 /* AVFoundation.framework */; };
		A9DF4A5F1326175D00174C48 /* VideoTweetListViewController.m in Sources */ = {isa = PBXBuildFile; fileRef = A9DF4A5D1326175D00174C48 /* VideoTweetListViewController.m */; };
		A9DF4A641326179900174C48 /* VideoVolumeViewController.m in Sources */ = {isa = PBXBuildFile; fileRef = A9DF4A621326179900174C48 /* VideoVolumeViewController.m */; };
		A9DF4A681326180E00174C48 /* VideoTweetListView.xib in Resources */ = {isa = PBXBuildFile; fileRef = A9DF4A661326180E00174C48 /* VideoTweetListView.xib */; };
		A9DF4A691326180E00174C48 /* VideoVolumeView.xib in Resources */ = {isa = PBXBuildFile; fileRef = A9DF4A671326180E00174C48 /* VideoVolumeView.xib */; };
/* End PBXBuildFile section */

/* Begin PBXFileReference section */
		1D30AB110D05D00D00671497 /* Foundation.framework */ = {isa = PBXFileReference; lastKnownFileType = wrapper.framework; name = Foundation.framework; path = System/Library/Frameworks/Foundation.framework; sourceTree = SDKROOT; };
		1D3623240D0F684500981E51 /* NowmovAppDelegate.h */ = {isa = PBXFileReference; fileEncoding = 4; lastKnownFileType = sourcecode.c.h; path = NowmovAppDelegate.h; sourceTree = "<group>"; };
		1D3623250D0F684500981E51 /* NowmovAppDelegate.m */ = {isa = PBXFileReference; fileEncoding = 4; lastKnownFileType = sourcecode.c.objc; path = NowmovAppDelegate.m; sourceTree = "<group>"; };
		1D6058910D05DD3D006BFB54 /* Nowmov.app */ = {isa = PBXFileReference; explicitFileType = wrapper.application; includeInIndex = 0; path = Nowmov.app; sourceTree = BUILT_PRODUCTS_DIR; };
		1DF5F4DF0D08C38300B7A737 /* UIKit.framework */ = {isa = PBXFileReference; lastKnownFileType = wrapper.framework; name = UIKit.framework; path = System/Library/Frameworks/UIKit.framework; sourceTree = SDKROOT; };
		288765A40DF7441C002DB57D /* CoreGraphics.framework */ = {isa = PBXFileReference; lastKnownFileType = wrapper.framework; name = CoreGraphics.framework; path = System/Library/Frameworks/CoreGraphics.framework; sourceTree = SDKROOT; };
		28AD733E0D9D9553002E5188 /* MainWindow.xib */ = {isa = PBXFileReference; lastKnownFileType = file.xib; path = MainWindow.xib; sourceTree = "<group>"; };
		29B97316FDCFA39411CA2CEA /* main.m */ = {isa = PBXFileReference; fileEncoding = 4; lastKnownFileType = sourcecode.c.objc; path = main.m; sourceTree = "<group>"; };
		32CA4F630368D1EE00C91783 /* Nowmov_Prefix.pch */ = {isa = PBXFileReference; fileEncoding = 4; lastKnownFileType = sourcecode.c.h; path = Nowmov_Prefix.pch; sourceTree = "<group>"; };
		8D1107310486CEB800E47090 /* Nowmov-Info.plist */ = {isa = PBXFileReference; fileEncoding = 4; lastKnownFileType = text.plist.xml; path = "Nowmov-Info.plist"; plistStructureDefinitionIdentifier = "com.apple.xcode.plist.structure-definition.iphone.info-plist"; sourceTree = "<group>"; };
		A904C7B9131F8E2200925F61 /* ChannelViewController.h */ = {isa = PBXFileReference; fileEncoding = 4; lastKnownFileType = sourcecode.c.h; path = ChannelViewController.h; sourceTree = "<group>"; };
		A904C7BA131F8E2200925F61 /* ChannelViewController.m */ = {isa = PBXFileReference; fileEncoding = 4; lastKnownFileType = sourcecode.c.objc; path = ChannelViewController.m; sourceTree = "<group>"; };
		A904C7BC131F8E3400925F61 /* ChannelViewController.xib */ = {isa = PBXFileReference; lastKnownFileType = file.xib; path = ChannelViewController.xib; sourceTree = "<group>"; };
		A904C7BE131F8E6400925F61 /* VideoPlaybackViewController.h */ = {isa = PBXFileReference; fileEncoding = 4; lastKnownFileType = sourcecode.c.h; path = VideoPlaybackViewController.h; sourceTree = "<group>"; };
		A904C7BF131F8E6400925F61 /* VideoPlaybackViewController.m */ = {isa = PBXFileReference; fileEncoding = 4; lastKnownFileType = sourcecode.c.objc; path = VideoPlaybackViewController.m; sourceTree = "<group>"; };
		A904C7C3131F8E8B00925F61 /* VideoPlaybackView.xib */ = {isa = PBXFileReference; lastKnownFileType = file.xib; path = VideoPlaybackView.xib; sourceTree = "<group>"; };
		A904C7D1131F93CC00925F61 /* JSONKit.m */ = {isa = PBXFileReference; fileEncoding = 4; lastKnownFileType = sourcecode.c.objc; path = JSONKit.m; sourceTree = "<group>"; };
		A904C7D3131F93D800925F61 /* JSONKit.h */ = {isa = PBXFileReference; fileEncoding = 4; lastKnownFileType = sourcecode.c.h; path = JSONKit.h; sourceTree = "<group>"; };
		A904C7E8132005F500925F61 /* NMNetworkController.h */ = {isa = PBXFileReference; fileEncoding = 4; lastKnownFileType = sourcecode.c.h; path = NMNetworkController.h; sourceTree = "<group>"; };
		A904C7E9132005F500925F61 /* NMNetworkController.m */ = {isa = PBXFileReference; fileEncoding = 4; lastKnownFileType = sourcecode.c.objc; path = NMNetworkController.m; sourceTree = "<group>"; };
		A904C7EC13200AAA00925F61 /* NMTask.h */ = {isa = PBXFileReference; fileEncoding = 4; lastKnownFileType = sourcecode.c.h; path = NMTask.h; sourceTree = "<group>"; };
		A904C7ED13200AAA00925F61 /* NMTask.m */ = {isa = PBXFileReference; fileEncoding = 4; lastKnownFileType = sourcecode.c.objc; path = NMTask.m; sourceTree = "<group>"; };
		A904C7EF13200ADC00925F61 /* NMGetChannelsTask.h */ = {isa = PBXFileReference; fileEncoding = 4; lastKnownFileType = sourcecode.c.h; path = NMGetChannelsTask.h; sourceTree = "<group>"; };
		A904C7F013200ADC00925F61 /* NMGetChannelsTask.m */ = {isa = PBXFileReference; fileEncoding = 4; lastKnownFileType = sourcecode.c.objc; path = NMGetChannelsTask.m; sourceTree = "<group>"; };
		A904C7F213200B0D00925F61 /* NMGetNextVideo.h */ = {isa = PBXFileReference; fileEncoding = 4; lastKnownFileType = sourcecode.c.h; path = NMGetNextVideo.h; sourceTree = "<group>"; };
		A904C7F313200B0D00925F61 /* NMGetNextVideo.m */ = {isa = PBXFileReference; fileEncoding = 4; lastKnownFileType = sourcecode.c.objc; path = NMGetNextVideo.m; sourceTree = "<group>"; };
		A904C7F513200B5500925F61 /* NMGetVideoReasonTask.h */ = {isa = PBXFileReference; fileEncoding = 4; lastKnownFileType = sourcecode.c.h; path = NMGetVideoReasonTask.h; sourceTree = "<group>"; };
		A904C7F613200B5500925F61 /* NMGetVideoReasonTask.m */ = {isa = PBXFileReference; fileEncoding = 4; lastKnownFileType = sourcecode.c.objc; path = NMGetVideoReasonTask.m; sourceTree = "<group>"; };
		A904C81F13200DD000925F61 /* NMTaskType.h */ = {isa = PBXFileReference; fileEncoding = 4; lastKnownFileType = sourcecode.c.h; path = NMTaskType.h; sourceTree = "<group>"; };
		A904C822132013E100925F61 /* NMDataType.h */ = {isa = PBXFileReference; fileEncoding = 4; lastKnownFileType = sourcecode.c.h; path = NMDataType.h; sourceTree = "<group>"; };
		A908F2C513221AD900F237FA /* NMDataController.h */ = {isa = PBXFileReference; fileEncoding = 4; lastKnownFileType = sourcecode.c.h; path = NMDataController.h; sourceTree = "<group>"; };
		A908F2C613221AD900F237FA /* NMDataController.m */ = {isa = PBXFileReference; fileEncoding = 4; lastKnownFileType = sourcecode.c.objc; path = NMDataController.m; sourceTree = "<group>"; };
		A908F2E513221E4E00F237FA /* CoreData.framework */ = {isa = PBXFileReference; lastKnownFileType = wrapper.framework; name = CoreData.framework; path = System/Library/Frameworks/CoreData.framework; sourceTree = SDKROOT; };
		A908F2F51322244900F237FA /* NMTaskQueueController.h */ = {isa = PBXFileReference; fileEncoding = 4; lastKnownFileType = sourcecode.c.h; path = NMTaskQueueController.h; sourceTree = "<group>"; };
		A908F2F61322244900F237FA /* NMTaskQueueController.m */ = {isa = PBXFileReference; fileEncoding = 4; lastKnownFileType = sourcecode.c.objc; path = NMTaskQueueController.m; sourceTree = "<group>"; };
		A908F338132224FD00F237FA /* Nowmov.xcdatamodel */ = {isa = PBXFileReference; fileEncoding = 4; lastKnownFileType = wrapper.xcdatamodel; path = Nowmov.xcdatamodel; sourceTree = "<group>"; };
		A92F3C2413224F82004234C1 /* NMLibrary.h */ = {isa = PBXFileReference; fileEncoding = 4; lastKnownFileType = sourcecode.c.h; path = NMLibrary.h; sourceTree = "<group>"; };
		A93666D41324D94C00E98DE3 /* NMGetChannelVideoListTask.h */ = {isa = PBXFileReference; fileEncoding = 4; lastKnownFileType = sourcecode.c.h; path = NMGetChannelVideoListTask.h; sourceTree = "<group>"; };
		A93666D51324D94C00E98DE3 /* NMGetChannelVideoListTask.m */ = {isa = PBXFileReference; fileEncoding = 4; lastKnownFileType = sourcecode.c.objc; path = NMGetChannelVideoListTask.m; sourceTree = "<group>"; };
		A93667131324DF1900E98DE3 /* NMVideo.h */ = {isa = PBXFileReference; fileEncoding = 4; lastKnownFileType = sourcecode.c.h; path = NMVideo.h; sourceTree = "<group>"; };
		A93667141324DF1900E98DE3 /* NMVideo.m */ = {isa = PBXFileReference; fileEncoding = 4; lastKnownFileType = sourcecode.c.objc; path = NMVideo.m; sourceTree = "<group>"; };
		A93667151324DF1900E98DE3 /* NMChannel.h */ = {isa = PBXFileReference; fileEncoding = 4; lastKnownFileType = sourcecode.c.h; path = NMChannel.h; sourceTree = "<group>"; };
		A93667161324DF1900E98DE3 /* NMChannel.m */ = {isa = PBXFileReference; fileEncoding = 4; lastKnownFileType = sourcecode.c.objc; path = NMChannel.m; sourceTree = "<group>"; };
		A965A7351325749200C77699 /* NMGetVimeoDirectURLTask.h */ = {isa = PBXFileReference; fileEncoding = 4; lastKnownFileType = sourcecode.c.h; path = NMGetVimeoDirectURLTask.h; sourceTree = "<group>"; };
		A965A7361325749200C77699 /* NMGetVimeoDirectURLTask.m */ = {isa = PBXFileReference; fileEncoding = 4; lastKnownFileType = sourcecode.c.objc; path = NMGetVimeoDirectURLTask.m; sourceTree = "<group>"; };
		A965A7371325749200C77699 /* NMGetYouTubeDirectURLTask.h */ = {isa = PBXFileReference; fileEncoding = 4; lastKnownFileType = sourcecode.c.h; path = NMGetYouTubeDirectURLTask.h; sourceTree = "<group>"; };
		A965A7381325749200C77699 /* NMGetYouTubeDirectURLTask.m */ = {isa = PBXFileReference; fileEncoding = 4; lastKnownFileType = sourcecode.c.objc; path = NMGetYouTubeDirectURLTask.m; sourceTree = "<group>"; };
		A965A79F13257A2200C77699 /* back_to_video.png */ = {isa = PBXFileReference; lastKnownFileType = image.png; path = back_to_video.png; sourceTree = "<group>"; };
		A965A7A113257BF500C77699 /* top_right_corner.png */ = {isa = PBXFileReference; lastKnownFileType = image.png; path = top_right_corner.png; sourceTree = "<group>"; };
		A965A7A5132587A500C77699 /* bottom_left_corner.png */ = {isa = PBXFileReference; lastKnownFileType = image.png; path = bottom_left_corner.png; sourceTree = "<group>"; };
		A965A7A713258B7300C77699 /* btn_explore_active.png */ = {isa = PBXFileReference; lastKnownFileType = image.png; path = btn_explore_active.png; sourceTree = "<group>"; };
		A965A7A813258B7300C77699 /* btn_explore.png */ = {isa = PBXFileReference; lastKnownFileType = image.png; path = btn_explore.png; sourceTree = "<group>"; };
		A965A7A913258B7300C77699 /* btn_heart.png */ = {isa = PBXFileReference; lastKnownFileType = image.png; path = btn_heart.png; sourceTree = "<group>"; };
		A965A7AA13258B7300C77699 /* btn_info_active.png */ = {isa = PBXFileReference; lastKnownFileType = image.png; path = btn_info_active.png; sourceTree = "<group>"; };
		A965A7AB13258B7300C77699 /* btn_info.png */ = {isa = PBXFileReference; lastKnownFileType = image.png; path = btn_info.png; sourceTree = "<group>"; };
		A965A7AC13258B7300C77699 /* btn_play.png */ = {isa = PBXFileReference; lastKnownFileType = image.png; path = btn_play.png; sourceTree = "<group>"; };
		A965A7AD13258B7300C77699 /* btn_share_active.png */ = {isa = PBXFileReference; lastKnownFileType = image.png; path = btn_share_active.png; sourceTree = "<group>"; };
		A965A7AE13258B7300C77699 /* btn_share.png */ = {isa = PBXFileReference; lastKnownFileType = image.png; path = btn_share.png; sourceTree = "<group>"; };
		A965A7AF13258B7300C77699 /* btn_volume_active.png */ = {isa = PBXFileReference; lastKnownFileType = image.png; path = btn_volume_active.png; sourceTree = "<group>"; };
		A965A7B013258B7300C77699 /* btn_volume.png */ = {isa = PBXFileReference; lastKnownFileType = image.png; path = btn_volume.png; sourceTree = "<group>"; };
		A965A7C51325929800C77699 /* cntrl_next.png */ = {isa = PBXFileReference; lastKnownFileType = image.png; path = cntrl_next.png; sourceTree = "<group>"; };
		A965A7C61325929800C77699 /* cntrl_prev.png */ = {isa = PBXFileReference; lastKnownFileType = image.png; path = cntrl_prev.png; sourceTree = "<group>"; };
		A965A7C71325929800C77699 /* playback_progress_background.png */ = {isa = PBXFileReference; lastKnownFileType = image.png; path = playback_progress_background.png; sourceTree = "<group>"; };
		A98271C21325712500BCA920 /* QuartzCore.framework */ = {isa = PBXFileReference; lastKnownFileType = wrapper.framework; name = QuartzCore.framework; path = System/Library/Frameworks/QuartzCore.framework; sourceTree = SDKROOT; };
		A98271C61325713D00BCA920 /* AVFoundation.framework */ = {isa = PBXFileReference; lastKnownFileType = wrapper.framework; name = AVFoundation.framework; path = System/Library/Frameworks/AVFoundation.framework; sourceTree = SDKROOT; };
		A9DF4A5C1326175D00174C48 /* VideoTweetListViewController.h */ = {isa = PBXFileReference; fileEncoding = 4; lastKnownFileType = sourcecode.c.h; path = VideoTweetListViewController.h; sourceTree = "<group>"; };
		A9DF4A5D1326175D00174C48 /* VideoTweetListViewController.m */ = {isa = PBXFileReference; fileEncoding = 4; lastKnownFileType = sourcecode.c.objc; path = VideoTweetListViewController.m; sourceTree = "<group>"; };
		A9DF4A611326179900174C48 /* VideoVolumeViewController.h */ = {isa = PBXFileReference; fileEncoding = 4; lastKnownFileType = sourcecode.c.h; path = VideoVolumeViewController.h; sourceTree = "<group>"; };
		A9DF4A621326179900174C48 /* VideoVolumeViewController.m */ = {isa = PBXFileReference; fileEncoding = 4; lastKnownFileType = sourcecode.c.objc; path = VideoVolumeViewController.m; sourceTree = "<group>"; };
		A9DF4A661326180E00174C48 /* VideoTweetListView.xib */ = {isa = PBXFileReference; lastKnownFileType = file.xib; path = VideoTweetListView.xib; sourceTree = "<group>"; };
		A9DF4A671326180E00174C48 /* VideoVolumeView.xib */ = {isa = PBXFileReference; lastKnownFileType = file.xib; path = VideoVolumeView.xib; sourceTree = "<group>"; };
/* End PBXFileReference section */

/* Begin PBXFrameworksBuildPhase section */
		1D60588F0D05DD3D006BFB54 /* Frameworks */ = {
			isa = PBXFrameworksBuildPhase;
			buildActionMask = 2147483647;
			files = (
				1D60589F0D05DD5A006BFB54 /* Foundation.framework in Frameworks */,
				1DF5F4E00D08C38300B7A737 /* UIKit.framework in Frameworks */,
				288765A50DF7441C002DB57D /* CoreGraphics.framework in Frameworks */,
				A908F2E613221E4E00F237FA /* CoreData.framework in Frameworks */,
				A98271C31325712500BCA920 /* QuartzCore.framework in Frameworks */,
				A98271C71325713D00BCA920 /* AVFoundation.framework in Frameworks */,
			);
			runOnlyForDeploymentPostprocessing = 0;
		};
/* End PBXFrameworksBuildPhase section */

/* Begin PBXGroup section */
		080E96DDFE201D6D7F000001 /* Classes */ = {
			isa = PBXGroup;
			children = (
				A904C7B9131F8E2200925F61 /* ChannelViewController.h */,
				A904C7BA131F8E2200925F61 /* ChannelViewController.m */,
				1D3623240D0F684500981E51 /* NowmovAppDelegate.h */,
				1D3623250D0F684500981E51 /* NowmovAppDelegate.m */,
				A904C7BE131F8E6400925F61 /* VideoPlaybackViewController.h */,
				A904C7BF131F8E6400925F61 /* VideoPlaybackViewController.m */,
				A9DF4A5C1326175D00174C48 /* VideoTweetListViewController.h */,
				A9DF4A5D1326175D00174C48 /* VideoTweetListViewController.m */,
				A9DF4A611326179900174C48 /* VideoVolumeViewController.h */,
				A9DF4A621326179900174C48 /* VideoVolumeViewController.m */,
			);
			path = Classes;
			sourceTree = "<group>";
		};
		19C28FACFE9D520D11CA2CBB /* Products */ = {
			isa = PBXGroup;
			children = (
				1D6058910D05DD3D006BFB54 /* Nowmov.app */,
			);
			name = Products;
			sourceTree = "<group>";
		};
		29B97314FDCFA39411CA2CEA /* CustomTemplate */ = {
			isa = PBXGroup;
			children = (
				A908F3371322249F00F237FA /* Models */,
				A904C7D0131F93BF00925F61 /* NMLibrary */,
				080E96DDFE201D6D7F000001 /* Classes */,
				29B97315FDCFA39411CA2CEA /* Other Sources */,
				29B97317FDCFA39411CA2CEA /* Resources */,
				29B97323FDCFA39411CA2CEA /* Frameworks */,
				19C28FACFE9D520D11CA2CBB /* Products */,
			);
			name = CustomTemplate;
			sourceTree = "<group>";
		};
		29B97315FDCFA39411CA2CEA /* Other Sources */ = {
			isa = PBXGroup;
			children = (
				32CA4F630368D1EE00C91783 /* Nowmov_Prefix.pch */,
				29B97316FDCFA39411CA2CEA /* main.m */,
			);
			name = "Other Sources";
			sourceTree = "<group>";
		};
		29B97317FDCFA39411CA2CEA /* Resources */ = {
			isa = PBXGroup;
			children = (
				A965A79E13257A1800C77699 /* Images */,
				28AD733E0D9D9553002E5188 /* MainWindow.xib */,
				A904C7BC131F8E3400925F61 /* ChannelViewController.xib */,
				A904C7C3131F8E8B00925F61 /* VideoPlaybackView.xib */,
				A9DF4A661326180E00174C48 /* VideoTweetListView.xib */,
				A9DF4A671326180E00174C48 /* VideoVolumeView.xib */,
				8D1107310486CEB800E47090 /* Nowmov-Info.plist */,
			);
			name = Resources;
			sourceTree = "<group>";
		};
		29B97323FDCFA39411CA2CEA /* Frameworks */ = {
			isa = PBXGroup;
			children = (
				1DF5F4DF0D08C38300B7A737 /* UIKit.framework */,
				1D30AB110D05D00D00671497 /* Foundation.framework */,
				288765A40DF7441C002DB57D /* CoreGraphics.framework */,
				A908F2E513221E4E00F237FA /* CoreData.framework */,
				A98271C21325712500BCA920 /* QuartzCore.framework */,
				A98271C61325713D00BCA920 /* AVFoundation.framework */,
			);
			name = Frameworks;
			sourceTree = "<group>";
		};
		A904C7D0131F93BF00925F61 /* NMLibrary */ = {
			isa = PBXGroup;
			children = (
				A904C7EB132008A200925F61 /* Tasks */,
				A904C822132013E100925F61 /* NMDataType.h */,
				A904C7D3131F93D800925F61 /* JSONKit.h */,
				A904C7D1131F93CC00925F61 /* JSONKit.m */,
				A904C7E8132005F500925F61 /* NMNetworkController.h */,
				A904C7E9132005F500925F61 /* NMNetworkController.m */,
				A908F2C513221AD900F237FA /* NMDataController.h */,
				A908F2C613221AD900F237FA /* NMDataController.m */,
				A908F2F51322244900F237FA /* NMTaskQueueController.h */,
				A908F2F61322244900F237FA /* NMTaskQueueController.m */,
				A92F3C2413224F82004234C1 /* NMLibrary.h */,
			);
			path = NMLibrary;
			sourceTree = "<group>";
		};
		A904C7EB132008A200925F61 /* Tasks */ = {
			isa = PBXGroup;
			children = (
				A965A7351325749200C77699 /* NMGetVimeoDirectURLTask.h */,
				A965A7361325749200C77699 /* NMGetVimeoDirectURLTask.m */,
				A965A7371325749200C77699 /* NMGetYouTubeDirectURLTask.h */,
				A965A7381325749200C77699 /* NMGetYouTubeDirectURLTask.m */,
				A93666D41324D94C00E98DE3 /* NMGetChannelVideoListTask.h */,
				A93666D51324D94C00E98DE3 /* NMGetChannelVideoListTask.m */,
				A904C7EC13200AAA00925F61 /* NMTask.h */,
				A904C7ED13200AAA00925F61 /* NMTask.m */,
				A904C7EF13200ADC00925F61 /* NMGetChannelsTask.h */,
				A904C7F013200ADC00925F61 /* NMGetChannelsTask.m */,
				A904C7F213200B0D00925F61 /* NMGetNextVideo.h */,
				A904C7F313200B0D00925F61 /* NMGetNextVideo.m */,
				A904C7F513200B5500925F61 /* NMGetVideoReasonTask.h */,
				A904C7F613200B5500925F61 /* NMGetVideoReasonTask.m */,
				A904C81F13200DD000925F61 /* NMTaskType.h */,
			);
			path = Tasks;
			sourceTree = "<group>";
		};
		A908F3371322249F00F237FA /* Models */ = {
			isa = PBXGroup;
			children = (
				A93667131324DF1900E98DE3 /* NMVideo.h */,
				A93667141324DF1900E98DE3 /* NMVideo.m */,
				A93667151324DF1900E98DE3 /* NMChannel.h */,
				A93667161324DF1900E98DE3 /* NMChannel.m */,
				A908F338132224FD00F237FA /* Nowmov.xcdatamodel */,
			);
			path = Models;
			sourceTree = "<group>";
		};
		A965A79E13257A1800C77699 /* Images */ = {
			isa = PBXGroup;
			children = (
				A965A7C51325929800C77699 /* cntrl_next.png */,
				A965A7C61325929800C77699 /* cntrl_prev.png */,
				A965A7C71325929800C77699 /* playback_progress_background.png */,
				A965A7A713258B7300C77699 /* btn_explore_active.png */,
				A965A7A813258B7300C77699 /* btn_explore.png */,
				A965A7A913258B7300C77699 /* btn_heart.png */,
				A965A7AA13258B7300C77699 /* btn_info_active.png */,
				A965A7AB13258B7300C77699 /* btn_info.png */,
				A965A7AC13258B7300C77699 /* btn_play.png */,
				A965A7AD13258B7300C77699 /* btn_share_active.png */,
				A965A7AE13258B7300C77699 /* btn_share.png */,
				A965A7AF13258B7300C77699 /* btn_volume_active.png */,
				A965A7B013258B7300C77699 /* btn_volume.png */,
				A965A79F13257A2200C77699 /* back_to_video.png */,
				A965A7A5132587A500C77699 /* bottom_left_corner.png */,
				A965A7A113257BF500C77699 /* top_right_corner.png */,
			);
			path = Images;
			sourceTree = "<group>";
		};
/* End PBXGroup section */

/* Begin PBXNativeTarget section */
		1D6058900D05DD3D006BFB54 /* Nowmov */ = {
			isa = PBXNativeTarget;
			buildConfigurationList = 1D6058960D05DD3E006BFB54 /* Build configuration list for PBXNativeTarget "Nowmov" */;
			buildPhases = (
				1D60588D0D05DD3D006BFB54 /* Resources */,
				1D60588E0D05DD3D006BFB54 /* Sources */,
				1D60588F0D05DD3D006BFB54 /* Frameworks */,
			);
			buildRules = (
			);
			dependencies = (
			);
			name = Nowmov;
			productName = Nowmov;
			productReference = 1D6058910D05DD3D006BFB54 /* Nowmov.app */;
			productType = "com.apple.product-type.application";
		};
/* End PBXNativeTarget section */

/* Begin PBXProject section */
		29B97313FDCFA39411CA2CEA /* Project object */ = {
			isa = PBXProject;
			buildConfigurationList = C01FCF4E08A954540054247B /* Build configuration list for PBXProject "Nowmov" */;
			compatibilityVersion = "Xcode 3.1";
			developmentRegion = English;
			hasScannedForEncodings = 1;
			knownRegions = (
				English,
				Japanese,
				French,
				German,
			);
			mainGroup = 29B97314FDCFA39411CA2CEA /* CustomTemplate */;
			projectDirPath = "";
			projectRoot = "";
			targets = (
				1D6058900D05DD3D006BFB54 /* Nowmov */,
			);
		};
/* End PBXProject section */

/* Begin PBXResourcesBuildPhase section */
		1D60588D0D05DD3D006BFB54 /* Resources */ = {
			isa = PBXResourcesBuildPhase;
			buildActionMask = 2147483647;
			files = (
				28AD733F0D9D9553002E5188 /* MainWindow.xib in Resources */,
				A904C7BD131F8E3400925F61 /* ChannelViewController.xib in Resources */,
				A904C7C4131F8E8B00925F61 /* VideoPlaybackView.xib in Resources */,
				A965A7A013257A2200C77699 /* back_to_video.png in Resources */,
				A965A7A213257BF500C77699 /* top_right_corner.png in Resources */,
				A965A7A6132587A500C77699 /* bottom_left_corner.png in Resources */,
				A965A7B113258B7300C77699 /* btn_explore_active.png in Resources */,
				A965A7B213258B7300C77699 /* btn_explore.png in Resources */,
				A965A7B313258B7300C77699 /* btn_heart.png in Resources */,
				A965A7B413258B7300C77699 /* btn_info_active.png in Resources */,
				A965A7B513258B7300C77699 /* btn_info.png in Resources */,
				A965A7B613258B7300C77699 /* btn_play.png in Resources */,
				A965A7B713258B7300C77699 /* btn_share_active.png in Resources */,
				A965A7B813258B7300C77699 /* btn_share.png in Resources */,
				A965A7B913258B7300C77699 /* btn_volume_active.png in Resources */,
				A965A7BA13258B7300C77699 /* btn_volume.png in Resources */,
				A965A7C81325929800C77699 /* cntrl_next.png in Resources */,
				A965A7C91325929800C77699 /* cntrl_prev.png in Resources */,
				A965A7CA1325929800C77699 /* playback_progress_background.png in Resources */,
				A9DF4A681326180E00174C48 /* VideoTweetListView.xib in Resources */,
				A9DF4A691326180E00174C48 /* VideoVolumeView.xib in Resources */,
			);
			runOnlyForDeploymentPostprocessing = 0;
		};
/* End PBXResourcesBuildPhase section */

/* Begin PBXSourcesBuildPhase section */
		1D60588E0D05DD3D006BFB54 /* Sources */ = {
			isa = PBXSourcesBuildPhase;
			buildActionMask = 2147483647;
			files = (
				A96C095B13224E6D001A9E1D /* Nowmov.xcdatamodel in Sources */,
				1D60589B0D05DD56006BFB54 /* main.m in Sources */,
				1D3623260D0F684500981E51 /* NowmovAppDelegate.m in Sources */,
				A904C7BB131F8E2200925F61 /* ChannelViewController.m in Sources */,
				A904C7C1131F8E6400925F61 /* VideoPlaybackViewController.m in Sources */,
				A904C7D2131F93CC00925F61 /* JSONKit.m in Sources */,
				A904C7EA132005F500925F61 /* NMNetworkController.m in Sources */,
				A904C7EE13200AAA00925F61 /* NMTask.m in Sources */,
				A904C7F113200ADC00925F61 /* NMGetChannelsTask.m in Sources */,
				A904C7F413200B0D00925F61 /* NMGetNextVideo.m in Sources */,
				A904C7F713200B5500925F61 /* NMGetVideoReasonTask.m in Sources */,
				A908F2C713221AD900F237FA /* NMDataController.m in Sources */,
				A908F2F71322244900F237FA /* NMTaskQueueController.m in Sources */,
				A93666D61324D94C00E98DE3 /* NMGetChannelVideoListTask.m in Sources */,
				A93667171324DF1900E98DE3 /* NMVideo.m in Sources */,
				A93667181324DF1900E98DE3 /* NMChannel.m in Sources */,
				A965A7391325749200C77699 /* NMGetVimeoDirectURLTask.m in Sources */,
				A965A73A1325749200C77699 /* NMGetYouTubeDirectURLTask.m in Sources */,
				A9DF4A5F1326175D00174C48 /* VideoTweetListViewController.m in Sources */,
				A9DF4A641326179900174C48 /* VideoVolumeViewController.m in Sources */,
			);
			runOnlyForDeploymentPostprocessing = 0;
		};
/* End PBXSourcesBuildPhase section */

/* Begin XCBuildConfiguration section */
		1D6058940D05DD3E006BFB54 /* Debug */ = {
			isa = XCBuildConfiguration;
			buildSettings = {
				ALWAYS_SEARCH_USER_PATHS = NO;
				COPY_PHASE_STRIP = NO;
				GCC_DYNAMIC_NO_PIC = NO;
				GCC_OPTIMIZATION_LEVEL = 0;
				GCC_PRECOMPILE_PREFIX_HEADER = YES;
				GCC_PREFIX_HEADER = Nowmov_Prefix.pch;
				GCC_PREPROCESSOR_DEFINITIONS = DEBUG_CONNECTION_CONTROLLER;
				INFOPLIST_FILE = "Nowmov-Info.plist";
				PRODUCT_NAME = Nowmov;
			};
			name = Debug;
		};
		1D6058950D05DD3E006BFB54 /* Release */ = {
			isa = XCBuildConfiguration;
			buildSettings = {
				ALWAYS_SEARCH_USER_PATHS = NO;
				COPY_PHASE_STRIP = YES;
				GCC_PRECOMPILE_PREFIX_HEADER = YES;
				GCC_PREFIX_HEADER = Nowmov_Prefix.pch;
				INFOPLIST_FILE = "Nowmov-Info.plist";
				PRODUCT_NAME = Nowmov;
				VALIDATE_PRODUCT = YES;
			};
			name = Release;
		};
		C01FCF4F08A954540054247B /* Debug */ = {
			isa = XCBuildConfiguration;
			buildSettings = {
				ARCHS = "$(ARCHS_UNIVERSAL_IPHONE_OS)";
				"CODE_SIGN_IDENTITY[sdk=iphoneos*]" = "iPhone Developer";
				GCC_C_LANGUAGE_STANDARD = c99;
				GCC_WARN_ABOUT_RETURN_TYPE = YES;
				GCC_WARN_UNUSED_VARIABLE = YES;
				PREBINDING = NO;
				SDKROOT = iphoneos;
				TARGETED_DEVICE_FAMILY = 2;
			};
			name = Debug;
		};
		C01FCF5008A954540054247B /* Release */ = {
			isa = XCBuildConfiguration;
			buildSettings = {
				ARCHS = "$(ARCHS_UNIVERSAL_IPHONE_OS)";
				"CODE_SIGN_IDENTITY[sdk=iphoneos*]" = "iPhone Developer";
				GCC_C_LANGUAGE_STANDARD = c99;
				GCC_WARN_ABOUT_RETURN_TYPE = YES;
				GCC_WARN_UNUSED_VARIABLE = YES;
				OTHER_CFLAGS = "-DNS_BLOCK_ASSERTIONS=1";
				PREBINDING = NO;
				SDKROOT = iphoneos;
				TARGETED_DEVICE_FAMILY = 2;
			};
			name = Release;
		};
/* End XCBuildConfiguration section */

/* Begin XCConfigurationList section */
		1D6058960D05DD3E006BFB54 /* Build configuration list for PBXNativeTarget "Nowmov" */ = {
			isa = XCConfigurationList;
			buildConfigurations = (
				1D6058940D05DD3E006BFB54 /* Debug */,
				1D6058950D05DD3E006BFB54 /* Release */,
			);
			defaultConfigurationIsVisible = 0;
			defaultConfigurationName = Release;
		};
		C01FCF4E08A954540054247B /* Build configuration list for PBXProject "Nowmov" */ = {
			isa = XCConfigurationList;
			buildConfigurations = (
				C01FCF4F08A954540054247B /* Debug */,
				C01FCF5008A954540054247B /* Release */,
			);
			defaultConfigurationIsVisible = 0;
			defaultConfigurationName = Release;
		};
/* End XCConfigurationList section */
	};
	rootObject = 29B97313FDCFA39411CA2CEA /* Project object */;
}
